// !$*UTF8*$!
{
	archiveVersion = 1;
	classes = {
	};
	objectVersion = 46;
	objects = {

/* Begin PBXBuildFile section */
		244AFA8F04C1883DB480CE01 /* Pods_CCLocalLibrary.framework in Frameworks */ = {isa = PBXBuildFile; fileRef = 1C424E92BD9104CE08216FD9 /* Pods_CCLocalLibrary.framework */; };
		377CACF61F0104D200AE46A8 /* NSArray+CCExtension.m in Sources */ = {isa = PBXBuildFile; fileRef = 377CAC8D1F0104D200AE46A8 /* NSArray+CCExtension.m */; };
		377CACF71F0104D200AE46A8 /* NSDate+CCExtension.m in Sources */ = {isa = PBXBuildFile; fileRef = 377CAC901F0104D200AE46A8 /* NSDate+CCExtension.m */; };
		377CACF81F0104D200AE46A8 /* NSDecimalNumber+CCExtension.m in Sources */ = {isa = PBXBuildFile; fileRef = 377CAC931F0104D200AE46A8 /* NSDecimalNumber+CCExtension.m */; };
		377CACF91F0104D200AE46A8 /* NSDictionary+CCExtension.m in Sources */ = {isa = PBXBuildFile; fileRef = 377CAC961F0104D200AE46A8 /* NSDictionary+CCExtension.m */; };
		377CACFA1F0104D200AE46A8 /* NSMutableArray+CCExtension.m in Sources */ = {isa = PBXBuildFile; fileRef = 377CAC991F0104D200AE46A8 /* NSMutableArray+CCExtension.m */; };
		377CACFB1F0104D200AE46A8 /* NSMutableAttributedString+CCExtension.m in Sources */ = {isa = PBXBuildFile; fileRef = 377CAC9C1F0104D200AE46A8 /* NSMutableAttributedString+CCExtension.m */; };
		377CACFC1F0104D200AE46A8 /* NSMutableDictionary+CCExtension.m in Sources */ = {isa = PBXBuildFile; fileRef = 377CAC9F1F0104D200AE46A8 /* NSMutableDictionary+CCExtension.m */; };
		377CACFD1F0104D200AE46A8 /* NSNumber+CCExtension.m in Sources */ = {isa = PBXBuildFile; fileRef = 377CACA21F0104D200AE46A8 /* NSNumber+CCExtension.m */; };
		377CACFE1F0104D200AE46A8 /* NSObject+CCExtension.m in Sources */ = {isa = PBXBuildFile; fileRef = 377CACA51F0104D200AE46A8 /* NSObject+CCExtension.m */; };
		377CACFF1F0104D200AE46A8 /* NSString+CCExtension.m in Sources */ = {isa = PBXBuildFile; fileRef = 377CACA81F0104D200AE46A8 /* NSString+CCExtension.m */; };
		377CAD001F0104D200AE46A8 /* MBProgressHUD+CCExtension.m in Sources */ = {isa = PBXBuildFile; fileRef = 377CACAC1F0104D200AE46A8 /* MBProgressHUD+CCExtension.m */; };
		377CAD011F0104D200AE46A8 /* UIAlertController+CCExtension.m in Sources */ = {isa = PBXBuildFile; fileRef = 377CACAF1F0104D200AE46A8 /* UIAlertController+CCExtension.m */; };
		377CAD021F0104D200AE46A8 /* UIBarButtonItem+CCExtension.m in Sources */ = {isa = PBXBuildFile; fileRef = 377CACB21F0104D200AE46A8 /* UIBarButtonItem+CCExtension.m */; };
		377CAD031F0104D200AE46A8 /* UIButton+CCExtension.m in Sources */ = {isa = PBXBuildFile; fileRef = 377CACB51F0104D200AE46A8 /* UIButton+CCExtension.m */; };
		377CAD041F0104D200AE46A8 /* UICollectionView+CCExtension.m in Sources */ = {isa = PBXBuildFile; fileRef = 377CACB81F0104D200AE46A8 /* UICollectionView+CCExtension.m */; };
		377CAD051F0104D200AE46A8 /* UIColor+CCExtension.m in Sources */ = {isa = PBXBuildFile; fileRef = 377CACBB1F0104D200AE46A8 /* UIColor+CCExtension.m */; };
		377CAD061F0104D200AE46A8 /* UIGestureRecognizer+CCExtension.m in Sources */ = {isa = PBXBuildFile; fileRef = 377CACBE1F0104D200AE46A8 /* UIGestureRecognizer+CCExtension.m */; };
		377CAD071F0104D200AE46A8 /* UITapGestureRecognizer+CCExtension.m in Sources */ = {isa = PBXBuildFile; fileRef = 377CACC01F0104D200AE46A8 /* UITapGestureRecognizer+CCExtension.m */; };
		377CAD081F0104D200AE46A8 /* UIImage+CCExtension.m in Sources */ = {isa = PBXBuildFile; fileRef = 377CACC31F0104D200AE46A8 /* UIImage+CCExtension.m */; };
		377CAD091F0104D200AE46A8 /* UIImagePickerController+CCExtension.m in Sources */ = {isa = PBXBuildFile; fileRef = 377CACC61F0104D200AE46A8 /* UIImagePickerController+CCExtension.m */; };
		377CAD0A1F0104D200AE46A8 /* UIImageView+CCExtension.m in Sources */ = {isa = PBXBuildFile; fileRef = 377CACC91F0104D200AE46A8 /* UIImageView+CCExtension.m */; };
		377CAD0B1F0104D200AE46A8 /* UILabel+CCExtension.m in Sources */ = {isa = PBXBuildFile; fileRef = 377CACCC1F0104D200AE46A8 /* UILabel+CCExtension.m */; };
		377CAD0C1F0104D200AE46A8 /* UINavigationItem+CCSpacing.m in Sources */ = {isa = PBXBuildFile; fileRef = 377CACCF1F0104D200AE46A8 /* UINavigationItem+CCSpacing.m */; };
		377CAD0D1F0104D200AE46A8 /* UIScrollView+CCExtension.m in Sources */ = {isa = PBXBuildFile; fileRef = 377CACD21F0104D200AE46A8 /* UIScrollView+CCExtension.m */; };
		377CAD0E1F0104D200AE46A8 /* UITableView+CCExtension.m in Sources */ = {isa = PBXBuildFile; fileRef = 377CACD51F0104D200AE46A8 /* UITableView+CCExtension.m */; };
		377CAD0F1F0104D200AE46A8 /* UITextField+CCExtension.m in Sources */ = {isa = PBXBuildFile; fileRef = 377CACD81F0104D200AE46A8 /* UITextField+CCExtension.m */; };
		377CAD101F0104D200AE46A8 /* UIView+CCExtension.m in Sources */ = {isa = PBXBuildFile; fileRef = 377CACDB1F0104D200AE46A8 /* UIView+CCExtension.m */; };
		377CAD111F0104D200AE46A8 /* UIViewController+CCExtension.m in Sources */ = {isa = PBXBuildFile; fileRef = 377CACDE1F0104D200AE46A8 /* UIViewController+CCExtension.m */; };
		377CAD121F0104D200AE46A8 /* WKWebView+CCExtension.m in Sources */ = {isa = PBXBuildFile; fileRef = 377CACE11F0104D200AE46A8 /* WKWebView+CCExtension.m */; };
		377CAD131F0104D200AE46A8 /* CCCommonTools.m in Sources */ = {isa = PBXBuildFile; fileRef = 377CACE61F0104D200AE46A8 /* CCCommonTools.m */; };
		377CAD141F0104D200AE46A8 /* CCNetworkMoniter.m in Sources */ = {isa = PBXBuildFile; fileRef = 377CACEB1F0104D200AE46A8 /* CCNetworkMoniter.m */; };
		377CAD151F0104D200AE46A8 /* CCCustomFooter.m in Sources */ = {isa = PBXBuildFile; fileRef = 377CACEF1F0104D200AE46A8 /* CCCustomFooter.m */; };
		377CAD161F0104D200AE46A8 /* CCCustomHeader.m in Sources */ = {isa = PBXBuildFile; fileRef = 377CACF11F0104D200AE46A8 /* CCCustomHeader.m */; };
		377CAD171F0104D200AE46A8 /* UIImageView+CCWeakNetwork.m in Sources */ = {isa = PBXBuildFile; fileRef = 377CACF41F0104D200AE46A8 /* UIImageView+CCWeakNetwork.m */; };
		377CAD181F0104D200AE46A8 /* LocalLib.podspec in Resources */ = {isa = PBXBuildFile; fileRef = 377CACF51F0104D200AE46A8 /* LocalLib.podspec */; };
		377CAD1A1F0105E800AE46A8 /* 0ZG63407-0.png in Resources */ = {isa = PBXBuildFile; fileRef = 377CAD191F0105E800AE46A8 /* 0ZG63407-0.png */; };
		37C69E1A1ED6684D00531ED3 /* main.m in Sources */ = {isa = PBXBuildFile; fileRef = 37C69E191ED6684D00531ED3 /* main.m */; };
		37C69E1D1ED6684D00531ED3 /* AppDelegate.m in Sources */ = {isa = PBXBuildFile; fileRef = 37C69E1C1ED6684D00531ED3 /* AppDelegate.m */; };
		37C69E201ED6684D00531ED3 /* ViewController.m in Sources */ = {isa = PBXBuildFile; fileRef = 37C69E1F1ED6684D00531ED3 /* ViewController.m */; };
		37C69E231ED6684D00531ED3 /* Main.storyboard in Resources */ = {isa = PBXBuildFile; fileRef = 37C69E211ED6684D00531ED3 /* Main.storyboard */; };
		37C69E251ED6684D00531ED3 /* Assets.xcassets in Resources */ = {isa = PBXBuildFile; fileRef = 37C69E241ED6684D00531ED3 /* Assets.xcassets */; };
		37C69E281ED6684D00531ED3 /* LaunchScreen.storyboard in Resources */ = {isa = PBXBuildFile; fileRef = 37C69E261ED6684D00531ED3 /* LaunchScreen.storyboard */; };
/* End PBXBuildFile section */

/* Begin PBXFileReference section */
		06F3945F3B247350FA607CEF /* Pods-CCLocalLibrary.release.xcconfig */ = {isa = PBXFileReference; includeInIndex = 1; lastKnownFileType = text.xcconfig; name = "Pods-CCLocalLibrary.release.xcconfig"; path = "Pods/Target Support Files/Pods-CCLocalLibrary/Pods-CCLocalLibrary.release.xcconfig"; sourceTree = "<group>"; };
		1C424E92BD9104CE08216FD9 /* Pods_CCLocalLibrary.framework */ = {isa = PBXFileReference; explicitFileType = wrapper.framework; includeInIndex = 0; path = Pods_CCLocalLibrary.framework; sourceTree = BUILT_PRODUCTS_DIR; };
		377CAC8C1F0104D200AE46A8 /* NSArray+CCExtension.h */ = {isa = PBXFileReference; fileEncoding = 4; lastKnownFileType = sourcecode.c.h; path = "NSArray+CCExtension.h"; sourceTree = "<group>"; };
		377CAC8D1F0104D200AE46A8 /* NSArray+CCExtension.m */ = {isa = PBXFileReference; fileEncoding = 4; lastKnownFileType = sourcecode.c.objc; path = "NSArray+CCExtension.m"; sourceTree = "<group>"; };
		377CAC8F1F0104D200AE46A8 /* NSDate+CCExtension.h */ = {isa = PBXFileReference; fileEncoding = 4; lastKnownFileType = sourcecode.c.h; path = "NSDate+CCExtension.h"; sourceTree = "<group>"; };
		377CAC901F0104D200AE46A8 /* NSDate+CCExtension.m */ = {isa = PBXFileReference; fileEncoding = 4; lastKnownFileType = sourcecode.c.objc; path = "NSDate+CCExtension.m"; sourceTree = "<group>"; };
		377CAC921F0104D200AE46A8 /* NSDecimalNumber+CCExtension.h */ = {isa = PBXFileReference; fileEncoding = 4; lastKnownFileType = sourcecode.c.h; path = "NSDecimalNumber+CCExtension.h"; sourceTree = "<group>"; };
		377CAC931F0104D200AE46A8 /* NSDecimalNumber+CCExtension.m */ = {isa = PBXFileReference; fileEncoding = 4; lastKnownFileType = sourcecode.c.objc; path = "NSDecimalNumber+CCExtension.m"; sourceTree = "<group>"; };
		377CAC951F0104D200AE46A8 /* NSDictionary+CCExtension.h */ = {isa = PBXFileReference; fileEncoding = 4; lastKnownFileType = sourcecode.c.h; path = "NSDictionary+CCExtension.h"; sourceTree = "<group>"; };
		377CAC961F0104D200AE46A8 /* NSDictionary+CCExtension.m */ = {isa = PBXFileReference; fileEncoding = 4; lastKnownFileType = sourcecode.c.objc; path = "NSDictionary+CCExtension.m"; sourceTree = "<group>"; };
		377CAC981F0104D200AE46A8 /* NSMutableArray+CCExtension.h */ = {isa = PBXFileReference; fileEncoding = 4; lastKnownFileType = sourcecode.c.h; path = "NSMutableArray+CCExtension.h"; sourceTree = "<group>"; };
		377CAC991F0104D200AE46A8 /* NSMutableArray+CCExtension.m */ = {isa = PBXFileReference; fileEncoding = 4; lastKnownFileType = sourcecode.c.objc; path = "NSMutableArray+CCExtension.m"; sourceTree = "<group>"; };
		377CAC9B1F0104D200AE46A8 /* NSMutableAttributedString+CCExtension.h */ = {isa = PBXFileReference; fileEncoding = 4; lastKnownFileType = sourcecode.c.h; path = "NSMutableAttributedString+CCExtension.h"; sourceTree = "<group>"; };
		377CAC9C1F0104D200AE46A8 /* NSMutableAttributedString+CCExtension.m */ = {isa = PBXFileReference; fileEncoding = 4; lastKnownFileType = sourcecode.c.objc; path = "NSMutableAttributedString+CCExtension.m"; sourceTree = "<group>"; };
		377CAC9E1F0104D200AE46A8 /* NSMutableDictionary+CCExtension.h */ = {isa = PBXFileReference; fileEncoding = 4; lastKnownFileType = sourcecode.c.h; path = "NSMutableDictionary+CCExtension.h"; sourceTree = "<group>"; };
		377CAC9F1F0104D200AE46A8 /* NSMutableDictionary+CCExtension.m */ = {isa = PBXFileReference; fileEncoding = 4; lastKnownFileType = sourcecode.c.objc; path = "NSMutableDictionary+CCExtension.m"; sourceTree = "<group>"; };
		377CACA11F0104D200AE46A8 /* NSNumber+CCExtension.h */ = {isa = PBXFileReference; fileEncoding = 4; lastKnownFileType = sourcecode.c.h; path = "NSNumber+CCExtension.h"; sourceTree = "<group>"; };
		377CACA21F0104D200AE46A8 /* NSNumber+CCExtension.m */ = {isa = PBXFileReference; fileEncoding = 4; lastKnownFileType = sourcecode.c.objc; path = "NSNumber+CCExtension.m"; sourceTree = "<group>"; };
		377CACA41F0104D200AE46A8 /* NSObject+CCExtension.h */ = {isa = PBXFileReference; fileEncoding = 4; lastKnownFileType = sourcecode.c.h; path = "NSObject+CCExtension.h"; sourceTree = "<group>"; };
		377CACA51F0104D200AE46A8 /* NSObject+CCExtension.m */ = {isa = PBXFileReference; fileEncoding = 4; lastKnownFileType = sourcecode.c.objc; path = "NSObject+CCExtension.m"; sourceTree = "<group>"; };
		377CACA71F0104D200AE46A8 /* NSString+CCExtension.h */ = {isa = PBXFileReference; fileEncoding = 4; lastKnownFileType = sourcecode.c.h; path = "NSString+CCExtension.h"; sourceTree = "<group>"; };
		377CACA81F0104D200AE46A8 /* NSString+CCExtension.m */ = {isa = PBXFileReference; fileEncoding = 4; lastKnownFileType = sourcecode.c.objc; path = "NSString+CCExtension.m"; sourceTree = "<group>"; };
		377CACAB1F0104D200AE46A8 /* MBProgressHUD+CCExtension.h */ = {isa = PBXFileReference; fileEncoding = 4; lastKnownFileType = sourcecode.c.h; path = "MBProgressHUD+CCExtension.h"; sourceTree = "<group>"; };
		377CACAC1F0104D200AE46A8 /* MBProgressHUD+CCExtension.m */ = {isa = PBXFileReference; fileEncoding = 4; lastKnownFileType = sourcecode.c.objc; path = "MBProgressHUD+CCExtension.m"; sourceTree = "<group>"; };
		377CACAE1F0104D200AE46A8 /* UIAlertController+CCExtension.h */ = {isa = PBXFileReference; fileEncoding = 4; lastKnownFileType = sourcecode.c.h; path = "UIAlertController+CCExtension.h"; sourceTree = "<group>"; };
		377CACAF1F0104D200AE46A8 /* UIAlertController+CCExtension.m */ = {isa = PBXFileReference; fileEncoding = 4; lastKnownFileType = sourcecode.c.objc; path = "UIAlertController+CCExtension.m"; sourceTree = "<group>"; };
		377CACB11F0104D200AE46A8 /* UIBarButtonItem+CCExtension.h */ = {isa = PBXFileReference; fileEncoding = 4; lastKnownFileType = sourcecode.c.h; path = "UIBarButtonItem+CCExtension.h"; sourceTree = "<group>"; };
		377CACB21F0104D200AE46A8 /* UIBarButtonItem+CCExtension.m */ = {isa = PBXFileReference; fileEncoding = 4; lastKnownFileType = sourcecode.c.objc; path = "UIBarButtonItem+CCExtension.m"; sourceTree = "<group>"; };
		377CACB41F0104D200AE46A8 /* UIButton+CCExtension.h */ = {isa = PBXFileReference; fileEncoding = 4; lastKnownFileType = sourcecode.c.h; path = "UIButton+CCExtension.h"; sourceTree = "<group>"; };
		377CACB51F0104D200AE46A8 /* UIButton+CCExtension.m */ = {isa = PBXFileReference; fileEncoding = 4; lastKnownFileType = sourcecode.c.objc; path = "UIButton+CCExtension.m"; sourceTree = "<group>"; };
		377CACB71F0104D200AE46A8 /* UICollectionView+CCExtension.h */ = {isa = PBXFileReference; fileEncoding = 4; lastKnownFileType = sourcecode.c.h; path = "UICollectionView+CCExtension.h"; sourceTree = "<group>"; };
		377CACB81F0104D200AE46A8 /* UICollectionView+CCExtension.m */ = {isa = PBXFileReference; fileEncoding = 4; lastKnownFileType = sourcecode.c.objc; path = "UICollectionView+CCExtension.m"; sourceTree = "<group>"; };
		377CACBA1F0104D200AE46A8 /* UIColor+CCExtension.h */ = {isa = PBXFileReference; fileEncoding = 4; lastKnownFileType = sourcecode.c.h; path = "UIColor+CCExtension.h"; sourceTree = "<group>"; };
		377CACBB1F0104D200AE46A8 /* UIColor+CCExtension.m */ = {isa = PBXFileReference; fileEncoding = 4; lastKnownFileType = sourcecode.c.objc; path = "UIColor+CCExtension.m"; sourceTree = "<group>"; };
		377CACBD1F0104D200AE46A8 /* UIGestureRecognizer+CCExtension.h */ = {isa = PBXFileReference; fileEncoding = 4; lastKnownFileType = sourcecode.c.h; path = "UIGestureRecognizer+CCExtension.h"; sourceTree = "<group>"; };
		377CACBE1F0104D200AE46A8 /* UIGestureRecognizer+CCExtension.m */ = {isa = PBXFileReference; fileEncoding = 4; lastKnownFileType = sourcecode.c.objc; path = "UIGestureRecognizer+CCExtension.m"; sourceTree = "<group>"; };
		377CACBF1F0104D200AE46A8 /* UITapGestureRecognizer+CCExtension.h */ = {isa = PBXFileReference; fileEncoding = 4; lastKnownFileType = sourcecode.c.h; path = "UITapGestureRecognizer+CCExtension.h"; sourceTree = "<group>"; };
		377CACC01F0104D200AE46A8 /* UITapGestureRecognizer+CCExtension.m */ = {isa = PBXFileReference; fileEncoding = 4; lastKnownFileType = sourcecode.c.objc; path = "UITapGestureRecognizer+CCExtension.m"; sourceTree = "<group>"; };
		377CACC21F0104D200AE46A8 /* UIImage+CCExtension.h */ = {isa = PBXFileReference; fileEncoding = 4; lastKnownFileType = sourcecode.c.h; path = "UIImage+CCExtension.h"; sourceTree = "<group>"; };
		377CACC31F0104D200AE46A8 /* UIImage+CCExtension.m */ = {isa = PBXFileReference; fileEncoding = 4; lastKnownFileType = sourcecode.c.objc; path = "UIImage+CCExtension.m"; sourceTree = "<group>"; };
		377CACC51F0104D200AE46A8 /* UIImagePickerController+CCExtension.h */ = {isa = PBXFileReference; fileEncoding = 4; lastKnownFileType = sourcecode.c.h; path = "UIImagePickerController+CCExtension.h"; sourceTree = "<group>"; };
		377CACC61F0104D200AE46A8 /* UIImagePickerController+CCExtension.m */ = {isa = PBXFileReference; fileEncoding = 4; lastKnownFileType = sourcecode.c.objc; path = "UIImagePickerController+CCExtension.m"; sourceTree = "<group>"; };
		377CACC81F0104D200AE46A8 /* UIImageView+CCExtension.h */ = {isa = PBXFileReference; fileEncoding = 4; lastKnownFileType = sourcecode.c.h; path = "UIImageView+CCExtension.h"; sourceTree = "<group>"; };
		377CACC91F0104D200AE46A8 /* UIImageView+CCExtension.m */ = {isa = PBXFileReference; fileEncoding = 4; lastKnownFileType = sourcecode.c.objc; path = "UIImageView+CCExtension.m"; sourceTree = "<group>"; };
		377CACCB1F0104D200AE46A8 /* UILabel+CCExtension.h */ = {isa = PBXFileReference; fileEncoding = 4; lastKnownFileType = sourcecode.c.h; path = "UILabel+CCExtension.h"; sourceTree = "<group>"; };
		377CACCC1F0104D200AE46A8 /* UILabel+CCExtension.m */ = {isa = PBXFileReference; fileEncoding = 4; lastKnownFileType = sourcecode.c.objc; path = "UILabel+CCExtension.m"; sourceTree = "<group>"; };
		377CACCE1F0104D200AE46A8 /* UINavigationItem+CCSpacing.h */ = {isa = PBXFileReference; fileEncoding = 4; lastKnownFileType = sourcecode.c.h; path = "UINavigationItem+CCSpacing.h"; sourceTree = "<group>"; };
		377CACCF1F0104D200AE46A8 /* UINavigationItem+CCSpacing.m */ = {isa = PBXFileReference; fileEncoding = 4; lastKnownFileType = sourcecode.c.objc; path = "UINavigationItem+CCSpacing.m"; sourceTree = "<group>"; };
		377CACD11F0104D200AE46A8 /* UIScrollView+CCExtension.h */ = {isa = PBXFileReference; fileEncoding = 4; lastKnownFileType = sourcecode.c.h; path = "UIScrollView+CCExtension.h"; sourceTree = "<group>"; };
		377CACD21F0104D200AE46A8 /* UIScrollView+CCExtension.m */ = {isa = PBXFileReference; fileEncoding = 4; lastKnownFileType = sourcecode.c.objc; path = "UIScrollView+CCExtension.m"; sourceTree = "<group>"; };
		377CACD41F0104D200AE46A8 /* UITableView+CCExtension.h */ = {isa = PBXFileReference; fileEncoding = 4; lastKnownFileType = sourcecode.c.h; path = "UITableView+CCExtension.h"; sourceTree = "<group>"; };
		377CACD51F0104D200AE46A8 /* UITableView+CCExtension.m */ = {isa = PBXFileReference; fileEncoding = 4; lastKnownFileType = sourcecode.c.objc; path = "UITableView+CCExtension.m"; sourceTree = "<group>"; };
		377CACD71F0104D200AE46A8 /* UITextField+CCExtension.h */ = {isa = PBXFileReference; fileEncoding = 4; lastKnownFileType = sourcecode.c.h; path = "UITextField+CCExtension.h"; sourceTree = "<group>"; };
		377CACD81F0104D200AE46A8 /* UITextField+CCExtension.m */ = {isa = PBXFileReference; fileEncoding = 4; lastKnownFileType = sourcecode.c.objc; path = "UITextField+CCExtension.m"; sourceTree = "<group>"; };
		377CACDA1F0104D200AE46A8 /* UIView+CCExtension.h */ = {isa = PBXFileReference; fileEncoding = 4; lastKnownFileType = sourcecode.c.h; path = "UIView+CCExtension.h"; sourceTree = "<group>"; };
		377CACDB1F0104D200AE46A8 /* UIView+CCExtension.m */ = {isa = PBXFileReference; fileEncoding = 4; lastKnownFileType = sourcecode.c.objc; path = "UIView+CCExtension.m"; sourceTree = "<group>"; };
		377CACDD1F0104D200AE46A8 /* UIViewController+CCExtension.h */ = {isa = PBXFileReference; fileEncoding = 4; lastKnownFileType = sourcecode.c.h; path = "UIViewController+CCExtension.h"; sourceTree = "<group>"; };
		377CACDE1F0104D200AE46A8 /* UIViewController+CCExtension.m */ = {isa = PBXFileReference; fileEncoding = 4; lastKnownFileType = sourcecode.c.objc; path = "UIViewController+CCExtension.m"; sourceTree = "<group>"; };
		377CACE01F0104D200AE46A8 /* WKWebView+CCExtension.h */ = {isa = PBXFileReference; fileEncoding = 4; lastKnownFileType = sourcecode.c.h; path = "WKWebView+CCExtension.h"; sourceTree = "<group>"; };
		377CACE11F0104D200AE46A8 /* WKWebView+CCExtension.m */ = {isa = PBXFileReference; fileEncoding = 4; lastKnownFileType = sourcecode.c.objc; path = "WKWebView+CCExtension.m"; sourceTree = "<group>"; };
		377CACE31F0104D200AE46A8 /* CCCommonDataTools.h */ = {isa = PBXFileReference; fileEncoding = 4; lastKnownFileType = sourcecode.c.h; path = CCCommonDataTools.h; sourceTree = "<group>"; };
		377CACE41F0104D200AE46A8 /* CCCommonDefine.h */ = {isa = PBXFileReference; fileEncoding = 4; lastKnownFileType = sourcecode.c.h; path = CCCommonDefine.h; sourceTree = "<group>"; };
		377CACE51F0104D200AE46A8 /* CCCommonTools.h */ = {isa = PBXFileReference; fileEncoding = 4; lastKnownFileType = sourcecode.c.h; path = CCCommonTools.h; sourceTree = "<group>"; };
		377CACE61F0104D200AE46A8 /* CCCommonTools.m */ = {isa = PBXFileReference; fileEncoding = 4; lastKnownFileType = sourcecode.c.objc; path = CCCommonTools.m; sourceTree = "<group>"; };
		377CACE71F0104D200AE46A8 /* CCCommonViewTools.h */ = {isa = PBXFileReference; fileEncoding = 4; lastKnownFileType = sourcecode.c.h; path = CCCommonViewTools.h; sourceTree = "<group>"; };
		377CACEA1F0104D200AE46A8 /* CCNetworkMoniter.h */ = {isa = PBXFileReference; fileEncoding = 4; lastKnownFileType = sourcecode.c.h; path = CCNetworkMoniter.h; sourceTree = "<group>"; };
		377CACEB1F0104D200AE46A8 /* CCNetworkMoniter.m */ = {isa = PBXFileReference; fileEncoding = 4; lastKnownFileType = sourcecode.c.objc; path = CCNetworkMoniter.m; sourceTree = "<group>"; };
		377CACEE1F0104D200AE46A8 /* CCCustomFooter.h */ = {isa = PBXFileReference; fileEncoding = 4; lastKnownFileType = sourcecode.c.h; path = CCCustomFooter.h; sourceTree = "<group>"; };
		377CACEF1F0104D200AE46A8 /* CCCustomFooter.m */ = {isa = PBXFileReference; fileEncoding = 4; lastKnownFileType = sourcecode.c.objc; path = CCCustomFooter.m; sourceTree = "<group>"; };
		377CACF01F0104D200AE46A8 /* CCCustomHeader.h */ = {isa = PBXFileReference; fileEncoding = 4; lastKnownFileType = sourcecode.c.h; path = CCCustomHeader.h; sourceTree = "<group>"; };
		377CACF11F0104D200AE46A8 /* CCCustomHeader.m */ = {isa = PBXFileReference; fileEncoding = 4; lastKnownFileType = sourcecode.c.objc; path = CCCustomHeader.m; sourceTree = "<group>"; };
		377CACF31F0104D200AE46A8 /* UIImageView+CCWeakNetwork.h */ = {isa = PBXFileReference; fileEncoding = 4; lastKnownFileType = sourcecode.c.h; path = "UIImageView+CCWeakNetwork.h"; sourceTree = "<group>"; };
		377CACF41F0104D200AE46A8 /* UIImageView+CCWeakNetwork.m */ = {isa = PBXFileReference; fileEncoding = 4; lastKnownFileType = sourcecode.c.objc; path = "UIImageView+CCWeakNetwork.m"; sourceTree = "<group>"; };
		377CACF51F0104D200AE46A8 /* LocalLib.podspec */ = {isa = PBXFileReference; fileEncoding = 4; lastKnownFileType = text; path = LocalLib.podspec; sourceTree = "<group>"; };
		377CAD191F0105E800AE46A8 /* 0ZG63407-0.png */ = {isa = PBXFileReference; lastKnownFileType = image.png; path = "0ZG63407-0.png"; sourceTree = "<group>"; };
		37C69E151ED6684D00531ED3 /* CCLocalLibrary.app */ = {isa = PBXFileReference; explicitFileType = wrapper.application; includeInIndex = 0; path = CCLocalLibrary.app; sourceTree = BUILT_PRODUCTS_DIR; };
		37C69E191ED6684D00531ED3 /* main.m */ = {isa = PBXFileReference; lastKnownFileType = sourcecode.c.objc; path = main.m; sourceTree = "<group>"; };
		37C69E1B1ED6684D00531ED3 /* AppDelegate.h */ = {isa = PBXFileReference; lastKnownFileType = sourcecode.c.h; path = AppDelegate.h; sourceTree = "<group>"; };
		37C69E1C1ED6684D00531ED3 /* AppDelegate.m */ = {isa = PBXFileReference; lastKnownFileType = sourcecode.c.objc; path = AppDelegate.m; sourceTree = "<group>"; };
		37C69E1E1ED6684D00531ED3 /* ViewController.h */ = {isa = PBXFileReference; lastKnownFileType = sourcecode.c.h; path = ViewController.h; sourceTree = "<group>"; };
		37C69E1F1ED6684D00531ED3 /* ViewController.m */ = {isa = PBXFileReference; lastKnownFileType = sourcecode.c.objc; path = ViewController.m; sourceTree = "<group>"; };
		37C69E221ED6684D00531ED3 /* Base */ = {isa = PBXFileReference; lastKnownFileType = file.storyboard; name = Base; path = Base.lproj/Main.storyboard; sourceTree = "<group>"; };
		37C69E241ED6684D00531ED3 /* Assets.xcassets */ = {isa = PBXFileReference; lastKnownFileType = folder.assetcatalog; path = Assets.xcassets; sourceTree = "<group>"; };
		37C69E271ED6684D00531ED3 /* Base */ = {isa = PBXFileReference; lastKnownFileType = file.storyboard; name = Base; path = Base.lproj/LaunchScreen.storyboard; sourceTree = "<group>"; };
		37C69E291ED6684D00531ED3 /* Info.plist */ = {isa = PBXFileReference; lastKnownFileType = text.plist.xml; path = Info.plist; sourceTree = "<group>"; };
		3D5CA2FFF5E357F90100D989 /* Pods-CCLocalLibrary.debug.xcconfig */ = {isa = PBXFileReference; includeInIndex = 1; lastKnownFileType = text.xcconfig; name = "Pods-CCLocalLibrary.debug.xcconfig"; path = "Pods/Target Support Files/Pods-CCLocalLibrary/Pods-CCLocalLibrary.debug.xcconfig"; sourceTree = "<group>"; };
/* End PBXFileReference section */

/* Begin PBXFrameworksBuildPhase section */
		37C69E121ED6684D00531ED3 /* Frameworks */ = {
			isa = PBXFrameworksBuildPhase;
			buildActionMask = 2147483647;
			files = (
				244AFA8F04C1883DB480CE01 /* Pods_CCLocalLibrary.framework in Frameworks */,
			);
			runOnlyForDeploymentPostprocessing = 0;
		};
/* End PBXFrameworksBuildPhase section */

/* Begin PBXGroup section */
		003A28CBDB5B3835E6E8EC1B /* Pods */ = {
			isa = PBXGroup;
			children = (
				3D5CA2FFF5E357F90100D989 /* Pods-CCLocalLibrary.debug.xcconfig */,
				06F3945F3B247350FA607CEF /* Pods-CCLocalLibrary.release.xcconfig */,
			);
			name = Pods;
			sourceTree = "<group>";
		};
		377CAC871F0104D200AE46A8 /* LocalLib */ = {
			isa = PBXGroup;
			children = (
				377CAC881F0104D200AE46A8 /* LocalLib */,
				377CACF51F0104D200AE46A8 /* LocalLib.podspec */,
			);
			name = LocalLib;
			path = ../LocalLib;
			sourceTree = "<group>";
		};
		377CAC881F0104D200AE46A8 /* LocalLib */ = {
			isa = PBXGroup;
			children = (
				377CAC891F0104D200AE46A8 /* CCCategory */,
				377CACE21F0104D200AE46A8 /* CCCommon */,
				377CACE81F0104D200AE46A8 /* CCTools */,
				377CACEC1F0104D200AE46A8 /* CCVendors */,
			);
			path = LocalLib;
			sourceTree = "<group>";
		};
		377CAC891F0104D200AE46A8 /* CCCategory */ = {
			isa = PBXGroup;
			children = (
				377CAC8A1F0104D200AE46A8 /* CCData */,
				377CACA91F0104D200AE46A8 /* CCView */,
			);
			path = CCCategory;
			sourceTree = "<group>";
		};
		377CAC8A1F0104D200AE46A8 /* CCData */ = {
			isa = PBXGroup;
			children = (
				377CAC8B1F0104D200AE46A8 /* NSArray */,
				377CAC8E1F0104D200AE46A8 /* NSDate */,
				377CAC911F0104D200AE46A8 /* NSDecimalNumber */,
				377CAC941F0104D200AE46A8 /* NSDictionary */,
				377CAC971F0104D200AE46A8 /* NSMutableArray */,
				377CAC9A1F0104D200AE46A8 /* NSMutableAttributedString */,
				377CAC9D1F0104D200AE46A8 /* NSMutableDictionary */,
				377CACA01F0104D200AE46A8 /* NSNumber */,
				377CACA31F0104D200AE46A8 /* NSObject */,
				377CACA61F0104D200AE46A8 /* NSString */,
			);
			path = CCData;
			sourceTree = "<group>";
		};
		377CAC8B1F0104D200AE46A8 /* NSArray */ = {
			isa = PBXGroup;
			children = (
				377CAC8C1F0104D200AE46A8 /* NSArray+CCExtension.h */,
				377CAC8D1F0104D200AE46A8 /* NSArray+CCExtension.m */,
			);
			path = NSArray;
			sourceTree = "<group>";
		};
		377CAC8E1F0104D200AE46A8 /* NSDate */ = {
			isa = PBXGroup;
			children = (
				377CAC8F1F0104D200AE46A8 /* NSDate+CCExtension.h */,
				377CAC901F0104D200AE46A8 /* NSDate+CCExtension.m */,
			);
			path = NSDate;
			sourceTree = "<group>";
		};
		377CAC911F0104D200AE46A8 /* NSDecimalNumber */ = {
			isa = PBXGroup;
			children = (
				377CAC921F0104D200AE46A8 /* NSDecimalNumber+CCExtension.h */,
				377CAC931F0104D200AE46A8 /* NSDecimalNumber+CCExtension.m */,
			);
			path = NSDecimalNumber;
			sourceTree = "<group>";
		};
		377CAC941F0104D200AE46A8 /* NSDictionary */ = {
			isa = PBXGroup;
			children = (
				377CAC951F0104D200AE46A8 /* NSDictionary+CCExtension.h */,
				377CAC961F0104D200AE46A8 /* NSDictionary+CCExtension.m */,
			);
			path = NSDictionary;
			sourceTree = "<group>";
		};
		377CAC971F0104D200AE46A8 /* NSMutableArray */ = {
			isa = PBXGroup;
			children = (
				377CAC981F0104D200AE46A8 /* NSMutableArray+CCExtension.h */,
				377CAC991F0104D200AE46A8 /* NSMutableArray+CCExtension.m */,
			);
			path = NSMutableArray;
			sourceTree = "<group>";
		};
		377CAC9A1F0104D200AE46A8 /* NSMutableAttributedString */ = {
			isa = PBXGroup;
			children = (
				377CAC9B1F0104D200AE46A8 /* NSMutableAttributedString+CCExtension.h */,
				377CAC9C1F0104D200AE46A8 /* NSMutableAttributedString+CCExtension.m */,
			);
			path = NSMutableAttributedString;
			sourceTree = "<group>";
		};
		377CAC9D1F0104D200AE46A8 /* NSMutableDictionary */ = {
			isa = PBXGroup;
			children = (
				377CAC9E1F0104D200AE46A8 /* NSMutableDictionary+CCExtension.h */,
				377CAC9F1F0104D200AE46A8 /* NSMutableDictionary+CCExtension.m */,
			);
			path = NSMutableDictionary;
			sourceTree = "<group>";
		};
		377CACA01F0104D200AE46A8 /* NSNumber */ = {
			isa = PBXGroup;
			children = (
				377CACA11F0104D200AE46A8 /* NSNumber+CCExtension.h */,
				377CACA21F0104D200AE46A8 /* NSNumber+CCExtension.m */,
			);
			path = NSNumber;
			sourceTree = "<group>";
		};
		377CACA31F0104D200AE46A8 /* NSObject */ = {
			isa = PBXGroup;
			children = (
				377CACA41F0104D200AE46A8 /* NSObject+CCExtension.h */,
				377CACA51F0104D200AE46A8 /* NSObject+CCExtension.m */,
			);
			path = NSObject;
			sourceTree = "<group>";
		};
		377CACA61F0104D200AE46A8 /* NSString */ = {
			isa = PBXGroup;
			children = (
				377CACA71F0104D200AE46A8 /* NSString+CCExtension.h */,
				377CACA81F0104D200AE46A8 /* NSString+CCExtension.m */,
			);
			path = NSString;
			sourceTree = "<group>";
		};
		377CACA91F0104D200AE46A8 /* CCView */ = {
			isa = PBXGroup;
			children = (
				377CACAA1F0104D200AE46A8 /* MBProgressHud */,
				377CACAD1F0104D200AE46A8 /* UIAlertController */,
				377CACB01F0104D200AE46A8 /* UIBarButtonItem */,
				377CACB31F0104D200AE46A8 /* UIButton */,
				377CACB61F0104D200AE46A8 /* UICollectionView */,
				377CACB91F0104D200AE46A8 /* UIColor */,
				377CACBC1F0104D200AE46A8 /* UIGestureRecognizer */,
				377CACC11F0104D200AE46A8 /* UIImage */,
				377CACC41F0104D200AE46A8 /* UIImagePickerController */,
				377CACC71F0104D200AE46A8 /* UIImageView */,
				377CACCA1F0104D200AE46A8 /* UILabel */,
				377CACCD1F0104D200AE46A8 /* UINavigationItem */,
				377CACD01F0104D200AE46A8 /* UIScrollView */,
				377CACD31F0104D200AE46A8 /* UITableView */,
				377CACD61F0104D200AE46A8 /* UITextField */,
				377CACD91F0104D200AE46A8 /* UIView */,
				377CACDC1F0104D200AE46A8 /* UIViewController */,
				377CACDF1F0104D200AE46A8 /* WKWebVuew */,
			);
			path = CCView;
			sourceTree = "<group>";
		};
		377CACAA1F0104D200AE46A8 /* MBProgressHud */ = {
			isa = PBXGroup;
			children = (
				377CACAB1F0104D200AE46A8 /* MBProgressHUD+CCExtension.h */,
				377CACAC1F0104D200AE46A8 /* MBProgressHUD+CCExtension.m */,
			);
			path = MBProgressHud;
			sourceTree = "<group>";
		};
		377CACAD1F0104D200AE46A8 /* UIAlertController */ = {
			isa = PBXGroup;
			children = (
				377CACAE1F0104D200AE46A8 /* UIAlertController+CCExtension.h */,
				377CACAF1F0104D200AE46A8 /* UIAlertController+CCExtension.m */,
			);
			path = UIAlertController;
			sourceTree = "<group>";
		};
		377CACB01F0104D200AE46A8 /* UIBarButtonItem */ = {
			isa = PBXGroup;
			children = (
				377CACB11F0104D200AE46A8 /* UIBarButtonItem+CCExtension.h */,
				377CACB21F0104D200AE46A8 /* UIBarButtonItem+CCExtension.m */,
			);
			path = UIBarButtonItem;
			sourceTree = "<group>";
		};
		377CACB31F0104D200AE46A8 /* UIButton */ = {
			isa = PBXGroup;
			children = (
				377CACB41F0104D200AE46A8 /* UIButton+CCExtension.h */,
				377CACB51F0104D200AE46A8 /* UIButton+CCExtension.m */,
			);
			path = UIButton;
			sourceTree = "<group>";
		};
		377CACB61F0104D200AE46A8 /* UICollectionView */ = {
			isa = PBXGroup;
			children = (
				377CACB71F0104D200AE46A8 /* UICollectionView+CCExtension.h */,
				377CACB81F0104D200AE46A8 /* UICollectionView+CCExtension.m */,
			);
			path = UICollectionView;
			sourceTree = "<group>";
		};
		377CACB91F0104D200AE46A8 /* UIColor */ = {
			isa = PBXGroup;
			children = (
				377CACBA1F0104D200AE46A8 /* UIColor+CCExtension.h */,
				377CACBB1F0104D200AE46A8 /* UIColor+CCExtension.m */,
			);
			path = UIColor;
			sourceTree = "<group>";
		};
		377CACBC1F0104D200AE46A8 /* UIGestureRecognizer */ = {
			isa = PBXGroup;
			children = (
				377CACBD1F0104D200AE46A8 /* UIGestureRecognizer+CCExtension.h */,
				377CACBE1F0104D200AE46A8 /* UIGestureRecognizer+CCExtension.m */,
				377CACBF1F0104D200AE46A8 /* UITapGestureRecognizer+CCExtension.h */,
				377CACC01F0104D200AE46A8 /* UITapGestureRecognizer+CCExtension.m */,
			);
			path = UIGestureRecognizer;
			sourceTree = "<group>";
		};
		377CACC11F0104D200AE46A8 /* UIImage */ = {
			isa = PBXGroup;
			children = (
				377CACC21F0104D200AE46A8 /* UIImage+CCExtension.h */,
				377CACC31F0104D200AE46A8 /* UIImage+CCExtension.m */,
			);
			path = UIImage;
			sourceTree = "<group>";
		};
		377CACC41F0104D200AE46A8 /* UIImagePickerController */ = {
			isa = PBXGroup;
			children = (
				377CACC51F0104D200AE46A8 /* UIImagePickerController+CCExtension.h */,
				377CACC61F0104D200AE46A8 /* UIImagePickerController+CCExtension.m */,
			);
			path = UIImagePickerController;
			sourceTree = "<group>";
		};
		377CACC71F0104D200AE46A8 /* UIImageView */ = {
			isa = PBXGroup;
			children = (
				377CACC81F0104D200AE46A8 /* UIImageView+CCExtension.h */,
				377CACC91F0104D200AE46A8 /* UIImageView+CCExtension.m */,
			);
			path = UIImageView;
			sourceTree = "<group>";
		};
		377CACCA1F0104D200AE46A8 /* UILabel */ = {
			isa = PBXGroup;
			children = (
				377CACCB1F0104D200AE46A8 /* UILabel+CCExtension.h */,
				377CACCC1F0104D200AE46A8 /* UILabel+CCExtension.m */,
			);
			path = UILabel;
			sourceTree = "<group>";
		};
		377CACCD1F0104D200AE46A8 /* UINavigationItem */ = {
			isa = PBXGroup;
			children = (
				377CACCE1F0104D200AE46A8 /* UINavigationItem+CCSpacing.h */,
				377CACCF1F0104D200AE46A8 /* UINavigationItem+CCSpacing.m */,
			);
			path = UINavigationItem;
			sourceTree = "<group>";
		};
		377CACD01F0104D200AE46A8 /* UIScrollView */ = {
			isa = PBXGroup;
			children = (
				377CACD11F0104D200AE46A8 /* UIScrollView+CCExtension.h */,
				377CACD21F0104D200AE46A8 /* UIScrollView+CCExtension.m */,
			);
			path = UIScrollView;
			sourceTree = "<group>";
		};
		377CACD31F0104D200AE46A8 /* UITableView */ = {
			isa = PBXGroup;
			children = (
				377CACD41F0104D200AE46A8 /* UITableView+CCExtension.h */,
				377CACD51F0104D200AE46A8 /* UITableView+CCExtension.m */,
			);
			path = UITableView;
			sourceTree = "<group>";
		};
		377CACD61F0104D200AE46A8 /* UITextField */ = {
			isa = PBXGroup;
			children = (
				377CACD71F0104D200AE46A8 /* UITextField+CCExtension.h */,
				377CACD81F0104D200AE46A8 /* UITextField+CCExtension.m */,
			);
			path = UITextField;
			sourceTree = "<group>";
		};
		377CACD91F0104D200AE46A8 /* UIView */ = {
			isa = PBXGroup;
			children = (
				377CACDA1F0104D200AE46A8 /* UIView+CCExtension.h */,
				377CACDB1F0104D200AE46A8 /* UIView+CCExtension.m */,
			);
			path = UIView;
			sourceTree = "<group>";
		};
		377CACDC1F0104D200AE46A8 /* UIViewController */ = {
			isa = PBXGroup;
			children = (
				377CACDD1F0104D200AE46A8 /* UIViewController+CCExtension.h */,
				377CACDE1F0104D200AE46A8 /* UIViewController+CCExtension.m */,
			);
			path = UIViewController;
			sourceTree = "<group>";
		};
		377CACDF1F0104D200AE46A8 /* WKWebVuew */ = {
			isa = PBXGroup;
			children = (
				377CACE01F0104D200AE46A8 /* WKWebView+CCExtension.h */,
				377CACE11F0104D200AE46A8 /* WKWebView+CCExtension.m */,
			);
			path = WKWebVuew;
			sourceTree = "<group>";
		};
		377CACE21F0104D200AE46A8 /* CCCommon */ = {
			isa = PBXGroup;
			children = (
				377CACE31F0104D200AE46A8 /* CCCommonDataTools.h */,
				377CACE41F0104D200AE46A8 /* CCCommonDefine.h */,
				377CACE51F0104D200AE46A8 /* CCCommonTools.h */,
				377CACE61F0104D200AE46A8 /* CCCommonTools.m */,
				377CACE71F0104D200AE46A8 /* CCCommonViewTools.h */,
			);
			path = CCCommon;
			sourceTree = "<group>";
		};
		377CACE81F0104D200AE46A8 /* CCTools */ = {
			isa = PBXGroup;
			children = (
				377CACE91F0104D200AE46A8 /* NetworkMoniter */,
			);
			path = CCTools;
			sourceTree = "<group>";
		};
		377CACE91F0104D200AE46A8 /* NetworkMoniter */ = {
			isa = PBXGroup;
			children = (
				377CACEA1F0104D200AE46A8 /* CCNetworkMoniter.h */,
				377CACEB1F0104D200AE46A8 /* CCNetworkMoniter.m */,
			);
			path = NetworkMoniter;
			sourceTree = "<group>";
		};
		377CACEC1F0104D200AE46A8 /* CCVendors */ = {
			isa = PBXGroup;
			children = (
				377CACED1F0104D200AE46A8 /* CCMJRefresh */,
				377CACF21F0104D200AE46A8 /* CCUIImageView + WeakNetwork */,
			);
			path = CCVendors;
			sourceTree = "<group>";
		};
		377CACED1F0104D200AE46A8 /* CCMJRefresh */ = {
			isa = PBXGroup;
			children = (
				377CACEE1F0104D200AE46A8 /* CCCustomFooter.h */,
				377CACEF1F0104D200AE46A8 /* CCCustomFooter.m */,
				377CACF01F0104D200AE46A8 /* CCCustomHeader.h */,
				377CACF11F0104D200AE46A8 /* CCCustomHeader.m */,
			);
			path = CCMJRefresh;
			sourceTree = "<group>";
		};
		377CACF21F0104D200AE46A8 /* CCUIImageView + WeakNetwork */ = {
			isa = PBXGroup;
			children = (
				377CACF31F0104D200AE46A8 /* UIImageView+CCWeakNetwork.h */,
				377CACF41F0104D200AE46A8 /* UIImageView+CCWeakNetwork.m */,
			);
			path = "CCUIImageView + WeakNetwork";
			sourceTree = "<group>";
		};
		37C69E0C1ED6684D00531ED3 = {
			isa = PBXGroup;
			children = (
				377CAC871F0104D200AE46A8 /* LocalLib */,
				37C69E171ED6684D00531ED3 /* CCLocalLibrary */,
				37C69E161ED6684D00531ED3 /* Products */,
				003A28CBDB5B3835E6E8EC1B /* Pods */,
				8B7896DEA8F6C51E28F52700 /* Frameworks */,
			);
			sourceTree = "<group>";
		};
		37C69E161ED6684D00531ED3 /* Products */ = {
			isa = PBXGroup;
			children = (
				37C69E151ED6684D00531ED3 /* CCLocalLibrary.app */,
			);
			name = Products;
			sourceTree = "<group>";
		};
		37C69E171ED6684D00531ED3 /* CCLocalLibrary */ = {
			isa = PBXGroup;
			children = (
				377CAD191F0105E800AE46A8 /* 0ZG63407-0.png */,
				37C69E1B1ED6684D00531ED3 /* AppDelegate.h */,
				37C69E1C1ED6684D00531ED3 /* AppDelegate.m */,
				37C69E1E1ED6684D00531ED3 /* ViewController.h */,
				37C69E1F1ED6684D00531ED3 /* ViewController.m */,
				37C69E211ED6684D00531ED3 /* Main.storyboard */,
				37C69E241ED6684D00531ED3 /* Assets.xcassets */,
				37C69E261ED6684D00531ED3 /* LaunchScreen.storyboard */,
				37C69E291ED6684D00531ED3 /* Info.plist */,
				37C69E181ED6684D00531ED3 /* Supporting Files */,
			);
			path = CCLocalLibrary;
			sourceTree = "<group>";
		};
		37C69E181ED6684D00531ED3 /* Supporting Files */ = {
			isa = PBXGroup;
			children = (
				37C69E191ED6684D00531ED3 /* main.m */,
			);
			name = "Supporting Files";
			sourceTree = "<group>";
		};
		8B7896DEA8F6C51E28F52700 /* Frameworks */ = {
			isa = PBXGroup;
			children = (
				1C424E92BD9104CE08216FD9 /* Pods_CCLocalLibrary.framework */,
			);
			name = Frameworks;
			sourceTree = "<group>";
		};
/* End PBXGroup section */

/* Begin PBXNativeTarget section */
		37C69E141ED6684D00531ED3 /* CCLocalLibrary */ = {
			isa = PBXNativeTarget;
			buildConfigurationList = 37C69E2C1ED6684D00531ED3 /* Build configuration list for PBXNativeTarget "CCLocalLibrary" */;
			buildPhases = (
				8D7098B6BAB3717C98981D05 /* [CP] Check Pods Manifest.lock */,
				37C69E111ED6684D00531ED3 /* Sources */,
				37C69E121ED6684D00531ED3 /* Frameworks */,
				37C69E131ED6684D00531ED3 /* Resources */,
				1EBA68B022ED73D8F5B3A07E /* [CP] Embed Pods Frameworks */,
				88DE172D4556FA97B1D90027 /* [CP] Copy Pods Resources */,
			);
			buildRules = (
			);
			dependencies = (
			);
			name = CCLocalLibrary;
			productName = CCLocalLibrary;
			productReference = 37C69E151ED6684D00531ED3 /* CCLocalLibrary.app */;
			productType = "com.apple.product-type.application";
		};
/* End PBXNativeTarget section */

/* Begin PBXProject section */
		37C69E0D1ED6684D00531ED3 /* Project object */ = {
			isa = PBXProject;
			attributes = {
				LastUpgradeCheck = 0830;
				ORGANIZATIONNAME = "冯明庆";
				TargetAttributes = {
					37C69E141ED6684D00531ED3 = {
						CreatedOnToolsVersion = 8.3.2;
						DevelopmentTeam = Y6QZNMQWRN;
						ProvisioningStyle = Automatic;
					};
				};
			};
			buildConfigurationList = 37C69E101ED6684D00531ED3 /* Build configuration list for PBXProject "CCLocalLibrary" */;
			compatibilityVersion = "Xcode 3.2";
			developmentRegion = English;
			hasScannedForEncodings = 0;
			knownRegions = (
				en,
				Base,
			);
			mainGroup = 37C69E0C1ED6684D00531ED3;
			productRefGroup = 37C69E161ED6684D00531ED3 /* Products */;
			projectDirPath = "";
			projectRoot = "";
			targets = (
				37C69E141ED6684D00531ED3 /* CCLocalLibrary */,
			);
		};
/* End PBXProject section */

/* Begin PBXResourcesBuildPhase section */
		37C69E131ED6684D00531ED3 /* Resources */ = {
			isa = PBXResourcesBuildPhase;
			buildActionMask = 2147483647;
			files = (
				37C69E281ED6684D00531ED3 /* LaunchScreen.storyboard in Resources */,
				37C69E251ED6684D00531ED3 /* Assets.xcassets in Resources */,
				377CAD181F0104D200AE46A8 /* LocalLib.podspec in Resources */,
				377CAD1A1F0105E800AE46A8 /* 0ZG63407-0.png in Resources */,
				37C69E231ED6684D00531ED3 /* Main.storyboard in Resources */,
			);
			runOnlyForDeploymentPostprocessing = 0;
		};
/* End PBXResourcesBuildPhase section */

/* Begin PBXShellScriptBuildPhase section */
		1EBA68B022ED73D8F5B3A07E /* [CP] Embed Pods Frameworks */ = {
			isa = PBXShellScriptBuildPhase;
			buildActionMask = 2147483647;
			files = (
			);
			inputPaths = (
			);
			name = "[CP] Embed Pods Frameworks";
			outputPaths = (
			);
			runOnlyForDeploymentPostprocessing = 0;
			shellPath = /bin/sh;
			shellScript = "\"${SRCROOT}/Pods/Target Support Files/Pods-CCLocalLibrary/Pods-CCLocalLibrary-frameworks.sh\"\n";
			showEnvVarsInLog = 0;
		};
		88DE172D4556FA97B1D90027 /* [CP] Copy Pods Resources */ = {
			isa = PBXShellScriptBuildPhase;
			buildActionMask = 2147483647;
			files = (
			);
			inputPaths = (
			);
			name = "[CP] Copy Pods Resources";
			outputPaths = (
			);
			runOnlyForDeploymentPostprocessing = 0;
			shellPath = /bin/sh;
			shellScript = "\"${SRCROOT}/Pods/Target Support Files/Pods-CCLocalLibrary/Pods-CCLocalLibrary-resources.sh\"\n";
			showEnvVarsInLog = 0;
		};
		8D7098B6BAB3717C98981D05 /* [CP] Check Pods Manifest.lock */ = {
			isa = PBXShellScriptBuildPhase;
			buildActionMask = 2147483647;
			files = (
			);
			inputPaths = (
			);
			name = "[CP] Check Pods Manifest.lock";
			outputPaths = (
			);
			runOnlyForDeploymentPostprocessing = 0;
			shellPath = /bin/sh;
			shellScript = "diff \"${PODS_ROOT}/../Podfile.lock\" \"${PODS_ROOT}/Manifest.lock\" > /dev/null\nif [ $? != 0 ] ; then\n    # print error to STDERR\n    echo \"error: The sandbox is not in sync with the Podfile.lock. Run 'pod install' or update your CocoaPods installation.\" >&2\n    exit 1\nfi\n";
			showEnvVarsInLog = 0;
		};
/* End PBXShellScriptBuildPhase section */

/* Begin PBXSourcesBuildPhase section */
		37C69E111ED6684D00531ED3 /* Sources */ = {
			isa = PBXSourcesBuildPhase;
			buildActionMask = 2147483647;
			files = (
				377CAD0C1F0104D200AE46A8 /* UINavigationItem+CCSpacing.m in Sources */,
				377CAD161F0104D200AE46A8 /* CCCustomHeader.m in Sources */,
				377CAD051F0104D200AE46A8 /* UIColor+CCExtension.m in Sources */,
				377CAD111F0104D200AE46A8 /* UIViewController+CCExtension.m in Sources */,
				377CAD061F0104D200AE46A8 /* UIGestureRecognizer+CCExtension.m in Sources */,
				377CACFF1F0104D200AE46A8 /* NSString+CCExtension.m in Sources */,
				377CACF91F0104D200AE46A8 /* NSDictionary+CCExtension.m in Sources */,
				377CACF71F0104D200AE46A8 /* NSDate+CCExtension.m in Sources */,
				377CAD0D1F0104D200AE46A8 /* UIScrollView+CCExtension.m in Sources */,
				377CAD011F0104D200AE46A8 /* UIAlertController+CCExtension.m in Sources */,
				377CAD101F0104D200AE46A8 /* UIView+CCExtension.m in Sources */,
				377CAD0A1F0104D200AE46A8 /* UIImageView+CCExtension.m in Sources */,
				377CAD141F0104D200AE46A8 /* CCNetworkMoniter.m in Sources */,
				377CAD021F0104D200AE46A8 /* UIBarButtonItem+CCExtension.m in Sources */,
				377CAD031F0104D200AE46A8 /* UIButton+CCExtension.m in Sources */,
				377CAD0E1F0104D200AE46A8 /* UITableView+CCExtension.m in Sources */,
				377CAD171F0104D200AE46A8 /* UIImageView+CCWeakNetwork.m in Sources */,
				377CACFD1F0104D200AE46A8 /* NSNumber+CCExtension.m in Sources */,
				377CAD081F0104D200AE46A8 /* UIImage+CCExtension.m in Sources */,
				377CACFB1F0104D200AE46A8 /* NSMutableAttributedString+CCExtension.m in Sources */,
				377CAD001F0104D200AE46A8 /* MBProgressHUD+CCExtension.m in Sources */,
				37C69E201ED6684D00531ED3 /* ViewController.m in Sources */,
				37C69E1D1ED6684D00531ED3 /* AppDelegate.m in Sources */,
				377CACFC1F0104D200AE46A8 /* NSMutableDictionary+CCExtension.m in Sources */,
				377CAD041F0104D200AE46A8 /* UICollectionView+CCExtension.m in Sources */,
				377CACFE1F0104D200AE46A8 /* NSObject+CCExtension.m in Sources */,
				377CAD131F0104D200AE46A8 /* CCCommonTools.m in Sources */,
				377CAD071F0104D200AE46A8 /* UITapGestureRecognizer+CCExtension.m in Sources */,
				377CAD151F0104D200AE46A8 /* CCCustomFooter.m in Sources */,
				377CAD0B1F0104D200AE46A8 /* UILabel+CCExtension.m in Sources */,
				377CAD0F1F0104D200AE46A8 /* UITextField+CCExtension.m in Sources */,
				377CACF81F0104D200AE46A8 /* NSDecimalNumber+CCExtension.m in Sources */,
				377CAD121F0104D200AE46A8 /* WKWebView+CCExtension.m in Sources */,
				377CACF61F0104D200AE46A8 /* NSArray+CCExtension.m in Sources */,
				37C69E1A1ED6684D00531ED3 /* main.m in Sources */,
				377CAD091F0104D200AE46A8 /* UIImagePickerController+CCExtension.m in Sources */,
				377CACFA1F0104D200AE46A8 /* NSMutableArray+CCExtension.m in Sources */,
			);
			runOnlyForDeploymentPostprocessing = 0;
		};
/* End PBXSourcesBuildPhase section */

/* Begin PBXVariantGroup section */
		37C69E211ED6684D00531ED3 /* Main.storyboard */ = {
			isa = PBXVariantGroup;
			children = (
				37C69E221ED6684D00531ED3 /* Base */,
			);
			name = Main.storyboard;
			sourceTree = "<group>";
		};
		37C69E261ED6684D00531ED3 /* LaunchScreen.storyboard */ = {
			isa = PBXVariantGroup;
			children = (
				37C69E271ED6684D00531ED3 /* Base */,
			);
			name = LaunchScreen.storyboard;
			sourceTree = "<group>";
		};
/* End PBXVariantGroup section */

/* Begin XCBuildConfiguration section */
		37C69E2A1ED6684D00531ED3 /* Debug */ = {
			isa = XCBuildConfiguration;
			buildSettings = {
				ALWAYS_SEARCH_USER_PATHS = NO;
				CLANG_ANALYZER_NONNULL = YES;
				CLANG_ANALYZER_NUMBER_OBJECT_CONVERSION = YES_AGGRESSIVE;
				CLANG_CXX_LANGUAGE_STANDARD = "gnu++0x";
				CLANG_CXX_LIBRARY = "libc++";
				CLANG_ENABLE_MODULES = YES;
				CLANG_ENABLE_OBJC_ARC = YES;
				CLANG_WARN_BOOL_CONVERSION = YES;
				CLANG_WARN_CONSTANT_CONVERSION = YES;
				CLANG_WARN_DIRECT_OBJC_ISA_USAGE = YES_ERROR;
				CLANG_WARN_DOCUMENTATION_COMMENTS = YES;
				CLANG_WARN_EMPTY_BODY = YES;
				CLANG_WARN_ENUM_CONVERSION = YES;
				CLANG_WARN_INFINITE_RECURSION = YES;
				CLANG_WARN_INT_CONVERSION = YES;
				CLANG_WARN_OBJC_ROOT_CLASS = YES_ERROR;
				CLANG_WARN_SUSPICIOUS_MOVE = YES;
				CLANG_WARN_UNREACHABLE_CODE = YES;
				CLANG_WARN__DUPLICATE_METHOD_MATCH = YES;
				"CODE_SIGN_IDENTITY[sdk=iphoneos*]" = "iPhone Developer";
				COPY_PHASE_STRIP = NO;
				DEBUG_INFORMATION_FORMAT = dwarf;
				ENABLE_STRICT_OBJC_MSGSEND = YES;
				ENABLE_TESTABILITY = YES;
				GCC_C_LANGUAGE_STANDARD = gnu99;
				GCC_DYNAMIC_NO_PIC = NO;
				GCC_NO_COMMON_BLOCKS = YES;
				GCC_OPTIMIZATION_LEVEL = 0;
				GCC_PREPROCESSOR_DEFINITIONS = (
					"DEBUG=1",
					"$(inherited)",
				);
				GCC_WARN_64_TO_32_BIT_CONVERSION = YES;
				GCC_WARN_ABOUT_RETURN_TYPE = YES_ERROR;
				GCC_WARN_UNDECLARED_SELECTOR = YES;
				GCC_WARN_UNINITIALIZED_AUTOS = YES_AGGRESSIVE;
				GCC_WARN_UNUSED_FUNCTION = YES;
				GCC_WARN_UNUSED_VARIABLE = YES;
				IPHONEOS_DEPLOYMENT_TARGET = 10.3;
				MTL_ENABLE_DEBUG_INFO = YES;
				ONLY_ACTIVE_ARCH = YES;
				SDKROOT = iphoneos;
				TARGETED_DEVICE_FAMILY = "1,2";
			};
			name = Debug;
		};
		37C69E2B1ED6684D00531ED3 /* Release */ = {
			isa = XCBuildConfiguration;
			buildSettings = {
				ALWAYS_SEARCH_USER_PATHS = NO;
				CLANG_ANALYZER_NONNULL = YES;
				CLANG_ANALYZER_NUMBER_OBJECT_CONVERSION = YES_AGGRESSIVE;
				CLANG_CXX_LANGUAGE_STANDARD = "gnu++0x";
				CLANG_CXX_LIBRARY = "libc++";
				CLANG_ENABLE_MODULES = YES;
				CLANG_ENABLE_OBJC_ARC = YES;
				CLANG_WARN_BOOL_CONVERSION = YES;
				CLANG_WARN_CONSTANT_CONVERSION = YES;
				CLANG_WARN_DIRECT_OBJC_ISA_USAGE = YES_ERROR;
				CLANG_WARN_DOCUMENTATION_COMMENTS = YES;
				CLANG_WARN_EMPTY_BODY = YES;
				CLANG_WARN_ENUM_CONVERSION = YES;
				CLANG_WARN_INFINITE_RECURSION = YES;
				CLANG_WARN_INT_CONVERSION = YES;
				CLANG_WARN_OBJC_ROOT_CLASS = YES_ERROR;
				CLANG_WARN_SUSPICIOUS_MOVE = YES;
				CLANG_WARN_UNREACHABLE_CODE = YES;
				CLANG_WARN__DUPLICATE_METHOD_MATCH = YES;
				"CODE_SIGN_IDENTITY[sdk=iphoneos*]" = "iPhone Developer";
				COPY_PHASE_STRIP = NO;
				DEBUG_INFORMATION_FORMAT = "dwarf-with-dsym";
				ENABLE_NS_ASSERTIONS = NO;
				ENABLE_STRICT_OBJC_MSGSEND = YES;
				GCC_C_LANGUAGE_STANDARD = gnu99;
				GCC_NO_COMMON_BLOCKS = YES;
				GCC_WARN_64_TO_32_BIT_CONVERSION = YES;
				GCC_WARN_ABOUT_RETURN_TYPE = YES_ERROR;
				GCC_WARN_UNDECLARED_SELECTOR = YES;
				GCC_WARN_UNINITIALIZED_AUTOS = YES_AGGRESSIVE;
				GCC_WARN_UNUSED_FUNCTION = YES;
				GCC_WARN_UNUSED_VARIABLE = YES;
				IPHONEOS_DEPLOYMENT_TARGET = 10.3;
				MTL_ENABLE_DEBUG_INFO = NO;
				SDKROOT = iphoneos;
				TARGETED_DEVICE_FAMILY = "1,2";
				VALIDATE_PRODUCT = YES;
			};
			name = Release;
		};
		37C69E2D1ED6684D00531ED3 /* Debug */ = {
			isa = XCBuildConfiguration;
			baseConfigurationReference = 3D5CA2FFF5E357F90100D989 /* Pods-CCLocalLibrary.debug.xcconfig */;
			buildSettings = {
				ASSETCATALOG_COMPILER_APPICON_NAME = AppIcon;
				DEVELOPMENT_TEAM = Y6QZNMQWRN;
				INFOPLIST_FILE = CCLocalLibrary/Info.plist;
				LD_RUNPATH_SEARCH_PATHS = "$(inherited) @executable_path/Frameworks";
				PRODUCT_BUNDLE_IDENTIFIER = CC.CCLocalLibrary;
				PRODUCT_NAME = "$(TARGET_NAME)";
			};
			name = Debug;
		};
		37C69E2E1ED6684D00531ED3 /* Release */ = {
			isa = XCBuildConfiguration;
			baseConfigurationReference = 06F3945F3B247350FA607CEF /* Pods-CCLocalLibrary.release.xcconfig */;
			buildSettings = {
				ASSETCATALOG_COMPILER_APPICON_NAME = AppIcon;
				DEVELOPMENT_TEAM = Y6QZNMQWRN;
				INFOPLIST_FILE = CCLocalLibrary/Info.plist;
				LD_RUNPATH_SEARCH_PATHS = "$(inherited) @executable_path/Frameworks";
				PRODUCT_BUNDLE_IDENTIFIER = CC.CCLocalLibrary;
				PRODUCT_NAME = "$(TARGET_NAME)";
			};
			name = Release;
		};
/* End XCBuildConfiguration section */

/* Begin XCConfigurationList section */
		37C69E101ED6684D00531ED3 /* Build configuration list for PBXProject "CCLocalLibrary" */ = {
			isa = XCConfigurationList;
			buildConfigurations = (
				37C69E2A1ED6684D00531ED3 /* Debug */,
				37C69E2B1ED6684D00531ED3 /* Release */,
			);
			defaultConfigurationIsVisible = 0;
			defaultConfigurationName = Release;
		};
		37C69E2C1ED6684D00531ED3 /* Build configuration list for PBXNativeTarget "CCLocalLibrary" */ = {
			isa = XCConfigurationList;
			buildConfigurations = (
				37C69E2D1ED6684D00531ED3 /* Debug */,
				37C69E2E1ED6684D00531ED3 /* Release */,
			);
			defaultConfigurationIsVisible = 0;
			defaultConfigurationName = Release;
		};
/* End XCConfigurationList section */
	};
	rootObject = 37C69E0D1ED6684D00531ED3 /* Project object */;
}
