// !$*UTF8*$!
{
	archiveVersion = 1;
	classes = {
	};
	objectVersion = 46;
	objects = {

/* Begin PBXBuildFile section */
		244AFA8F04C1883DB480CE01 /* Pods_CCLocalLibrary.framework in Frameworks */ = {isa = PBXBuildFile; fileRef = 1C424E92BD9104CE08216FD9 /* Pods_CCLocalLibrary.framework */; };
		377CAD1A1F0105E800AE46A8 /* 0ZG63407-0.png in Resources */ = {isa = PBXBuildFile; fileRef = 377CAD191F0105E800AE46A8 /* 0ZG63407-0.png */; };
		37C69E1A1ED6684D00531ED3 /* main.m in Sources */ = {isa = PBXBuildFile; fileRef = 37C69E191ED6684D00531ED3 /* main.m */; };
		37C69E1D1ED6684D00531ED3 /* AppDelegate.m in Sources */ = {isa = PBXBuildFile; fileRef = 37C69E1C1ED6684D00531ED3 /* AppDelegate.m */; };
		37C69E201ED6684D00531ED3 /* ViewController.m in Sources */ = {isa = PBXBuildFile; fileRef = 37C69E1F1ED6684D00531ED3 /* ViewController.m */; };
		37C69E231ED6684D00531ED3 /* Main.storyboard in Resources */ = {isa = PBXBuildFile; fileRef = 37C69E211ED6684D00531ED3 /* Main.storyboard */; };
		37C69E251ED6684D00531ED3 /* Assets.xcassets in Resources */ = {isa = PBXBuildFile; fileRef = 37C69E241ED6684D00531ED3 /* Assets.xcassets */; };
		37C69E281ED6684D00531ED3 /* LaunchScreen.storyboard in Resources */ = {isa = PBXBuildFile; fileRef = 37C69E261ED6684D00531ED3 /* LaunchScreen.storyboard */; };
		7034D68F1F5FBF3C0005D1E1 /* NSArray+CCExtension.m in Sources */ = {isa = PBXBuildFile; fileRef = 7034D61F1F5FBF3C0005D1E1 /* NSArray+CCExtension.m */; };
		7034D6901F5FBF3C0005D1E1 /* NSAttributedString+CCExtension.m in Sources */ = {isa = PBXBuildFile; fileRef = 7034D6221F5FBF3C0005D1E1 /* NSAttributedString+CCExtension.m */; };
		7034D6911F5FBF3C0005D1E1 /* NSBundle+CCExtension.m in Sources */ = {isa = PBXBuildFile; fileRef = 7034D6251F5FBF3C0005D1E1 /* NSBundle+CCExtension.m */; };
		7034D6921F5FBF3C0005D1E1 /* NSDate+CCExtension.m in Sources */ = {isa = PBXBuildFile; fileRef = 7034D6281F5FBF3C0005D1E1 /* NSDate+CCExtension.m */; };
		7034D6931F5FBF3C0005D1E1 /* NSDictionary+CCExtension.m in Sources */ = {isa = PBXBuildFile; fileRef = 7034D62B1F5FBF3C0005D1E1 /* NSDictionary+CCExtension.m */; };
		7034D6941F5FBF3C0005D1E1 /* NSFileManager+CCExtension.m in Sources */ = {isa = PBXBuildFile; fileRef = 7034D62E1F5FBF3C0005D1E1 /* NSFileManager+CCExtension.m */; };
		7034D6951F5FBF3C0005D1E1 /* NSNumber+CCExtension.m in Sources */ = {isa = PBXBuildFile; fileRef = 7034D6311F5FBF3C0005D1E1 /* NSNumber+CCExtension.m */; };
		7034D6961F5FBF3C0005D1E1 /* NSObject+CCExtension.m in Sources */ = {isa = PBXBuildFile; fileRef = 7034D6341F5FBF3C0005D1E1 /* NSObject+CCExtension.m */; };
		7034D6971F5FBF3C0005D1E1 /* NSPredicate+CCExtension.m in Sources */ = {isa = PBXBuildFile; fileRef = 7034D6371F5FBF3C0005D1E1 /* NSPredicate+CCExtension.m */; };
		7034D6981F5FBF3C0005D1E1 /* NSString+CCExtension.m in Sources */ = {isa = PBXBuildFile; fileRef = 7034D63A1F5FBF3C0005D1E1 /* NSString+CCExtension.m */; };
		7034D6991F5FBF3C0005D1E1 /* NSTimer+CCExtension.m in Sources */ = {isa = PBXBuildFile; fileRef = 7034D63D1F5FBF3C0005D1E1 /* NSTimer+CCExtension.m */; };
		7034D69A1F5FBF3C0005D1E1 /* NSObject+CCProtocol.m in Sources */ = {isa = PBXBuildFile; fileRef = 7034D6421F5FBF3C0005D1E1 /* NSObject+CCProtocol.m */; };
		7034D6A11F5FBF3C0005D1E1 /* UIAlertController+CCExtension.m in Sources */ = {isa = PBXBuildFile; fileRef = 7034D6591F5FBF3C0005D1E1 /* UIAlertController+CCExtension.m */; };
		7034D6A21F5FBF3C0005D1E1 /* UIBarButtonItem+CCExtension.m in Sources */ = {isa = PBXBuildFile; fileRef = 7034D65C1F5FBF3C0005D1E1 /* UIBarButtonItem+CCExtension.m */; };
		7034D6A31F5FBF3C0005D1E1 /* UIButton+CCExtension.m in Sources */ = {isa = PBXBuildFile; fileRef = 7034D65F1F5FBF3C0005D1E1 /* UIButton+CCExtension.m */; };
		7034D6A41F5FBF3C0005D1E1 /* UICollectionView+CCExtension.m in Sources */ = {isa = PBXBuildFile; fileRef = 7034D6621F5FBF3C0005D1E1 /* UICollectionView+CCExtension.m */; };
		7034D6A51F5FBF3C0005D1E1 /* UIColor+CCExtension.m in Sources */ = {isa = PBXBuildFile; fileRef = 7034D6651F5FBF3C0005D1E1 /* UIColor+CCExtension.m */; };
		7034D6A81F5FBF3C0005D1E1 /* UIImage+CCExtension.m in Sources */ = {isa = PBXBuildFile; fileRef = 7034D66D1F5FBF3C0005D1E1 /* UIImage+CCExtension.m */; };
		7034D6A91F5FBF3C0005D1E1 /* UIImagePickerController+CCExtension.m in Sources */ = {isa = PBXBuildFile; fileRef = 7034D6701F5FBF3C0005D1E1 /* UIImagePickerController+CCExtension.m */; };
		7034D6AA1F5FBF3C0005D1E1 /* UIImageView+CCExtension.m in Sources */ = {isa = PBXBuildFile; fileRef = 7034D6731F5FBF3C0005D1E1 /* UIImageView+CCExtension.m */; };
		7034D6AB1F5FBF3C0005D1E1 /* UILabel+CCExtension.m in Sources */ = {isa = PBXBuildFile; fileRef = 7034D6761F5FBF3C0005D1E1 /* UILabel+CCExtension.m */; };
		7034D6AD1F5FBF3C0005D1E1 /* UIScrollView+CCExtension.m in Sources */ = {isa = PBXBuildFile; fileRef = 7034D67C1F5FBF3C0005D1E1 /* UIScrollView+CCExtension.m */; };
		7034D6AE1F5FBF3C0005D1E1 /* UITableView+CCExtension.m in Sources */ = {isa = PBXBuildFile; fileRef = 7034D67F1F5FBF3C0005D1E1 /* UITableView+CCExtension.m */; };
		7034D6AF1F5FBF3C0005D1E1 /* UITextField+CCExtension.m in Sources */ = {isa = PBXBuildFile; fileRef = 7034D6821F5FBF3C0005D1E1 /* UITextField+CCExtension.m */; };
		7034D6B01F5FBF3C0005D1E1 /* UIView+CCExtension.m in Sources */ = {isa = PBXBuildFile; fileRef = 7034D6851F5FBF3C0005D1E1 /* UIView+CCExtension.m */; };
		7034D6B11F5FBF3C0005D1E1 /* UIViewController+CCExtension.m in Sources */ = {isa = PBXBuildFile; fileRef = 7034D6881F5FBF3C0005D1E1 /* UIViewController+CCExtension.m */; };
		7034D6B21F5FBF3C0005D1E1 /* WKWebView+CCExtension.m in Sources */ = {isa = PBXBuildFile; fileRef = 7034D68B1F5FBF3C0005D1E1 /* WKWebView+CCExtension.m */; };
		7034D6B81F5FCC040005D1E1 /* CCAuthorize.m in Sources */ = {isa = PBXBuildFile; fileRef = 7034D6B71F5FCC040005D1E1 /* CCAuthorize.m */; };
		7034D6BB1F5FCE140005D1E1 /* CCCommon.m in Sources */ = {isa = PBXBuildFile; fileRef = 7034D6BA1F5FCE140005D1E1 /* CCCommon.m */; };
		7034D6CA1F5FD5280005D1E1 /* NSURL+CCExtension.m in Sources */ = {isa = PBXBuildFile; fileRef = 7034D6C91F5FD5280005D1E1 /* NSURL+CCExtension.m */; };
		7034D6CD1F5FD5370005D1E1 /* NSURLRequest+CCExtension.m in Sources */ = {isa = PBXBuildFile; fileRef = 7034D6CC1F5FD5370005D1E1 /* NSURLRequest+CCExtension.m */; };
		7034D6D01F5FE42F0005D1E1 /* UIGestureRecognizer+CCExtension.m in Sources */ = {isa = PBXBuildFile; fileRef = 7034D6CF1F5FE42F0005D1E1 /* UIGestureRecognizer+CCExtension.m */; };
		70BD28911F6272BF008C2C9A /* UIControl+CCExtension.m in Sources */ = {isa = PBXBuildFile; fileRef = 70BD28901F6272BF008C2C9A /* UIControl+CCExtension.m */; };
		70BD28951F628F6C008C2C9A /* UIFont+CCExtension.m in Sources */ = {isa = PBXBuildFile; fileRef = 70BD28941F628F6C008C2C9A /* UIFont+CCExtension.m */; };
		70BD28981F6297F2008C2C9A /* UINavigationItem+CCExtension.m in Sources */ = {isa = PBXBuildFile; fileRef = 70BD28971F6297F2008C2C9A /* UINavigationItem+CCExtension.m */; };
		70FF2FBA1F6A1BD5001B6407 /* UITextView+CCExtension.m in Sources */ = {isa = PBXBuildFile; fileRef = 70FF2FB91F6A1BD5001B6407 /* UITextView+CCExtension.m */; };
		70FF2FD51F6A34BD001B6407 /* CCEasyWebView.m in Sources */ = {isa = PBXBuildFile; fileRef = 70FF2FD11F6A34BD001B6407 /* CCEasyWebView.m */; };
		70FF2FD61F6A34BD001B6407 /* CCMenuView.m in Sources */ = {isa = PBXBuildFile; fileRef = 70FF2FD41F6A34BD001B6407 /* CCMenuView.m */; };
		70FF2FDE1F6A46C1001B6407 /* MBProgressHUD+CCExtension.m in Sources */ = {isa = PBXBuildFile; fileRef = 70FF2FDA1F6A46C1001B6407 /* MBProgressHUD+CCExtension.m */; };
		70FF2FDF1F6A46C1001B6407 /* CCNetworkMoniter.m in Sources */ = {isa = PBXBuildFile; fileRef = 70FF2FDD1F6A46C1001B6407 /* CCNetworkMoniter.m */; };
		70FF2FE41F6A4824001B6407 /* UIImageView+CCExtension_WeakNetwork.m in Sources */ = {isa = PBXBuildFile; fileRef = 70FF2FE31F6A4824001B6407 /* UIImageView+CCExtension_WeakNetwork.m */; };
		70FF30511F6A6984001B6407 /* UICollectionView+CCExtension_Refresh.m in Sources */ = {isa = PBXBuildFile; fileRef = 70FF30501F6A6984001B6407 /* UICollectionView+CCExtension_Refresh.m */; };
		70FF30541F6A6B7A001B6407 /* UITableView+CCExtension_Refresh.m in Sources */ = {isa = PBXBuildFile; fileRef = 70FF30531F6A6B7A001B6407 /* UITableView+CCExtension_Refresh.m */; };
		70FF305E1F6A7874001B6407 /* CCMediator.m in Sources */ = {isa = PBXBuildFile; fileRef = 70FF305D1F6A7874001B6407 /* CCMediator.m */; };
		70FF30611F6A79B3001B6407 /* CCBridgeWrapper.m in Sources */ = {isa = PBXBuildFile; fileRef = 70FF30601F6A79B3001B6407 /* CCBridgeWrapper.m */; };
/* End PBXBuildFile section */

/* Begin PBXFileReference section */
		06F3945F3B247350FA607CEF /* Pods-CCLocalLibrary.release.xcconfig */ = {isa = PBXFileReference; includeInIndex = 1; lastKnownFileType = text.xcconfig; name = "Pods-CCLocalLibrary.release.xcconfig"; path = "Pods/Target Support Files/Pods-CCLocalLibrary/Pods-CCLocalLibrary.release.xcconfig"; sourceTree = "<group>"; };
		1C424E92BD9104CE08216FD9 /* Pods_CCLocalLibrary.framework */ = {isa = PBXFileReference; explicitFileType = wrapper.framework; includeInIndex = 0; path = Pods_CCLocalLibrary.framework; sourceTree = BUILT_PRODUCTS_DIR; };
		377CAD191F0105E800AE46A8 /* 0ZG63407-0.png */ = {isa = PBXFileReference; lastKnownFileType = image.png; path = "0ZG63407-0.png"; sourceTree = "<group>"; };
		37C69E151ED6684D00531ED3 /* CCLocalLibrary.app */ = {isa = PBXFileReference; explicitFileType = wrapper.application; includeInIndex = 0; path = CCLocalLibrary.app; sourceTree = BUILT_PRODUCTS_DIR; };
		37C69E191ED6684D00531ED3 /* main.m */ = {isa = PBXFileReference; lastKnownFileType = sourcecode.c.objc; path = main.m; sourceTree = "<group>"; };
		37C69E1B1ED6684D00531ED3 /* AppDelegate.h */ = {isa = PBXFileReference; lastKnownFileType = sourcecode.c.h; path = AppDelegate.h; sourceTree = "<group>"; };
		37C69E1C1ED6684D00531ED3 /* AppDelegate.m */ = {isa = PBXFileReference; lastKnownFileType = sourcecode.c.objc; path = AppDelegate.m; sourceTree = "<group>"; };
		37C69E1E1ED6684D00531ED3 /* ViewController.h */ = {isa = PBXFileReference; lastKnownFileType = sourcecode.c.h; path = ViewController.h; sourceTree = "<group>"; };
		37C69E1F1ED6684D00531ED3 /* ViewController.m */ = {isa = PBXFileReference; lastKnownFileType = sourcecode.c.objc; path = ViewController.m; sourceTree = "<group>"; };
		37C69E221ED6684D00531ED3 /* Base */ = {isa = PBXFileReference; lastKnownFileType = file.storyboard; name = Base; path = Base.lproj/Main.storyboard; sourceTree = "<group>"; };
		37C69E241ED6684D00531ED3 /* Assets.xcassets */ = {isa = PBXFileReference; lastKnownFileType = folder.assetcatalog; path = Assets.xcassets; sourceTree = "<group>"; };
		37C69E271ED6684D00531ED3 /* Base */ = {isa = PBXFileReference; lastKnownFileType = file.storyboard; name = Base; path = Base.lproj/LaunchScreen.storyboard; sourceTree = "<group>"; };
		37C69E291ED6684D00531ED3 /* Info.plist */ = {isa = PBXFileReference; lastKnownFileType = text.plist.xml; path = Info.plist; sourceTree = "<group>"; };
		3D5CA2FFF5E357F90100D989 /* Pods-CCLocalLibrary.debug.xcconfig */ = {isa = PBXFileReference; includeInIndex = 1; lastKnownFileType = text.xcconfig; name = "Pods-CCLocalLibrary.debug.xcconfig"; path = "Pods/Target Support Files/Pods-CCLocalLibrary/Pods-CCLocalLibrary.debug.xcconfig"; sourceTree = "<group>"; };
		7034D61C1F5FBF3C0005D1E1 /* CCDataExtension.h */ = {isa = PBXFileReference; fileEncoding = 4; lastKnownFileType = sourcecode.c.h; path = CCDataExtension.h; sourceTree = "<group>"; };
		7034D61E1F5FBF3C0005D1E1 /* NSArray+CCExtension.h */ = {isa = PBXFileReference; fileEncoding = 4; lastKnownFileType = sourcecode.c.h; path = "NSArray+CCExtension.h"; sourceTree = "<group>"; };
		7034D61F1F5FBF3C0005D1E1 /* NSArray+CCExtension.m */ = {isa = PBXFileReference; fileEncoding = 4; lastKnownFileType = sourcecode.c.objc; path = "NSArray+CCExtension.m"; sourceTree = "<group>"; };
		7034D6211F5FBF3C0005D1E1 /* NSAttributedString+CCExtension.h */ = {isa = PBXFileReference; fileEncoding = 4; lastKnownFileType = sourcecode.c.h; path = "NSAttributedString+CCExtension.h"; sourceTree = "<group>"; };
		7034D6221F5FBF3C0005D1E1 /* NSAttributedString+CCExtension.m */ = {isa = PBXFileReference; fileEncoding = 4; lastKnownFileType = sourcecode.c.objc; path = "NSAttributedString+CCExtension.m"; sourceTree = "<group>"; };
		7034D6241F5FBF3C0005D1E1 /* NSBundle+CCExtension.h */ = {isa = PBXFileReference; fileEncoding = 4; lastKnownFileType = sourcecode.c.h; path = "NSBundle+CCExtension.h"; sourceTree = "<group>"; };
		7034D6251F5FBF3C0005D1E1 /* NSBundle+CCExtension.m */ = {isa = PBXFileReference; fileEncoding = 4; lastKnownFileType = sourcecode.c.objc; path = "NSBundle+CCExtension.m"; sourceTree = "<group>"; };
		7034D6271F5FBF3C0005D1E1 /* NSDate+CCExtension.h */ = {isa = PBXFileReference; fileEncoding = 4; lastKnownFileType = sourcecode.c.h; path = "NSDate+CCExtension.h"; sourceTree = "<group>"; };
		7034D6281F5FBF3C0005D1E1 /* NSDate+CCExtension.m */ = {isa = PBXFileReference; fileEncoding = 4; lastKnownFileType = sourcecode.c.objc; path = "NSDate+CCExtension.m"; sourceTree = "<group>"; };
		7034D62A1F5FBF3C0005D1E1 /* NSDictionary+CCExtension.h */ = {isa = PBXFileReference; fileEncoding = 4; lastKnownFileType = sourcecode.c.h; path = "NSDictionary+CCExtension.h"; sourceTree = "<group>"; };
		7034D62B1F5FBF3C0005D1E1 /* NSDictionary+CCExtension.m */ = {isa = PBXFileReference; fileEncoding = 4; lastKnownFileType = sourcecode.c.objc; path = "NSDictionary+CCExtension.m"; sourceTree = "<group>"; };
		7034D62D1F5FBF3C0005D1E1 /* NSFileManager+CCExtension.h */ = {isa = PBXFileReference; fileEncoding = 4; lastKnownFileType = sourcecode.c.h; path = "NSFileManager+CCExtension.h"; sourceTree = "<group>"; };
		7034D62E1F5FBF3C0005D1E1 /* NSFileManager+CCExtension.m */ = {isa = PBXFileReference; fileEncoding = 4; lastKnownFileType = sourcecode.c.objc; path = "NSFileManager+CCExtension.m"; sourceTree = "<group>"; };
		7034D6301F5FBF3C0005D1E1 /* NSNumber+CCExtension.h */ = {isa = PBXFileReference; fileEncoding = 4; lastKnownFileType = sourcecode.c.h; path = "NSNumber+CCExtension.h"; sourceTree = "<group>"; };
		7034D6311F5FBF3C0005D1E1 /* NSNumber+CCExtension.m */ = {isa = PBXFileReference; fileEncoding = 4; lastKnownFileType = sourcecode.c.objc; path = "NSNumber+CCExtension.m"; sourceTree = "<group>"; };
		7034D6331F5FBF3C0005D1E1 /* NSObject+CCExtension.h */ = {isa = PBXFileReference; fileEncoding = 4; lastKnownFileType = sourcecode.c.h; path = "NSObject+CCExtension.h"; sourceTree = "<group>"; };
		7034D6341F5FBF3C0005D1E1 /* NSObject+CCExtension.m */ = {isa = PBXFileReference; fileEncoding = 4; lastKnownFileType = sourcecode.c.objc; path = "NSObject+CCExtension.m"; sourceTree = "<group>"; };
		7034D6361F5FBF3C0005D1E1 /* NSPredicate+CCExtension.h */ = {isa = PBXFileReference; fileEncoding = 4; lastKnownFileType = sourcecode.c.h; path = "NSPredicate+CCExtension.h"; sourceTree = "<group>"; };
		7034D6371F5FBF3C0005D1E1 /* NSPredicate+CCExtension.m */ = {isa = PBXFileReference; fileEncoding = 4; lastKnownFileType = sourcecode.c.objc; path = "NSPredicate+CCExtension.m"; sourceTree = "<group>"; };
		7034D6391F5FBF3C0005D1E1 /* NSString+CCExtension.h */ = {isa = PBXFileReference; fileEncoding = 4; lastKnownFileType = sourcecode.c.h; path = "NSString+CCExtension.h"; sourceTree = "<group>"; };
		7034D63A1F5FBF3C0005D1E1 /* NSString+CCExtension.m */ = {isa = PBXFileReference; fileEncoding = 4; lastKnownFileType = sourcecode.c.objc; path = "NSString+CCExtension.m"; sourceTree = "<group>"; };
		7034D63C1F5FBF3C0005D1E1 /* NSTimer+CCExtension.h */ = {isa = PBXFileReference; fileEncoding = 4; lastKnownFileType = sourcecode.c.h; path = "NSTimer+CCExtension.h"; sourceTree = "<group>"; };
		7034D63D1F5FBF3C0005D1E1 /* NSTimer+CCExtension.m */ = {isa = PBXFileReference; fileEncoding = 4; lastKnownFileType = sourcecode.c.objc; path = "NSTimer+CCExtension.m"; sourceTree = "<group>"; };
		7034D63F1F5FBF3C0005D1E1 /* CCProtocolExtension.h */ = {isa = PBXFileReference; fileEncoding = 4; lastKnownFileType = sourcecode.c.h; path = CCProtocolExtension.h; sourceTree = "<group>"; };
		7034D6411F5FBF3C0005D1E1 /* NSObject+CCProtocol.h */ = {isa = PBXFileReference; fileEncoding = 4; lastKnownFileType = sourcecode.c.h; path = "NSObject+CCProtocol.h"; sourceTree = "<group>"; };
		7034D6421F5FBF3C0005D1E1 /* NSObject+CCProtocol.m */ = {isa = PBXFileReference; fileEncoding = 4; lastKnownFileType = sourcecode.c.objc; path = "NSObject+CCProtocol.m"; sourceTree = "<group>"; };
		7034D6581F5FBF3C0005D1E1 /* UIAlertController+CCExtension.h */ = {isa = PBXFileReference; fileEncoding = 4; lastKnownFileType = sourcecode.c.h; path = "UIAlertController+CCExtension.h"; sourceTree = "<group>"; };
		7034D6591F5FBF3C0005D1E1 /* UIAlertController+CCExtension.m */ = {isa = PBXFileReference; fileEncoding = 4; lastKnownFileType = sourcecode.c.objc; path = "UIAlertController+CCExtension.m"; sourceTree = "<group>"; };
		7034D65B1F5FBF3C0005D1E1 /* UIBarButtonItem+CCExtension.h */ = {isa = PBXFileReference; fileEncoding = 4; lastKnownFileType = sourcecode.c.h; path = "UIBarButtonItem+CCExtension.h"; sourceTree = "<group>"; };
		7034D65C1F5FBF3C0005D1E1 /* UIBarButtonItem+CCExtension.m */ = {isa = PBXFileReference; fileEncoding = 4; lastKnownFileType = sourcecode.c.objc; path = "UIBarButtonItem+CCExtension.m"; sourceTree = "<group>"; };
		7034D65E1F5FBF3C0005D1E1 /* UIButton+CCExtension.h */ = {isa = PBXFileReference; fileEncoding = 4; lastKnownFileType = sourcecode.c.h; path = "UIButton+CCExtension.h"; sourceTree = "<group>"; };
		7034D65F1F5FBF3C0005D1E1 /* UIButton+CCExtension.m */ = {isa = PBXFileReference; fileEncoding = 4; lastKnownFileType = sourcecode.c.objc; path = "UIButton+CCExtension.m"; sourceTree = "<group>"; };
		7034D6611F5FBF3C0005D1E1 /* UICollectionView+CCExtension.h */ = {isa = PBXFileReference; fileEncoding = 4; lastKnownFileType = sourcecode.c.h; path = "UICollectionView+CCExtension.h"; sourceTree = "<group>"; };
		7034D6621F5FBF3C0005D1E1 /* UICollectionView+CCExtension.m */ = {isa = PBXFileReference; fileEncoding = 4; lastKnownFileType = sourcecode.c.objc; path = "UICollectionView+CCExtension.m"; sourceTree = "<group>"; };
		7034D6641F5FBF3C0005D1E1 /* UIColor+CCExtension.h */ = {isa = PBXFileReference; fileEncoding = 4; lastKnownFileType = sourcecode.c.h; path = "UIColor+CCExtension.h"; sourceTree = "<group>"; };
		7034D6651F5FBF3C0005D1E1 /* UIColor+CCExtension.m */ = {isa = PBXFileReference; fileEncoding = 4; lastKnownFileType = sourcecode.c.objc; path = "UIColor+CCExtension.m"; sourceTree = "<group>"; };
		7034D66C1F5FBF3C0005D1E1 /* UIImage+CCExtension.h */ = {isa = PBXFileReference; fileEncoding = 4; lastKnownFileType = sourcecode.c.h; path = "UIImage+CCExtension.h"; sourceTree = "<group>"; };
		7034D66D1F5FBF3C0005D1E1 /* UIImage+CCExtension.m */ = {isa = PBXFileReference; fileEncoding = 4; lastKnownFileType = sourcecode.c.objc; path = "UIImage+CCExtension.m"; sourceTree = "<group>"; };
		7034D66F1F5FBF3C0005D1E1 /* UIImagePickerController+CCExtension.h */ = {isa = PBXFileReference; fileEncoding = 4; lastKnownFileType = sourcecode.c.h; path = "UIImagePickerController+CCExtension.h"; sourceTree = "<group>"; };
		7034D6701F5FBF3C0005D1E1 /* UIImagePickerController+CCExtension.m */ = {isa = PBXFileReference; fileEncoding = 4; lastKnownFileType = sourcecode.c.objc; path = "UIImagePickerController+CCExtension.m"; sourceTree = "<group>"; };
		7034D6721F5FBF3C0005D1E1 /* UIImageView+CCExtension.h */ = {isa = PBXFileReference; fileEncoding = 4; lastKnownFileType = sourcecode.c.h; path = "UIImageView+CCExtension.h"; sourceTree = "<group>"; };
		7034D6731F5FBF3C0005D1E1 /* UIImageView+CCExtension.m */ = {isa = PBXFileReference; fileEncoding = 4; lastKnownFileType = sourcecode.c.objc; path = "UIImageView+CCExtension.m"; sourceTree = "<group>"; };
		7034D6751F5FBF3C0005D1E1 /* UILabel+CCExtension.h */ = {isa = PBXFileReference; fileEncoding = 4; lastKnownFileType = sourcecode.c.h; path = "UILabel+CCExtension.h"; sourceTree = "<group>"; };
		7034D6761F5FBF3C0005D1E1 /* UILabel+CCExtension.m */ = {isa = PBXFileReference; fileEncoding = 4; lastKnownFileType = sourcecode.c.objc; path = "UILabel+CCExtension.m"; sourceTree = "<group>"; };
		7034D67B1F5FBF3C0005D1E1 /* UIScrollView+CCExtension.h */ = {isa = PBXFileReference; fileEncoding = 4; lastKnownFileType = sourcecode.c.h; path = "UIScrollView+CCExtension.h"; sourceTree = "<group>"; };
		7034D67C1F5FBF3C0005D1E1 /* UIScrollView+CCExtension.m */ = {isa = PBXFileReference; fileEncoding = 4; lastKnownFileType = sourcecode.c.objc; path = "UIScrollView+CCExtension.m"; sourceTree = "<group>"; };
		7034D67E1F5FBF3C0005D1E1 /* UITableView+CCExtension.h */ = {isa = PBXFileReference; fileEncoding = 4; lastKnownFileType = sourcecode.c.h; path = "UITableView+CCExtension.h"; sourceTree = "<group>"; };
		7034D67F1F5FBF3C0005D1E1 /* UITableView+CCExtension.m */ = {isa = PBXFileReference; fileEncoding = 4; lastKnownFileType = sourcecode.c.objc; path = "UITableView+CCExtension.m"; sourceTree = "<group>"; };
		7034D6811F5FBF3C0005D1E1 /* UITextField+CCExtension.h */ = {isa = PBXFileReference; fileEncoding = 4; lastKnownFileType = sourcecode.c.h; path = "UITextField+CCExtension.h"; sourceTree = "<group>"; };
		7034D6821F5FBF3C0005D1E1 /* UITextField+CCExtension.m */ = {isa = PBXFileReference; fileEncoding = 4; lastKnownFileType = sourcecode.c.objc; path = "UITextField+CCExtension.m"; sourceTree = "<group>"; };
		7034D6841F5FBF3C0005D1E1 /* UIView+CCExtension.h */ = {isa = PBXFileReference; fileEncoding = 4; lastKnownFileType = sourcecode.c.h; path = "UIView+CCExtension.h"; sourceTree = "<group>"; };
		7034D6851F5FBF3C0005D1E1 /* UIView+CCExtension.m */ = {isa = PBXFileReference; fileEncoding = 4; lastKnownFileType = sourcecode.c.objc; path = "UIView+CCExtension.m"; sourceTree = "<group>"; };
		7034D6871F5FBF3C0005D1E1 /* UIViewController+CCExtension.h */ = {isa = PBXFileReference; fileEncoding = 4; lastKnownFileType = sourcecode.c.h; path = "UIViewController+CCExtension.h"; sourceTree = "<group>"; };
		7034D6881F5FBF3C0005D1E1 /* UIViewController+CCExtension.m */ = {isa = PBXFileReference; fileEncoding = 4; lastKnownFileType = sourcecode.c.objc; path = "UIViewController+CCExtension.m"; sourceTree = "<group>"; };
		7034D68A1F5FBF3C0005D1E1 /* WKWebView+CCExtension.h */ = {isa = PBXFileReference; fileEncoding = 4; lastKnownFileType = sourcecode.c.h; path = "WKWebView+CCExtension.h"; sourceTree = "<group>"; };
		7034D68B1F5FBF3C0005D1E1 /* WKWebView+CCExtension.m */ = {isa = PBXFileReference; fileEncoding = 4; lastKnownFileType = sourcecode.c.objc; path = "WKWebView+CCExtension.m"; sourceTree = "<group>"; };
		7034D68C1F5FBF3C0005D1E1 /* CCExtensionKit.h */ = {isa = PBXFileReference; fileEncoding = 4; lastKnownFileType = sourcecode.c.h; name = CCExtensionKit.h; path = /Users/elwinfrederick/Desktop/SourceTree/CCLocalLibrary/CCExtensionKit/CCExtensionKit.h; sourceTree = "<absolute>"; };
		7034D6B51F5FCAA00005D1E1 /* CCCommonExtension.h */ = {isa = PBXFileReference; lastKnownFileType = sourcecode.c.h; path = CCCommonExtension.h; sourceTree = "<group>"; };
		7034D6B61F5FCC040005D1E1 /* CCAuthorize.h */ = {isa = PBXFileReference; fileEncoding = 4; lastKnownFileType = sourcecode.c.h; path = CCAuthorize.h; sourceTree = "<group>"; };
		7034D6B71F5FCC040005D1E1 /* CCAuthorize.m */ = {isa = PBXFileReference; fileEncoding = 4; lastKnownFileType = sourcecode.c.objc; path = CCAuthorize.m; sourceTree = "<group>"; };
		7034D6B91F5FCE140005D1E1 /* CCCommon.h */ = {isa = PBXFileReference; fileEncoding = 4; lastKnownFileType = sourcecode.c.h; path = CCCommon.h; sourceTree = "<group>"; };
		7034D6BA1F5FCE140005D1E1 /* CCCommon.m */ = {isa = PBXFileReference; fileEncoding = 4; lastKnownFileType = sourcecode.c.objc; path = CCCommon.m; sourceTree = "<group>"; };
		7034D6BC1F5FCF850005D1E1 /* CCSingleton.h */ = {isa = PBXFileReference; fileEncoding = 4; lastKnownFileType = sourcecode.c.h; path = CCSingleton.h; sourceTree = "<group>"; };
		7034D6C51F5FD4C20005D1E1 /* CCViewExtension.h */ = {isa = PBXFileReference; lastKnownFileType = sourcecode.c.h; path = CCViewExtension.h; sourceTree = "<group>"; };
		7034D6C81F5FD5280005D1E1 /* NSURL+CCExtension.h */ = {isa = PBXFileReference; fileEncoding = 4; lastKnownFileType = sourcecode.c.h; path = "NSURL+CCExtension.h"; sourceTree = "<group>"; };
		7034D6C91F5FD5280005D1E1 /* NSURL+CCExtension.m */ = {isa = PBXFileReference; fileEncoding = 4; lastKnownFileType = sourcecode.c.objc; path = "NSURL+CCExtension.m"; sourceTree = "<group>"; };
		7034D6CB1F5FD5370005D1E1 /* NSURLRequest+CCExtension.h */ = {isa = PBXFileReference; fileEncoding = 4; lastKnownFileType = sourcecode.c.h; path = "NSURLRequest+CCExtension.h"; sourceTree = "<group>"; };
		7034D6CC1F5FD5370005D1E1 /* NSURLRequest+CCExtension.m */ = {isa = PBXFileReference; fileEncoding = 4; lastKnownFileType = sourcecode.c.objc; path = "NSURLRequest+CCExtension.m"; sourceTree = "<group>"; };
		7034D6CE1F5FE42F0005D1E1 /* UIGestureRecognizer+CCExtension.h */ = {isa = PBXFileReference; fileEncoding = 4; lastKnownFileType = sourcecode.c.h; path = "UIGestureRecognizer+CCExtension.h"; sourceTree = "<group>"; };
		7034D6CF1F5FE42F0005D1E1 /* UIGestureRecognizer+CCExtension.m */ = {isa = PBXFileReference; fileEncoding = 4; lastKnownFileType = sourcecode.c.objc; path = "UIGestureRecognizer+CCExtension.m"; sourceTree = "<group>"; };
		70BD288F1F6272BF008C2C9A /* UIControl+CCExtension.h */ = {isa = PBXFileReference; fileEncoding = 4; lastKnownFileType = sourcecode.c.h; path = "UIControl+CCExtension.h"; sourceTree = "<group>"; };
		70BD28901F6272BF008C2C9A /* UIControl+CCExtension.m */ = {isa = PBXFileReference; fileEncoding = 4; lastKnownFileType = sourcecode.c.objc; path = "UIControl+CCExtension.m"; sourceTree = "<group>"; };
		70BD28931F628F6C008C2C9A /* UIFont+CCExtension.h */ = {isa = PBXFileReference; fileEncoding = 4; lastKnownFileType = sourcecode.c.h; path = "UIFont+CCExtension.h"; sourceTree = "<group>"; };
		70BD28941F628F6C008C2C9A /* UIFont+CCExtension.m */ = {isa = PBXFileReference; fileEncoding = 4; lastKnownFileType = sourcecode.c.objc; path = "UIFont+CCExtension.m"; sourceTree = "<group>"; };
		70BD28961F6297F2008C2C9A /* UINavigationItem+CCExtension.h */ = {isa = PBXFileReference; fileEncoding = 4; lastKnownFileType = sourcecode.c.h; path = "UINavigationItem+CCExtension.h"; sourceTree = "<group>"; };
		70BD28971F6297F2008C2C9A /* UINavigationItem+CCExtension.m */ = {isa = PBXFileReference; fileEncoding = 4; lastKnownFileType = sourcecode.c.objc; path = "UINavigationItem+CCExtension.m"; sourceTree = "<group>"; };
		70FF2FB81F6A1BD5001B6407 /* UITextView+CCExtension.h */ = {isa = PBXFileReference; fileEncoding = 4; lastKnownFileType = sourcecode.c.h; path = "UITextView+CCExtension.h"; sourceTree = "<group>"; };
		70FF2FB91F6A1BD5001B6407 /* UITextView+CCExtension.m */ = {isa = PBXFileReference; fileEncoding = 4; lastKnownFileType = sourcecode.c.objc; path = "UITextView+CCExtension.m"; sourceTree = "<group>"; };
		70FF2FBB1F6A1D4F001B6407 /* CCAdvanceMacro.h */ = {isa = PBXFileReference; fileEncoding = 4; lastKnownFileType = sourcecode.c.h; path = CCAdvanceMacro.h; sourceTree = "<group>"; };
		70FF2FD01F6A34BD001B6407 /* CCEasyWebView.h */ = {isa = PBXFileReference; fileEncoding = 4; lastKnownFileType = sourcecode.c.h; path = CCEasyWebView.h; sourceTree = "<group>"; };
		70FF2FD11F6A34BD001B6407 /* CCEasyWebView.m */ = {isa = PBXFileReference; fileEncoding = 4; lastKnownFileType = sourcecode.c.objc; path = CCEasyWebView.m; sourceTree = "<group>"; };
		70FF2FD31F6A34BD001B6407 /* CCMenuView.h */ = {isa = PBXFileReference; fileEncoding = 4; lastKnownFileType = sourcecode.c.h; path = CCMenuView.h; sourceTree = "<group>"; };
		70FF2FD41F6A34BD001B6407 /* CCMenuView.m */ = {isa = PBXFileReference; fileEncoding = 4; lastKnownFileType = sourcecode.c.objc; path = CCMenuView.m; sourceTree = "<group>"; };
		70FF2FD91F6A46C1001B6407 /* MBProgressHUD+CCExtension.h */ = {isa = PBXFileReference; fileEncoding = 4; lastKnownFileType = sourcecode.c.h; path = "MBProgressHUD+CCExtension.h"; sourceTree = "<group>"; };
		70FF2FDA1F6A46C1001B6407 /* MBProgressHUD+CCExtension.m */ = {isa = PBXFileReference; fileEncoding = 4; lastKnownFileType = sourcecode.c.objc; path = "MBProgressHUD+CCExtension.m"; sourceTree = "<group>"; };
		70FF2FDC1F6A46C1001B6407 /* CCNetworkMoniter.h */ = {isa = PBXFileReference; fileEncoding = 4; lastKnownFileType = sourcecode.c.h; path = CCNetworkMoniter.h; sourceTree = "<group>"; };
		70FF2FDD1F6A46C1001B6407 /* CCNetworkMoniter.m */ = {isa = PBXFileReference; fileEncoding = 4; lastKnownFileType = sourcecode.c.objc; path = CCNetworkMoniter.m; sourceTree = "<group>"; };
		70FF2FE21F6A4824001B6407 /* UIImageView+CCExtension_WeakNetwork.h */ = {isa = PBXFileReference; fileEncoding = 4; lastKnownFileType = sourcecode.c.h; path = "UIImageView+CCExtension_WeakNetwork.h"; sourceTree = "<group>"; };
		70FF2FE31F6A4824001B6407 /* UIImageView+CCExtension_WeakNetwork.m */ = {isa = PBXFileReference; fileEncoding = 4; lastKnownFileType = sourcecode.c.objc; path = "UIImageView+CCExtension_WeakNetwork.m"; sourceTree = "<group>"; };
		70FF304F1F6A6984001B6407 /* UICollectionView+CCExtension_Refresh.h */ = {isa = PBXFileReference; fileEncoding = 4; lastKnownFileType = sourcecode.c.h; path = "UICollectionView+CCExtension_Refresh.h"; sourceTree = "<group>"; };
		70FF30501F6A6984001B6407 /* UICollectionView+CCExtension_Refresh.m */ = {isa = PBXFileReference; fileEncoding = 4; lastKnownFileType = sourcecode.c.objc; path = "UICollectionView+CCExtension_Refresh.m"; sourceTree = "<group>"; };
		70FF30521F6A6B7A001B6407 /* UITableView+CCExtension_Refresh.h */ = {isa = PBXFileReference; fileEncoding = 4; lastKnownFileType = sourcecode.c.h; path = "UITableView+CCExtension_Refresh.h"; sourceTree = "<group>"; };
		70FF30531F6A6B7A001B6407 /* UITableView+CCExtension_Refresh.m */ = {isa = PBXFileReference; fileEncoding = 4; lastKnownFileType = sourcecode.c.objc; path = "UITableView+CCExtension_Refresh.m"; sourceTree = "<group>"; };
		70FF30551F6A7690001B6407 /* CCCustomExtension.h */ = {isa = PBXFileReference; lastKnownFileType = sourcecode.c.h; path = CCCustomExtension.h; sourceTree = "<group>"; };
		70FF305B1F6A784F001B6407 /* CCRouterExtension.h */ = {isa = PBXFileReference; lastKnownFileType = sourcecode.c.h; path = CCRouterExtension.h; sourceTree = "<group>"; };
		70FF305C1F6A7874001B6407 /* CCMediator.h */ = {isa = PBXFileReference; fileEncoding = 4; lastKnownFileType = sourcecode.c.h; path = CCMediator.h; sourceTree = "<group>"; };
		70FF305D1F6A7874001B6407 /* CCMediator.m */ = {isa = PBXFileReference; fileEncoding = 4; lastKnownFileType = sourcecode.c.objc; path = CCMediator.m; sourceTree = "<group>"; };
		70FF305F1F6A79B3001B6407 /* CCBridgeWrapper.h */ = {isa = PBXFileReference; fileEncoding = 4; lastKnownFileType = sourcecode.c.h; path = CCBridgeWrapper.h; sourceTree = "<group>"; };
		70FF30601F6A79B3001B6407 /* CCBridgeWrapper.m */ = {isa = PBXFileReference; fileEncoding = 4; lastKnownFileType = sourcecode.c.objc; path = CCBridgeWrapper.m; sourceTree = "<group>"; };
/* End PBXFileReference section */

/* Begin PBXFrameworksBuildPhase section */
		37C69E121ED6684D00531ED3 /* Frameworks */ = {
			isa = PBXFrameworksBuildPhase;
			buildActionMask = 2147483647;
			files = (
				244AFA8F04C1883DB480CE01 /* Pods_CCLocalLibrary.framework in Frameworks */,
			);
			runOnlyForDeploymentPostprocessing = 0;
		};
/* End PBXFrameworksBuildPhase section */

/* Begin PBXGroup section */
		003A28CBDB5B3835E6E8EC1B /* Pods */ = {
			isa = PBXGroup;
			children = (
				3D5CA2FFF5E357F90100D989 /* Pods-CCLocalLibrary.debug.xcconfig */,
				06F3945F3B247350FA607CEF /* Pods-CCLocalLibrary.release.xcconfig */,
			);
			name = Pods;
			sourceTree = "<group>";
		};
		37C69E0C1ED6684D00531ED3 = {
			isa = PBXGroup;
			children = (
				7034D6121F5FBF3C0005D1E1 /* CCExtensionKit */,
				37C69E171ED6684D00531ED3 /* CCLocalLibrary */,
				37C69E161ED6684D00531ED3 /* Products */,
				003A28CBDB5B3835E6E8EC1B /* Pods */,
				8B7896DEA8F6C51E28F52700 /* Frameworks */,
			);
			sourceTree = "<group>";
		};
		37C69E161ED6684D00531ED3 /* Products */ = {
			isa = PBXGroup;
			children = (
				37C69E151ED6684D00531ED3 /* CCLocalLibrary.app */,
			);
			name = Products;
			sourceTree = "<group>";
		};
		37C69E171ED6684D00531ED3 /* CCLocalLibrary */ = {
			isa = PBXGroup;
			children = (
				377CAD191F0105E800AE46A8 /* 0ZG63407-0.png */,
				37C69E1B1ED6684D00531ED3 /* AppDelegate.h */,
				37C69E1C1ED6684D00531ED3 /* AppDelegate.m */,
				37C69E1E1ED6684D00531ED3 /* ViewController.h */,
				37C69E1F1ED6684D00531ED3 /* ViewController.m */,
				37C69E211ED6684D00531ED3 /* Main.storyboard */,
				37C69E241ED6684D00531ED3 /* Assets.xcassets */,
				37C69E261ED6684D00531ED3 /* LaunchScreen.storyboard */,
				37C69E291ED6684D00531ED3 /* Info.plist */,
				37C69E181ED6684D00531ED3 /* Supporting Files */,
			);
			path = CCLocalLibrary;
			sourceTree = "<group>";
		};
		37C69E181ED6684D00531ED3 /* Supporting Files */ = {
			isa = PBXGroup;
			children = (
				37C69E191ED6684D00531ED3 /* main.m */,
			);
			name = "Supporting Files";
			sourceTree = "<group>";
		};
		7034D6121F5FBF3C0005D1E1 /* CCExtensionKit */ = {
			isa = PBXGroup;
			children = (
				7034D6141F5FBF3C0005D1E1 /* CCExtensionKit */,
			);
			name = CCExtensionKit;
			path = ../CCExtensionKit;
			sourceTree = "<group>";
		};
		7034D6141F5FBF3C0005D1E1 /* CCExtensionKit */ = {
			isa = PBXGroup;
			children = (
				7034D68C1F5FBF3C0005D1E1 /* CCExtensionKit.h */,
				7034D63E1F5FBF3C0005D1E1 /* CCProtocol */,
				7034D61B1F5FBF3C0005D1E1 /* CCData */,
				7034D6531F5FBF3C0005D1E1 /* CCView */,
				7034D6151F5FBF3C0005D1E1 /* CCCommon */,
				70FF2FD71F6A46C1001B6407 /* CCCustom */,
				70FF30561F6A7820001B6407 /* CCRouter */,
			);
			path = CCExtensionKit;
			sourceTree = "<group>";
		};
		7034D6151F5FBF3C0005D1E1 /* CCCommon */ = {
			isa = PBXGroup;
			children = (
				7034D6B51F5FCAA00005D1E1 /* CCCommonExtension.h */,
				7034D6B31F5FCA910005D1E1 /* CCAuthorize */,
				7034D6B41F5FCA910005D1E1 /* CCCommon */,
			);
			path = CCCommon;
			sourceTree = "<group>";
		};
		7034D61B1F5FBF3C0005D1E1 /* CCData */ = {
			isa = PBXGroup;
			children = (
				7034D61C1F5FBF3C0005D1E1 /* CCDataExtension.h */,
				7034D61D1F5FBF3C0005D1E1 /* NSArray */,
				7034D6201F5FBF3C0005D1E1 /* NSAttributedString */,
				7034D6231F5FBF3C0005D1E1 /* NSBundle */,
				7034D6261F5FBF3C0005D1E1 /* NSDate */,
				7034D6291F5FBF3C0005D1E1 /* NSDictionary */,
				7034D62C1F5FBF3C0005D1E1 /* NSFileManager */,
				7034D62F1F5FBF3C0005D1E1 /* NSNumber */,
				7034D6321F5FBF3C0005D1E1 /* NSObject */,
				7034D6351F5FBF3C0005D1E1 /* NSPredicate */,
				7034D6381F5FBF3C0005D1E1 /* NSString */,
				7034D63B1F5FBF3C0005D1E1 /* NSTimer */,
				7034D6C61F5FD5000005D1E1 /* NSURL */,
				7034D6C71F5FD5000005D1E1 /* NSURLRequest */,
			);
			path = CCData;
			sourceTree = "<group>";
		};
		7034D61D1F5FBF3C0005D1E1 /* NSArray */ = {
			isa = PBXGroup;
			children = (
				7034D61E1F5FBF3C0005D1E1 /* NSArray+CCExtension.h */,
				7034D61F1F5FBF3C0005D1E1 /* NSArray+CCExtension.m */,
			);
			path = NSArray;
			sourceTree = "<group>";
		};
		7034D6201F5FBF3C0005D1E1 /* NSAttributedString */ = {
			isa = PBXGroup;
			children = (
				7034D6211F5FBF3C0005D1E1 /* NSAttributedString+CCExtension.h */,
				7034D6221F5FBF3C0005D1E1 /* NSAttributedString+CCExtension.m */,
			);
			path = NSAttributedString;
			sourceTree = "<group>";
		};
		7034D6231F5FBF3C0005D1E1 /* NSBundle */ = {
			isa = PBXGroup;
			children = (
				7034D6241F5FBF3C0005D1E1 /* NSBundle+CCExtension.h */,
				7034D6251F5FBF3C0005D1E1 /* NSBundle+CCExtension.m */,
			);
			path = NSBundle;
			sourceTree = "<group>";
		};
		7034D6261F5FBF3C0005D1E1 /* NSDate */ = {
			isa = PBXGroup;
			children = (
				7034D6271F5FBF3C0005D1E1 /* NSDate+CCExtension.h */,
				7034D6281F5FBF3C0005D1E1 /* NSDate+CCExtension.m */,
			);
			path = NSDate;
			sourceTree = "<group>";
		};
		7034D6291F5FBF3C0005D1E1 /* NSDictionary */ = {
			isa = PBXGroup;
			children = (
				7034D62A1F5FBF3C0005D1E1 /* NSDictionary+CCExtension.h */,
				7034D62B1F5FBF3C0005D1E1 /* NSDictionary+CCExtension.m */,
			);
			path = NSDictionary;
			sourceTree = "<group>";
		};
		7034D62C1F5FBF3C0005D1E1 /* NSFileManager */ = {
			isa = PBXGroup;
			children = (
				7034D62D1F5FBF3C0005D1E1 /* NSFileManager+CCExtension.h */,
				7034D62E1F5FBF3C0005D1E1 /* NSFileManager+CCExtension.m */,
			);
			path = NSFileManager;
			sourceTree = "<group>";
		};
		7034D62F1F5FBF3C0005D1E1 /* NSNumber */ = {
			isa = PBXGroup;
			children = (
				7034D6301F5FBF3C0005D1E1 /* NSNumber+CCExtension.h */,
				7034D6311F5FBF3C0005D1E1 /* NSNumber+CCExtension.m */,
			);
			path = NSNumber;
			sourceTree = "<group>";
		};
		7034D6321F5FBF3C0005D1E1 /* NSObject */ = {
			isa = PBXGroup;
			children = (
				7034D6331F5FBF3C0005D1E1 /* NSObject+CCExtension.h */,
				7034D6341F5FBF3C0005D1E1 /* NSObject+CCExtension.m */,
			);
			path = NSObject;
			sourceTree = "<group>";
		};
		7034D6351F5FBF3C0005D1E1 /* NSPredicate */ = {
			isa = PBXGroup;
			children = (
				7034D6361F5FBF3C0005D1E1 /* NSPredicate+CCExtension.h */,
				7034D6371F5FBF3C0005D1E1 /* NSPredicate+CCExtension.m */,
			);
			path = NSPredicate;
			sourceTree = "<group>";
		};
		7034D6381F5FBF3C0005D1E1 /* NSString */ = {
			isa = PBXGroup;
			children = (
				7034D6391F5FBF3C0005D1E1 /* NSString+CCExtension.h */,
				7034D63A1F5FBF3C0005D1E1 /* NSString+CCExtension.m */,
			);
			path = NSString;
			sourceTree = "<group>";
		};
		7034D63B1F5FBF3C0005D1E1 /* NSTimer */ = {
			isa = PBXGroup;
			children = (
				7034D63C1F5FBF3C0005D1E1 /* NSTimer+CCExtension.h */,
				7034D63D1F5FBF3C0005D1E1 /* NSTimer+CCExtension.m */,
			);
			path = NSTimer;
			sourceTree = "<group>";
		};
		7034D63E1F5FBF3C0005D1E1 /* CCProtocol */ = {
			isa = PBXGroup;
			children = (
				7034D63F1F5FBF3C0005D1E1 /* CCProtocolExtension.h */,
				7034D6401F5FBF3C0005D1E1 /* NSObject */,
			);
			path = CCProtocol;
			sourceTree = "<group>";
		};
		7034D6401F5FBF3C0005D1E1 /* NSObject */ = {
			isa = PBXGroup;
			children = (
				7034D6411F5FBF3C0005D1E1 /* NSObject+CCProtocol.h */,
				7034D6421F5FBF3C0005D1E1 /* NSObject+CCProtocol.m */,
			);
			path = NSObject;
			sourceTree = "<group>";
		};
		7034D6531F5FBF3C0005D1E1 /* CCView */ = {
			isa = PBXGroup;
			children = (
				7034D6C51F5FD4C20005D1E1 /* CCViewExtension.h */,
				70FF2FCE1F6A34BD001B6407 /* CCOriginalCustom */,
				7034D6831F5FBF3C0005D1E1 /* UIView */,
				7034D6891F5FBF3C0005D1E1 /* WKWebVuew */,
				7034D6571F5FBF3C0005D1E1 /* UIAlertController */,
				7034D65A1F5FBF3C0005D1E1 /* UIBarButtonItem */,
				7034D65D1F5FBF3C0005D1E1 /* UIButton */,
				7034D6601F5FBF3C0005D1E1 /* UICollectionView */,
				7034D6631F5FBF3C0005D1E1 /* UIColor */,
				70BD288E1F62729E008C2C9A /* UIControl */,
				7034D6661F5FBF3C0005D1E1 /* UIGestureRecognizer */,
				7034D66B1F5FBF3C0005D1E1 /* UIImage */,
				7034D66E1F5FBF3C0005D1E1 /* UIImagePickerController */,
				70BD28921F628F5A008C2C9A /* UIFont */,
				7034D6711F5FBF3C0005D1E1 /* UIImageView */,
				7034D6741F5FBF3C0005D1E1 /* UILabel */,
				7034D6771F5FBF3C0005D1E1 /* UINavigationItem */,
				7034D67A1F5FBF3C0005D1E1 /* UIScrollView */,
				7034D67D1F5FBF3C0005D1E1 /* UITableView */,
				7034D6801F5FBF3C0005D1E1 /* UITextField */,
				70FF2FB71F6A1BBB001B6407 /* UITextView */,
				7034D6861F5FBF3C0005D1E1 /* UIViewController */,
			);
			path = CCView;
			sourceTree = "<group>";
		};
		7034D6571F5FBF3C0005D1E1 /* UIAlertController */ = {
			isa = PBXGroup;
			children = (
				7034D6581F5FBF3C0005D1E1 /* UIAlertController+CCExtension.h */,
				7034D6591F5FBF3C0005D1E1 /* UIAlertController+CCExtension.m */,
			);
			path = UIAlertController;
			sourceTree = "<group>";
		};
		7034D65A1F5FBF3C0005D1E1 /* UIBarButtonItem */ = {
			isa = PBXGroup;
			children = (
				7034D65B1F5FBF3C0005D1E1 /* UIBarButtonItem+CCExtension.h */,
				7034D65C1F5FBF3C0005D1E1 /* UIBarButtonItem+CCExtension.m */,
			);
			path = UIBarButtonItem;
			sourceTree = "<group>";
		};
		7034D65D1F5FBF3C0005D1E1 /* UIButton */ = {
			isa = PBXGroup;
			children = (
				7034D65E1F5FBF3C0005D1E1 /* UIButton+CCExtension.h */,
				7034D65F1F5FBF3C0005D1E1 /* UIButton+CCExtension.m */,
			);
			path = UIButton;
			sourceTree = "<group>";
		};
		7034D6601F5FBF3C0005D1E1 /* UICollectionView */ = {
			isa = PBXGroup;
			children = (
				7034D6611F5FBF3C0005D1E1 /* UICollectionView+CCExtension.h */,
				7034D6621F5FBF3C0005D1E1 /* UICollectionView+CCExtension.m */,
			);
			path = UICollectionView;
			sourceTree = "<group>";
		};
		7034D6631F5FBF3C0005D1E1 /* UIColor */ = {
			isa = PBXGroup;
			children = (
				7034D6641F5FBF3C0005D1E1 /* UIColor+CCExtension.h */,
				7034D6651F5FBF3C0005D1E1 /* UIColor+CCExtension.m */,
			);
			path = UIColor;
			sourceTree = "<group>";
		};
		7034D6661F5FBF3C0005D1E1 /* UIGestureRecognizer */ = {
			isa = PBXGroup;
			children = (
				7034D6CE1F5FE42F0005D1E1 /* UIGestureRecognizer+CCExtension.h */,
				7034D6CF1F5FE42F0005D1E1 /* UIGestureRecognizer+CCExtension.m */,
			);
			path = UIGestureRecognizer;
			sourceTree = "<group>";
		};
		7034D66B1F5FBF3C0005D1E1 /* UIImage */ = {
			isa = PBXGroup;
			children = (
				7034D66C1F5FBF3C0005D1E1 /* UIImage+CCExtension.h */,
				7034D66D1F5FBF3C0005D1E1 /* UIImage+CCExtension.m */,
			);
			path = UIImage;
			sourceTree = "<group>";
		};
		7034D66E1F5FBF3C0005D1E1 /* UIImagePickerController */ = {
			isa = PBXGroup;
			children = (
				7034D66F1F5FBF3C0005D1E1 /* UIImagePickerController+CCExtension.h */,
				7034D6701F5FBF3C0005D1E1 /* UIImagePickerController+CCExtension.m */,
			);
			path = UIImagePickerController;
			sourceTree = "<group>";
		};
		7034D6711F5FBF3C0005D1E1 /* UIImageView */ = {
			isa = PBXGroup;
			children = (
				7034D6721F5FBF3C0005D1E1 /* UIImageView+CCExtension.h */,
				7034D6731F5FBF3C0005D1E1 /* UIImageView+CCExtension.m */,
			);
			path = UIImageView;
			sourceTree = "<group>";
		};
		7034D6741F5FBF3C0005D1E1 /* UILabel */ = {
			isa = PBXGroup;
			children = (
				7034D6751F5FBF3C0005D1E1 /* UILabel+CCExtension.h */,
				7034D6761F5FBF3C0005D1E1 /* UILabel+CCExtension.m */,
			);
			path = UILabel;
			sourceTree = "<group>";
		};
		7034D6771F5FBF3C0005D1E1 /* UINavigationItem */ = {
			isa = PBXGroup;
			children = (
				70BD28961F6297F2008C2C9A /* UINavigationItem+CCExtension.h */,
				70BD28971F6297F2008C2C9A /* UINavigationItem+CCExtension.m */,
			);
			path = UINavigationItem;
			sourceTree = "<group>";
		};
		7034D67A1F5FBF3C0005D1E1 /* UIScrollView */ = {
			isa = PBXGroup;
			children = (
				7034D67B1F5FBF3C0005D1E1 /* UIScrollView+CCExtension.h */,
				7034D67C1F5FBF3C0005D1E1 /* UIScrollView+CCExtension.m */,
			);
			path = UIScrollView;
			sourceTree = "<group>";
		};
		7034D67D1F5FBF3C0005D1E1 /* UITableView */ = {
			isa = PBXGroup;
			children = (
				7034D67E1F5FBF3C0005D1E1 /* UITableView+CCExtension.h */,
				7034D67F1F5FBF3C0005D1E1 /* UITableView+CCExtension.m */,
			);
			path = UITableView;
			sourceTree = "<group>";
		};
		7034D6801F5FBF3C0005D1E1 /* UITextField */ = {
			isa = PBXGroup;
			children = (
				7034D6811F5FBF3C0005D1E1 /* UITextField+CCExtension.h */,
				7034D6821F5FBF3C0005D1E1 /* UITextField+CCExtension.m */,
			);
			path = UITextField;
			sourceTree = "<group>";
		};
		7034D6831F5FBF3C0005D1E1 /* UIView */ = {
			isa = PBXGroup;
			children = (
				7034D6841F5FBF3C0005D1E1 /* UIView+CCExtension.h */,
				7034D6851F5FBF3C0005D1E1 /* UIView+CCExtension.m */,
			);
			path = UIView;
			sourceTree = "<group>";
		};
		7034D6861F5FBF3C0005D1E1 /* UIViewController */ = {
			isa = PBXGroup;
			children = (
				7034D6871F5FBF3C0005D1E1 /* UIViewController+CCExtension.h */,
				7034D6881F5FBF3C0005D1E1 /* UIViewController+CCExtension.m */,
			);
			path = UIViewController;
			sourceTree = "<group>";
		};
		7034D6891F5FBF3C0005D1E1 /* WKWebVuew */ = {
			isa = PBXGroup;
			children = (
				7034D68A1F5FBF3C0005D1E1 /* WKWebView+CCExtension.h */,
				7034D68B1F5FBF3C0005D1E1 /* WKWebView+CCExtension.m */,
			);
			path = WKWebVuew;
			sourceTree = "<group>";
		};
		7034D6B31F5FCA910005D1E1 /* CCAuthorize */ = {
			isa = PBXGroup;
			children = (
				7034D6B61F5FCC040005D1E1 /* CCAuthorize.h */,
				7034D6B71F5FCC040005D1E1 /* CCAuthorize.m */,
			);
			path = CCAuthorize;
			sourceTree = "<group>";
		};
		7034D6B41F5FCA910005D1E1 /* CCCommon */ = {
			isa = PBXGroup;
			children = (
				70FF2FBB1F6A1D4F001B6407 /* CCAdvanceMacro.h */,
				7034D6BC1F5FCF850005D1E1 /* CCSingleton.h */,
				7034D6B91F5FCE140005D1E1 /* CCCommon.h */,
				7034D6BA1F5FCE140005D1E1 /* CCCommon.m */,
			);
			path = CCCommon;
			sourceTree = "<group>";
		};
		7034D6C61F5FD5000005D1E1 /* NSURL */ = {
			isa = PBXGroup;
			children = (
				7034D6C81F5FD5280005D1E1 /* NSURL+CCExtension.h */,
				7034D6C91F5FD5280005D1E1 /* NSURL+CCExtension.m */,
			);
			path = NSURL;
			sourceTree = "<group>";
		};
		7034D6C71F5FD5000005D1E1 /* NSURLRequest */ = {
			isa = PBXGroup;
			children = (
				7034D6CB1F5FD5370005D1E1 /* NSURLRequest+CCExtension.h */,
				7034D6CC1F5FD5370005D1E1 /* NSURLRequest+CCExtension.m */,
			);
			path = NSURLRequest;
			sourceTree = "<group>";
		};
		70BD288E1F62729E008C2C9A /* UIControl */ = {
			isa = PBXGroup;
			children = (
				70BD288F1F6272BF008C2C9A /* UIControl+CCExtension.h */,
				70BD28901F6272BF008C2C9A /* UIControl+CCExtension.m */,
			);
			path = UIControl;
			sourceTree = "<group>";
		};
		70BD28921F628F5A008C2C9A /* UIFont */ = {
			isa = PBXGroup;
			children = (
				70BD28931F628F6C008C2C9A /* UIFont+CCExtension.h */,
				70BD28941F628F6C008C2C9A /* UIFont+CCExtension.m */,
			);
			path = UIFont;
			sourceTree = "<group>";
		};
		70FF2FB71F6A1BBB001B6407 /* UITextView */ = {
			isa = PBXGroup;
			children = (
				70FF2FB81F6A1BD5001B6407 /* UITextView+CCExtension.h */,
				70FF2FB91F6A1BD5001B6407 /* UITextView+CCExtension.m */,
			);
			path = UITextView;
			sourceTree = "<group>";
		};
		70FF2FCE1F6A34BD001B6407 /* CCOriginalCustom */ = {
			isa = PBXGroup;
			children = (
				70FF2FCF1F6A34BD001B6407 /* CCEasyWebView */,
				70FF2FD21F6A34BD001B6407 /* UIMenuController */,
			);
			path = CCOriginalCustom;
			sourceTree = "<group>";
		};
		70FF2FCF1F6A34BD001B6407 /* CCEasyWebView */ = {
			isa = PBXGroup;
			children = (
				70FF2FD01F6A34BD001B6407 /* CCEasyWebView.h */,
				70FF2FD11F6A34BD001B6407 /* CCEasyWebView.m */,
			);
			path = CCEasyWebView;
			sourceTree = "<group>";
		};
		70FF2FD21F6A34BD001B6407 /* UIMenuController */ = {
			isa = PBXGroup;
			children = (
				70FF2FD31F6A34BD001B6407 /* CCMenuView.h */,
				70FF2FD41F6A34BD001B6407 /* CCMenuView.m */,
			);
			path = UIMenuController;
			sourceTree = "<group>";
		};
		70FF2FD71F6A46C1001B6407 /* CCCustom */ = {
			isa = PBXGroup;
			children = (
				70FF30551F6A7690001B6407 /* CCCustomExtension.h */,
				70FF2FE11F6A4806001B6407 /* CCWeakNetImageView */,
				70FF2FDB1F6A46C1001B6407 /* NetworkMoniter */,
				70FF304D1F6A6963001B6407 /* UICollectionView */,
				70FF304E1F6A6963001B6407 /* UITableView */,
				70FF2FD81F6A46C1001B6407 /* MBProgressHud */,
			);
			path = CCCustom;
			sourceTree = "<group>";
		};
		70FF2FD81F6A46C1001B6407 /* MBProgressHud */ = {
			isa = PBXGroup;
			children = (
				70FF2FD91F6A46C1001B6407 /* MBProgressHUD+CCExtension.h */,
				70FF2FDA1F6A46C1001B6407 /* MBProgressHUD+CCExtension.m */,
			);
			path = MBProgressHud;
			sourceTree = "<group>";
		};
		70FF2FDB1F6A46C1001B6407 /* NetworkMoniter */ = {
			isa = PBXGroup;
			children = (
				70FF2FDC1F6A46C1001B6407 /* CCNetworkMoniter.h */,
				70FF2FDD1F6A46C1001B6407 /* CCNetworkMoniter.m */,
			);
			path = NetworkMoniter;
			sourceTree = "<group>";
		};
		70FF2FE11F6A4806001B6407 /* CCWeakNetImageView */ = {
			isa = PBXGroup;
			children = (
				70FF2FE21F6A4824001B6407 /* UIImageView+CCExtension_WeakNetwork.h */,
				70FF2FE31F6A4824001B6407 /* UIImageView+CCExtension_WeakNetwork.m */,
			);
			path = CCWeakNetImageView;
			sourceTree = "<group>";
		};
		70FF304D1F6A6963001B6407 /* UICollectionView */ = {
			isa = PBXGroup;
			children = (
				70FF304F1F6A6984001B6407 /* UICollectionView+CCExtension_Refresh.h */,
				70FF30501F6A6984001B6407 /* UICollectionView+CCExtension_Refresh.m */,
			);
			path = UICollectionView;
			sourceTree = "<group>";
		};
		70FF304E1F6A6963001B6407 /* UITableView */ = {
			isa = PBXGroup;
			children = (
				70FF30521F6A6B7A001B6407 /* UITableView+CCExtension_Refresh.h */,
				70FF30531F6A6B7A001B6407 /* UITableView+CCExtension_Refresh.m */,
			);
			path = UITableView;
			sourceTree = "<group>";
		};
		70FF30561F6A7820001B6407 /* CCRouter */ = {
			isa = PBXGroup;
			children = (
				70FF305B1F6A784F001B6407 /* CCRouterExtension.h */,
				70FF30571F6A7820001B6407 /* CCBridgeMGJ */,
				70FF305A1F6A7820001B6407 /* CCMediator */,
			);
			path = CCRouter;
			sourceTree = "<group>";
		};
		70FF30571F6A7820001B6407 /* CCBridgeMGJ */ = {
			isa = PBXGroup;
			children = (
				70FF30581F6A7820001B6407 /* CCAPI */,
				70FF30591F6A7820001B6407 /* CCBridgeWrapper */,
			);
			path = CCBridgeMGJ;
			sourceTree = "<group>";
		};
		70FF30581F6A7820001B6407 /* CCAPI */ = {
			isa = PBXGroup;
			children = (
			);
			path = CCAPI;
			sourceTree = "<group>";
		};
		70FF30591F6A7820001B6407 /* CCBridgeWrapper */ = {
			isa = PBXGroup;
			children = (
				70FF305F1F6A79B3001B6407 /* CCBridgeWrapper.h */,
				70FF30601F6A79B3001B6407 /* CCBridgeWrapper.m */,
			);
			path = CCBridgeWrapper;
			sourceTree = "<group>";
		};
		70FF305A1F6A7820001B6407 /* CCMediator */ = {
			isa = PBXGroup;
			children = (
				70FF305C1F6A7874001B6407 /* CCMediator.h */,
				70FF305D1F6A7874001B6407 /* CCMediator.m */,
			);
			path = CCMediator;
			sourceTree = "<group>";
		};
		8B7896DEA8F6C51E28F52700 /* Frameworks */ = {
			isa = PBXGroup;
			children = (
				1C424E92BD9104CE08216FD9 /* Pods_CCLocalLibrary.framework */,
			);
			name = Frameworks;
			sourceTree = "<group>";
		};
/* End PBXGroup section */

/* Begin PBXNativeTarget section */
		37C69E141ED6684D00531ED3 /* CCLocalLibrary */ = {
			isa = PBXNativeTarget;
			buildConfigurationList = 37C69E2C1ED6684D00531ED3 /* Build configuration list for PBXNativeTarget "CCLocalLibrary" */;
			buildPhases = (
				8D7098B6BAB3717C98981D05 /* [CP] Check Pods Manifest.lock */,
				37C69E111ED6684D00531ED3 /* Sources */,
				37C69E121ED6684D00531ED3 /* Frameworks */,
				37C69E131ED6684D00531ED3 /* Resources */,
				1EBA68B022ED73D8F5B3A07E /* [CP] Embed Pods Frameworks */,
				88DE172D4556FA97B1D90027 /* [CP] Copy Pods Resources */,
			);
			buildRules = (
			);
			dependencies = (
			);
			name = CCLocalLibrary;
			productName = CCLocalLibrary;
			productReference = 37C69E151ED6684D00531ED3 /* CCLocalLibrary.app */;
			productType = "com.apple.product-type.application";
		};
/* End PBXNativeTarget section */

/* Begin PBXProject section */
		37C69E0D1ED6684D00531ED3 /* Project object */ = {
			isa = PBXProject;
			attributes = {
				CLASSPREFIX = CC;
				LastUpgradeCheck = 0830;
				ORGANIZATIONNAME = "冯明庆";
				TargetAttributes = {
					37C69E141ED6684D00531ED3 = {
						CreatedOnToolsVersion = 8.3.2;
						DevelopmentTeam = Y6QZNMQWRN;
						ProvisioningStyle = Automatic;
					};
				};
			};
			buildConfigurationList = 37C69E101ED6684D00531ED3 /* Build configuration list for PBXProject "CCLocalLibrary" */;
			compatibilityVersion = "Xcode 3.2";
			developmentRegion = English;
			hasScannedForEncodings = 0;
			knownRegions = (
				en,
				Base,
			);
			mainGroup = 37C69E0C1ED6684D00531ED3;
			productRefGroup = 37C69E161ED6684D00531ED3 /* Products */;
			projectDirPath = "";
			projectRoot = "";
			targets = (
				37C69E141ED6684D00531ED3 /* CCLocalLibrary */,
			);
		};
/* End PBXProject section */

/* Begin PBXResourcesBuildPhase section */
		37C69E131ED6684D00531ED3 /* Resources */ = {
			isa = PBXResourcesBuildPhase;
			buildActionMask = 2147483647;
			files = (
				37C69E281ED6684D00531ED3 /* LaunchScreen.storyboard in Resources */,
				37C69E251ED6684D00531ED3 /* Assets.xcassets in Resources */,
				377CAD1A1F0105E800AE46A8 /* 0ZG63407-0.png in Resources */,
				37C69E231ED6684D00531ED3 /* Main.storyboard in Resources */,
			);
			runOnlyForDeploymentPostprocessing = 0;
		};
/* End PBXResourcesBuildPhase section */

/* Begin PBXShellScriptBuildPhase section */
		1EBA68B022ED73D8F5B3A07E /* [CP] Embed Pods Frameworks */ = {
			isa = PBXShellScriptBuildPhase;
			buildActionMask = 2147483647;
			files = (
			);
			inputPaths = (
				"${SRCROOT}/Pods/Target Support Files/Pods-CCLocalLibrary/Pods-CCLocalLibrary-frameworks.sh",
				"${BUILT_PRODUCTS_DIR}/AFNetworking/AFNetworking.framework",
				"${BUILT_PRODUCTS_DIR}/MBProgressHUD/MBProgressHUD.framework",
				"${BUILT_PRODUCTS_DIR}/MGJRouter/MGJRouter.framework",
				"${BUILT_PRODUCTS_DIR}/MJRefresh/MJRefresh.framework",
				"${BUILT_PRODUCTS_DIR}/Realm/Realm.framework",
				"${BUILT_PRODUCTS_DIR}/SDWebImage/SDWebImage.framework",
			);
			name = "[CP] Embed Pods Frameworks";
			outputPaths = (
				"${TARGET_BUILD_DIR}/${FRAMEWORKS_FOLDER_PATH}/AFNetworking.framework",
				"${TARGET_BUILD_DIR}/${FRAMEWORKS_FOLDER_PATH}/MBProgressHUD.framework",
				"${TARGET_BUILD_DIR}/${FRAMEWORKS_FOLDER_PATH}/MGJRouter.framework",
				"${TARGET_BUILD_DIR}/${FRAMEWORKS_FOLDER_PATH}/MJRefresh.framework",
				"${TARGET_BUILD_DIR}/${FRAMEWORKS_FOLDER_PATH}/Realm.framework",
				"${TARGET_BUILD_DIR}/${FRAMEWORKS_FOLDER_PATH}/SDWebImage.framework",
			);
			runOnlyForDeploymentPostprocessing = 0;
			shellPath = /bin/sh;
			shellScript = "\"${SRCROOT}/Pods/Target Support Files/Pods-CCLocalLibrary/Pods-CCLocalLibrary-frameworks.sh\"\n";
			showEnvVarsInLog = 0;
		};
		88DE172D4556FA97B1D90027 /* [CP] Copy Pods Resources */ = {
			isa = PBXShellScriptBuildPhase;
			buildActionMask = 2147483647;
			files = (
			);
			inputPaths = (
			);
			name = "[CP] Copy Pods Resources";
			outputPaths = (
			);
			runOnlyForDeploymentPostprocessing = 0;
			shellPath = /bin/sh;
			shellScript = "\"${SRCROOT}/Pods/Target Support Files/Pods-CCLocalLibrary/Pods-CCLocalLibrary-resources.sh\"\n";
			showEnvVarsInLog = 0;
		};
		8D7098B6BAB3717C98981D05 /* [CP] Check Pods Manifest.lock */ = {
			isa = PBXShellScriptBuildPhase;
			buildActionMask = 2147483647;
			files = (
			);
			inputPaths = (
				"${PODS_PODFILE_DIR_PATH}/Podfile.lock",
				"${PODS_ROOT}/Manifest.lock",
			);
			name = "[CP] Check Pods Manifest.lock";
			outputPaths = (
				"$(DERIVED_FILE_DIR)/Pods-CCLocalLibrary-checkManifestLockResult.txt",
			);
			runOnlyForDeploymentPostprocessing = 0;
			shellPath = /bin/sh;
			shellScript = "diff \"${PODS_PODFILE_DIR_PATH}/Podfile.lock\" \"${PODS_ROOT}/Manifest.lock\" > /dev/null\nif [ $? != 0 ] ; then\n    # print error to STDERR\n    echo \"error: The sandbox is not in sync with the Podfile.lock. Run 'pod install' or update your CocoaPods installation.\" >&2\n    exit 1\nfi\n# This output is used by Xcode 'outputs' to avoid re-running this script phase.\necho \"SUCCESS\" > \"${SCRIPT_OUTPUT_FILE_0}\"\n";
			showEnvVarsInLog = 0;
		};
/* End PBXShellScriptBuildPhase section */

/* Begin PBXSourcesBuildPhase section */
		37C69E111ED6684D00531ED3 /* Sources */ = {
			isa = PBXSourcesBuildPhase;
			buildActionMask = 2147483647;
			files = (
				70FF30611F6A79B3001B6407 /* CCBridgeWrapper.m in Sources */,
				7034D6B01F5FBF3C0005D1E1 /* UIView+CCExtension.m in Sources */,
				7034D6971F5FBF3C0005D1E1 /* NSPredicate+CCExtension.m in Sources */,
				7034D6AF1F5FBF3C0005D1E1 /* UITextField+CCExtension.m in Sources */,
				7034D6AB1F5FBF3C0005D1E1 /* UILabel+CCExtension.m in Sources */,
				7034D6991F5FBF3C0005D1E1 /* NSTimer+CCExtension.m in Sources */,
				70FF2FE41F6A4824001B6407 /* UIImageView+CCExtension_WeakNetwork.m in Sources */,
				70FF2FDE1F6A46C1001B6407 /* MBProgressHUD+CCExtension.m in Sources */,
				70FF2FD51F6A34BD001B6407 /* CCEasyWebView.m in Sources */,
				70FF2FD61F6A34BD001B6407 /* CCMenuView.m in Sources */,
				70BD28951F628F6C008C2C9A /* UIFont+CCExtension.m in Sources */,
				7034D6941F5FBF3C0005D1E1 /* NSFileManager+CCExtension.m in Sources */,
				37C69E201ED6684D00531ED3 /* ViewController.m in Sources */,
				7034D6951F5FBF3C0005D1E1 /* NSNumber+CCExtension.m in Sources */,
				37C69E1D1ED6684D00531ED3 /* AppDelegate.m in Sources */,
				7034D6B11F5FBF3C0005D1E1 /* UIViewController+CCExtension.m in Sources */,
				7034D6A91F5FBF3C0005D1E1 /* UIImagePickerController+CCExtension.m in Sources */,
				7034D6B81F5FCC040005D1E1 /* CCAuthorize.m in Sources */,
				7034D6AD1F5FBF3C0005D1E1 /* UIScrollView+CCExtension.m in Sources */,
				7034D6AE1F5FBF3C0005D1E1 /* UITableView+CCExtension.m in Sources */,
				70BD28911F6272BF008C2C9A /* UIControl+CCExtension.m in Sources */,
				7034D6D01F5FE42F0005D1E1 /* UIGestureRecognizer+CCExtension.m in Sources */,
				7034D6901F5FBF3C0005D1E1 /* NSAttributedString+CCExtension.m in Sources */,
				70FF305E1F6A7874001B6407 /* CCMediator.m in Sources */,
				7034D6A31F5FBF3C0005D1E1 /* UIButton+CCExtension.m in Sources */,
				7034D6931F5FBF3C0005D1E1 /* NSDictionary+CCExtension.m in Sources */,
				7034D6A51F5FBF3C0005D1E1 /* UIColor+CCExtension.m in Sources */,
				7034D6A21F5FBF3C0005D1E1 /* UIBarButtonItem+CCExtension.m in Sources */,
				7034D6A81F5FBF3C0005D1E1 /* UIImage+CCExtension.m in Sources */,
				7034D6A41F5FBF3C0005D1E1 /* UICollectionView+CCExtension.m in Sources */,
				70FF30511F6A6984001B6407 /* UICollectionView+CCExtension_Refresh.m in Sources */,
				7034D6961F5FBF3C0005D1E1 /* NSObject+CCExtension.m in Sources */,
				7034D6CD1F5FD5370005D1E1 /* NSURLRequest+CCExtension.m in Sources */,
				70FF2FBA1F6A1BD5001B6407 /* UITextView+CCExtension.m in Sources */,
				7034D6981F5FBF3C0005D1E1 /* NSString+CCExtension.m in Sources */,
				7034D6A11F5FBF3C0005D1E1 /* UIAlertController+CCExtension.m in Sources */,
				7034D69A1F5FBF3C0005D1E1 /* NSObject+CCProtocol.m in Sources */,
				70FF2FDF1F6A46C1001B6407 /* CCNetworkMoniter.m in Sources */,
				7034D6CA1F5FD5280005D1E1 /* NSURL+CCExtension.m in Sources */,
				7034D6921F5FBF3C0005D1E1 /* NSDate+CCExtension.m in Sources */,
				37C69E1A1ED6684D00531ED3 /* main.m in Sources */,
				7034D6B21F5FBF3C0005D1E1 /* WKWebView+CCExtension.m in Sources */,
				7034D68F1F5FBF3C0005D1E1 /* NSArray+CCExtension.m in Sources */,
				70FF30541F6A6B7A001B6407 /* UITableView+CCExtension_Refresh.m in Sources */,
				7034D6AA1F5FBF3C0005D1E1 /* UIImageView+CCExtension.m in Sources */,
				7034D6BB1F5FCE140005D1E1 /* CCCommon.m in Sources */,
				70BD28981F6297F2008C2C9A /* UINavigationItem+CCExtension.m in Sources */,
				7034D6911F5FBF3C0005D1E1 /* NSBundle+CCExtension.m in Sources */,
			);
			runOnlyForDeploymentPostprocessing = 0;
		};
/* End PBXSourcesBuildPhase section */

/* Begin PBXVariantGroup section */
		37C69E211ED6684D00531ED3 /* Main.storyboard */ = {
			isa = PBXVariantGroup;
			children = (
				37C69E221ED6684D00531ED3 /* Base */,
			);
			name = Main.storyboard;
			sourceTree = "<group>";
		};
		37C69E261ED6684D00531ED3 /* LaunchScreen.storyboard */ = {
			isa = PBXVariantGroup;
			children = (
				37C69E271ED6684D00531ED3 /* Base */,
			);
			name = LaunchScreen.storyboard;
			sourceTree = "<group>";
		};
/* End PBXVariantGroup section */

/* Begin XCBuildConfiguration section */
		37C69E2A1ED6684D00531ED3 /* Debug */ = {
			isa = XCBuildConfiguration;
			buildSettings = {
				ALWAYS_SEARCH_USER_PATHS = NO;
				CLANG_ANALYZER_NONNULL = YES;
				CLANG_ANALYZER_NUMBER_OBJECT_CONVERSION = YES_AGGRESSIVE;
				CLANG_CXX_LANGUAGE_STANDARD = "gnu++0x";
				CLANG_CXX_LIBRARY = "libc++";
				CLANG_ENABLE_MODULES = YES;
				CLANG_ENABLE_OBJC_ARC = YES;
				CLANG_WARN_BOOL_CONVERSION = YES;
				CLANG_WARN_CONSTANT_CONVERSION = YES;
				CLANG_WARN_DIRECT_OBJC_ISA_USAGE = YES_ERROR;
				CLANG_WARN_DOCUMENTATION_COMMENTS = YES;
				CLANG_WARN_EMPTY_BODY = YES;
				CLANG_WARN_ENUM_CONVERSION = YES;
				CLANG_WARN_INFINITE_RECURSION = YES;
				CLANG_WARN_INT_CONVERSION = YES;
				CLANG_WARN_OBJC_ROOT_CLASS = YES_ERROR;
				CLANG_WARN_SUSPICIOUS_MOVE = YES;
				CLANG_WARN_UNREACHABLE_CODE = YES;
				CLANG_WARN__DUPLICATE_METHOD_MATCH = YES;
				"CODE_SIGN_IDENTITY[sdk=iphoneos*]" = "iPhone Developer";
				COPY_PHASE_STRIP = NO;
				DEBUG_INFORMATION_FORMAT = dwarf;
				ENABLE_STRICT_OBJC_MSGSEND = YES;
				ENABLE_TESTABILITY = YES;
				GCC_C_LANGUAGE_STANDARD = gnu99;
				GCC_DYNAMIC_NO_PIC = NO;
				GCC_NO_COMMON_BLOCKS = YES;
				GCC_OPTIMIZATION_LEVEL = 0;
				GCC_PREPROCESSOR_DEFINITIONS = (
					"DEBUG=1",
					"$(inherited)",
				);
				GCC_WARN_64_TO_32_BIT_CONVERSION = YES;
				GCC_WARN_ABOUT_RETURN_TYPE = YES_ERROR;
				GCC_WARN_UNDECLARED_SELECTOR = YES;
				GCC_WARN_UNINITIALIZED_AUTOS = YES_AGGRESSIVE;
				GCC_WARN_UNUSED_FUNCTION = YES;
				GCC_WARN_UNUSED_VARIABLE = YES;
				IPHONEOS_DEPLOYMENT_TARGET = 10.3;
				MTL_ENABLE_DEBUG_INFO = YES;
				ONLY_ACTIVE_ARCH = YES;
				SDKROOT = iphoneos;
				TARGETED_DEVICE_FAMILY = "1,2";
			};
			name = Debug;
		};
		37C69E2B1ED6684D00531ED3 /* Release */ = {
			isa = XCBuildConfiguration;
			buildSettings = {
				ALWAYS_SEARCH_USER_PATHS = NO;
				CLANG_ANALYZER_NONNULL = YES;
				CLANG_ANALYZER_NUMBER_OBJECT_CONVERSION = YES_AGGRESSIVE;
				CLANG_CXX_LANGUAGE_STANDARD = "gnu++0x";
				CLANG_CXX_LIBRARY = "libc++";
				CLANG_ENABLE_MODULES = YES;
				CLANG_ENABLE_OBJC_ARC = YES;
				CLANG_WARN_BOOL_CONVERSION = YES;
				CLANG_WARN_CONSTANT_CONVERSION = YES;
				CLANG_WARN_DIRECT_OBJC_ISA_USAGE = YES_ERROR;
				CLANG_WARN_DOCUMENTATION_COMMENTS = YES;
				CLANG_WARN_EMPTY_BODY = YES;
				CLANG_WARN_ENUM_CONVERSION = YES;
				CLANG_WARN_INFINITE_RECURSION = YES;
				CLANG_WARN_INT_CONVERSION = YES;
				CLANG_WARN_OBJC_ROOT_CLASS = YES_ERROR;
				CLANG_WARN_SUSPICIOUS_MOVE = YES;
				CLANG_WARN_UNREACHABLE_CODE = YES;
				CLANG_WARN__DUPLICATE_METHOD_MATCH = YES;
				"CODE_SIGN_IDENTITY[sdk=iphoneos*]" = "iPhone Developer";
				COPY_PHASE_STRIP = NO;
				DEBUG_INFORMATION_FORMAT = "dwarf-with-dsym";
				ENABLE_NS_ASSERTIONS = NO;
				ENABLE_STRICT_OBJC_MSGSEND = YES;
				GCC_C_LANGUAGE_STANDARD = gnu99;
				GCC_NO_COMMON_BLOCKS = YES;
				GCC_WARN_64_TO_32_BIT_CONVERSION = YES;
				GCC_WARN_ABOUT_RETURN_TYPE = YES_ERROR;
				GCC_WARN_UNDECLARED_SELECTOR = YES;
				GCC_WARN_UNINITIALIZED_AUTOS = YES_AGGRESSIVE;
				GCC_WARN_UNUSED_FUNCTION = YES;
				GCC_WARN_UNUSED_VARIABLE = YES;
				IPHONEOS_DEPLOYMENT_TARGET = 10.3;
				MTL_ENABLE_DEBUG_INFO = NO;
				SDKROOT = iphoneos;
				TARGETED_DEVICE_FAMILY = "1,2";
				VALIDATE_PRODUCT = YES;
			};
			name = Release;
		};
		37C69E2D1ED6684D00531ED3 /* Debug */ = {
			isa = XCBuildConfiguration;
			baseConfigurationReference = 3D5CA2FFF5E357F90100D989 /* Pods-CCLocalLibrary.debug.xcconfig */;
			buildSettings = {
				ASSETCATALOG_COMPILER_APPICON_NAME = AppIcon;
				DEVELOPMENT_TEAM = Y6QZNMQWRN;
				INFOPLIST_FILE = CCLocalLibrary/Info.plist;
				LD_RUNPATH_SEARCH_PATHS = "$(inherited) @executable_path/Frameworks";
				PRODUCT_BUNDLE_IDENTIFIER = CC.CCLocalLibrary;
				PRODUCT_NAME = "$(TARGET_NAME)";
			};
			name = Debug;
		};
		37C69E2E1ED6684D00531ED3 /* Release */ = {
			isa = XCBuildConfiguration;
			baseConfigurationReference = 06F3945F3B247350FA607CEF /* Pods-CCLocalLibrary.release.xcconfig */;
			buildSettings = {
				ASSETCATALOG_COMPILER_APPICON_NAME = AppIcon;
				DEVELOPMENT_TEAM = Y6QZNMQWRN;
				INFOPLIST_FILE = CCLocalLibrary/Info.plist;
				LD_RUNPATH_SEARCH_PATHS = "$(inherited) @executable_path/Frameworks";
				PRODUCT_BUNDLE_IDENTIFIER = CC.CCLocalLibrary;
				PRODUCT_NAME = "$(TARGET_NAME)";
			};
			name = Release;
		};
/* End XCBuildConfiguration section */

/* Begin XCConfigurationList section */
		37C69E101ED6684D00531ED3 /* Build configuration list for PBXProject "CCLocalLibrary" */ = {
			isa = XCConfigurationList;
			buildConfigurations = (
				37C69E2A1ED6684D00531ED3 /* Debug */,
				37C69E2B1ED6684D00531ED3 /* Release */,
			);
			defaultConfigurationIsVisible = 0;
			defaultConfigurationName = Release;
		};
		37C69E2C1ED6684D00531ED3 /* Build configuration list for PBXNativeTarget "CCLocalLibrary" */ = {
			isa = XCConfigurationList;
			buildConfigurations = (
				37C69E2D1ED6684D00531ED3 /* Debug */,
				37C69E2E1ED6684D00531ED3 /* Release */,
			);
			defaultConfigurationIsVisible = 0;
			defaultConfigurationName = Release;
		};
/* End XCConfigurationList section */
	};
	rootObject = 37C69E0D1ED6684D00531ED3 /* Project object */;
}
