// !$*UTF8*$!
{
	archiveVersion = 1;
	classes = {
	};
	objectVersion = 46;
	objects = {

/* Begin PBXBuildFile section */
		244AFA8F04C1883DB480CE01 /* Pods_CCLocalLibrary.framework in Frameworks */ = {isa = PBXBuildFile; fileRef = 1C424E92BD9104CE08216FD9 /* Pods_CCLocalLibrary.framework */; };
		370D74A71F322BBD00709A9F /* NSObject+CCProtocol.m in Sources */ = {isa = PBXBuildFile; fileRef = 370D74A61F322BBD00709A9F /* NSObject+CCProtocol.m */; };
		371F1DE51F0745F10055757B /* NSArray+CCExtension.m in Sources */ = {isa = PBXBuildFile; fileRef = 371F1D791F0745F10055757B /* NSArray+CCExtension.m */; };
		371F1DE61F0745F10055757B /* NSDate+CCExtension.m in Sources */ = {isa = PBXBuildFile; fileRef = 371F1D7C1F0745F10055757B /* NSDate+CCExtension.m */; };
		371F1DE71F0745F10055757B /* NSDecimalNumber+CCExtension.m in Sources */ = {isa = PBXBuildFile; fileRef = 371F1D7F1F0745F10055757B /* NSDecimalNumber+CCExtension.m */; };
		371F1DE81F0745F10055757B /* NSDictionary+CCExtension.m in Sources */ = {isa = PBXBuildFile; fileRef = 371F1D821F0745F10055757B /* NSDictionary+CCExtension.m */; };
		371F1DE91F0745F10055757B /* NSMutableArray+CCExtension.m in Sources */ = {isa = PBXBuildFile; fileRef = 371F1D851F0745F10055757B /* NSMutableArray+CCExtension.m */; };
		371F1DEA1F0745F10055757B /* NSMutableAttributedString+CCExtension.m in Sources */ = {isa = PBXBuildFile; fileRef = 371F1D881F0745F10055757B /* NSMutableAttributedString+CCExtension.m */; };
		371F1DEB1F0745F10055757B /* NSMutableDictionary+CCExtension.m in Sources */ = {isa = PBXBuildFile; fileRef = 371F1D8B1F0745F10055757B /* NSMutableDictionary+CCExtension.m */; };
		371F1DEC1F0745F10055757B /* NSNumber+CCExtension.m in Sources */ = {isa = PBXBuildFile; fileRef = 371F1D8E1F0745F10055757B /* NSNumber+CCExtension.m */; };
		371F1DED1F0745F10055757B /* NSObject+CCExtension.m in Sources */ = {isa = PBXBuildFile; fileRef = 371F1D911F0745F10055757B /* NSObject+CCExtension.m */; };
		371F1DEE1F0745F10055757B /* NSString+CCExtension.m in Sources */ = {isa = PBXBuildFile; fileRef = 371F1D941F0745F10055757B /* NSString+CCExtension.m */; };
		371F1DEF1F0745F10055757B /* MBProgressHUD+CCExtension.m in Sources */ = {isa = PBXBuildFile; fileRef = 371F1D981F0745F10055757B /* MBProgressHUD+CCExtension.m */; };
		371F1DF01F0745F10055757B /* UIAlertController+CCExtension.m in Sources */ = {isa = PBXBuildFile; fileRef = 371F1D9B1F0745F10055757B /* UIAlertController+CCExtension.m */; };
		371F1DF11F0745F10055757B /* UIBarButtonItem+CCExtension.m in Sources */ = {isa = PBXBuildFile; fileRef = 371F1D9E1F0745F10055757B /* UIBarButtonItem+CCExtension.m */; };
		371F1DF21F0745F10055757B /* UIButton+CCExtension.m in Sources */ = {isa = PBXBuildFile; fileRef = 371F1DA11F0745F10055757B /* UIButton+CCExtension.m */; };
		371F1DF31F0745F10055757B /* UICollectionView+CCExtension.m in Sources */ = {isa = PBXBuildFile; fileRef = 371F1DA41F0745F10055757B /* UICollectionView+CCExtension.m */; };
		371F1DF41F0745F10055757B /* UIColor+CCExtension.m in Sources */ = {isa = PBXBuildFile; fileRef = 371F1DA71F0745F10055757B /* UIColor+CCExtension.m */; };
		371F1DF51F0745F10055757B /* UIGestureRecognizer+CCExtension.m in Sources */ = {isa = PBXBuildFile; fileRef = 371F1DAA1F0745F10055757B /* UIGestureRecognizer+CCExtension.m */; };
		371F1DF61F0745F10055757B /* UITapGestureRecognizer+CCExtension.m in Sources */ = {isa = PBXBuildFile; fileRef = 371F1DAC1F0745F10055757B /* UITapGestureRecognizer+CCExtension.m */; };
		371F1DF71F0745F10055757B /* UIImage+CCExtension.m in Sources */ = {isa = PBXBuildFile; fileRef = 371F1DAF1F0745F10055757B /* UIImage+CCExtension.m */; };
		371F1DF81F0745F10055757B /* UIImagePickerController+CCExtension.m in Sources */ = {isa = PBXBuildFile; fileRef = 371F1DB21F0745F10055757B /* UIImagePickerController+CCExtension.m */; };
		371F1DF91F0745F10055757B /* UIImageView+CCExtension.m in Sources */ = {isa = PBXBuildFile; fileRef = 371F1DB51F0745F10055757B /* UIImageView+CCExtension.m */; };
		371F1DFA1F0745F10055757B /* UILabel+CCExtension.m in Sources */ = {isa = PBXBuildFile; fileRef = 371F1DB81F0745F10055757B /* UILabel+CCExtension.m */; };
		371F1DFB1F0745F10055757B /* UINavigationItem+CCSpacing.m in Sources */ = {isa = PBXBuildFile; fileRef = 371F1DBB1F0745F10055757B /* UINavigationItem+CCSpacing.m */; };
		371F1DFC1F0745F10055757B /* UIScrollView+CCExtension.m in Sources */ = {isa = PBXBuildFile; fileRef = 371F1DBE1F0745F10055757B /* UIScrollView+CCExtension.m */; };
		371F1DFD1F0745F10055757B /* UITableView+CCExtension.m in Sources */ = {isa = PBXBuildFile; fileRef = 371F1DC11F0745F10055757B /* UITableView+CCExtension.m */; };
		371F1DFE1F0745F10055757B /* UITextField+CCExtension.m in Sources */ = {isa = PBXBuildFile; fileRef = 371F1DC41F0745F10055757B /* UITextField+CCExtension.m */; };
		371F1DFF1F0745F10055757B /* UIView+CCExtension.m in Sources */ = {isa = PBXBuildFile; fileRef = 371F1DC71F0745F10055757B /* UIView+CCExtension.m */; };
		371F1E001F0745F10055757B /* UIViewController+CCExtension.m in Sources */ = {isa = PBXBuildFile; fileRef = 371F1DCA1F0745F10055757B /* UIViewController+CCExtension.m */; };
		371F1E011F0745F10055757B /* WKWebView+CCExtension.m in Sources */ = {isa = PBXBuildFile; fileRef = 371F1DCD1F0745F10055757B /* WKWebView+CCExtension.m */; };
		371F1E021F0745F10055757B /* CCCommonTools.m in Sources */ = {isa = PBXBuildFile; fileRef = 371F1DD21F0745F10055757B /* CCCommonTools.m */; };
		371F1E031F0745F10055757B /* CCFileManager.m in Sources */ = {isa = PBXBuildFile; fileRef = 371F1DD71F0745F10055757B /* CCFileManager.m */; };
		371F1E041F0745F10055757B /* CCNetworkMoniter.m in Sources */ = {isa = PBXBuildFile; fileRef = 371F1DDA1F0745F10055757B /* CCNetworkMoniter.m */; };
		371F1E051F0745F10055757B /* CCCustomFooter.m in Sources */ = {isa = PBXBuildFile; fileRef = 371F1DDE1F0745F10055757B /* CCCustomFooter.m */; };
		371F1E061F0745F10055757B /* CCCustomHeader.m in Sources */ = {isa = PBXBuildFile; fileRef = 371F1DE01F0745F10055757B /* CCCustomHeader.m */; };
		371F1E071F0745F10055757B /* UIImageView+CCWeakNetwork.m in Sources */ = {isa = PBXBuildFile; fileRef = 371F1DE31F0745F10055757B /* UIImageView+CCWeakNetwork.m */; };
		371F1E081F0745F10055757B /* CCLocalLib.podspec in Resources */ = {isa = PBXBuildFile; fileRef = 371F1DE41F0745F10055757B /* CCLocalLib.podspec */; };
		371F1E0E1F0747BA0055757B /* NSString+CCChain.m in Sources */ = {isa = PBXBuildFile; fileRef = 371F1E0D1F0747BA0055757B /* NSString+CCChain.m */; };
		371F1E161F0752270055757B /* NSObject+CCChain.m in Sources */ = {isa = PBXBuildFile; fileRef = 371F1E151F0752270055757B /* NSObject+CCChain.m */; };
		371F1E1A1F0762770055757B /* NSPredicate+CCChain.m in Sources */ = {isa = PBXBuildFile; fileRef = 371F1E191F0762770055757B /* NSPredicate+CCChain.m */; };
		371F1E1E1F076D610055757B /* NSAttributedString+CCChain.m in Sources */ = {isa = PBXBuildFile; fileRef = 371F1E1D1F076D610055757B /* NSAttributedString+CCChain.m */; };
		377CAD1A1F0105E800AE46A8 /* 0ZG63407-0.png in Resources */ = {isa = PBXBuildFile; fileRef = 377CAD191F0105E800AE46A8 /* 0ZG63407-0.png */; };
		37C69E1A1ED6684D00531ED3 /* main.m in Sources */ = {isa = PBXBuildFile; fileRef = 37C69E191ED6684D00531ED3 /* main.m */; };
		37C69E1D1ED6684D00531ED3 /* AppDelegate.m in Sources */ = {isa = PBXBuildFile; fileRef = 37C69E1C1ED6684D00531ED3 /* AppDelegate.m */; };
		37C69E201ED6684D00531ED3 /* ViewController.m in Sources */ = {isa = PBXBuildFile; fileRef = 37C69E1F1ED6684D00531ED3 /* ViewController.m */; };
		37C69E231ED6684D00531ED3 /* Main.storyboard in Resources */ = {isa = PBXBuildFile; fileRef = 37C69E211ED6684D00531ED3 /* Main.storyboard */; };
		37C69E251ED6684D00531ED3 /* Assets.xcassets in Resources */ = {isa = PBXBuildFile; fileRef = 37C69E241ED6684D00531ED3 /* Assets.xcassets */; };
		37C69E281ED6684D00531ED3 /* LaunchScreen.storyboard in Resources */ = {isa = PBXBuildFile; fileRef = 37C69E261ED6684D00531ED3 /* LaunchScreen.storyboard */; };
		37EDDC2E1F079CDD0034C273 /* NSDate+CCChain.m in Sources */ = {isa = PBXBuildFile; fileRef = 37EDDC2D1F079CDD0034C273 /* NSDate+CCChain.m */; };
		37EDDC321F079D020034C273 /* NSArray+CCChain.m in Sources */ = {isa = PBXBuildFile; fileRef = 37EDDC311F079D020034C273 /* NSArray+CCChain.m */; };
		70471DD61F31C142003B808F /* NSDictionary+CCChain.m in Sources */ = {isa = PBXBuildFile; fileRef = 70471DD51F31C142003B808F /* NSDictionary+CCChain.m */; };
		70471DDA1F31C4E3003B808F /* NSNumber+CCChain.m in Sources */ = {isa = PBXBuildFile; fileRef = 70471DD91F31C4E3003B808F /* NSNumber+CCChain.m */; };
		70471DDF1F31C667003B808F /* UIView+CCChain.m in Sources */ = {isa = PBXBuildFile; fileRef = 70471DDE1F31C667003B808F /* UIView+CCChain.m */; };
		70471DE31F31C892003B808F /* UIGestureRecognizer+CCChain.m in Sources */ = {isa = PBXBuildFile; fileRef = 70471DE21F31C892003B808F /* UIGestureRecognizer+CCChain.m */; };
		70471DE71F31D568003B808F /* MBProgressHUD+CCChain.m in Sources */ = {isa = PBXBuildFile; fileRef = 70471DE61F31D568003B808F /* MBProgressHUD+CCChain.m */; };
/* End PBXBuildFile section */

/* Begin PBXFileReference section */
		06F3945F3B247350FA607CEF /* Pods-CCLocalLibrary.release.xcconfig */ = {isa = PBXFileReference; includeInIndex = 1; lastKnownFileType = text.xcconfig; name = "Pods-CCLocalLibrary.release.xcconfig"; path = "Pods/Target Support Files/Pods-CCLocalLibrary/Pods-CCLocalLibrary.release.xcconfig"; sourceTree = "<group>"; };
		1C424E92BD9104CE08216FD9 /* Pods_CCLocalLibrary.framework */ = {isa = PBXFileReference; explicitFileType = wrapper.framework; includeInIndex = 0; path = Pods_CCLocalLibrary.framework; sourceTree = BUILT_PRODUCTS_DIR; };
		370D74A41F322B7100709A9F /* CCChainOperateProtocol.h */ = {isa = PBXFileReference; fileEncoding = 4; lastKnownFileType = sourcecode.c.h; path = CCChainOperateProtocol.h; sourceTree = "<group>"; };
		370D74A51F322BBD00709A9F /* NSObject+CCProtocol.h */ = {isa = PBXFileReference; fileEncoding = 4; lastKnownFileType = sourcecode.c.h; path = "NSObject+CCProtocol.h"; sourceTree = "<group>"; };
		370D74A61F322BBD00709A9F /* NSObject+CCProtocol.m */ = {isa = PBXFileReference; fileEncoding = 4; lastKnownFileType = sourcecode.c.objc; path = "NSObject+CCProtocol.m"; sourceTree = "<group>"; };
		371F1D781F0745F10055757B /* NSArray+CCExtension.h */ = {isa = PBXFileReference; fileEncoding = 4; lastKnownFileType = sourcecode.c.h; path = "NSArray+CCExtension.h"; sourceTree = "<group>"; };
		371F1D791F0745F10055757B /* NSArray+CCExtension.m */ = {isa = PBXFileReference; fileEncoding = 4; lastKnownFileType = sourcecode.c.objc; path = "NSArray+CCExtension.m"; sourceTree = "<group>"; };
		371F1D7B1F0745F10055757B /* NSDate+CCExtension.h */ = {isa = PBXFileReference; fileEncoding = 4; lastKnownFileType = sourcecode.c.h; path = "NSDate+CCExtension.h"; sourceTree = "<group>"; };
		371F1D7C1F0745F10055757B /* NSDate+CCExtension.m */ = {isa = PBXFileReference; fileEncoding = 4; lastKnownFileType = sourcecode.c.objc; path = "NSDate+CCExtension.m"; sourceTree = "<group>"; };
		371F1D7E1F0745F10055757B /* NSDecimalNumber+CCExtension.h */ = {isa = PBXFileReference; fileEncoding = 4; lastKnownFileType = sourcecode.c.h; path = "NSDecimalNumber+CCExtension.h"; sourceTree = "<group>"; };
		371F1D7F1F0745F10055757B /* NSDecimalNumber+CCExtension.m */ = {isa = PBXFileReference; fileEncoding = 4; lastKnownFileType = sourcecode.c.objc; path = "NSDecimalNumber+CCExtension.m"; sourceTree = "<group>"; };
		371F1D811F0745F10055757B /* NSDictionary+CCExtension.h */ = {isa = PBXFileReference; fileEncoding = 4; lastKnownFileType = sourcecode.c.h; path = "NSDictionary+CCExtension.h"; sourceTree = "<group>"; };
		371F1D821F0745F10055757B /* NSDictionary+CCExtension.m */ = {isa = PBXFileReference; fileEncoding = 4; lastKnownFileType = sourcecode.c.objc; path = "NSDictionary+CCExtension.m"; sourceTree = "<group>"; };
		371F1D841F0745F10055757B /* NSMutableArray+CCExtension.h */ = {isa = PBXFileReference; fileEncoding = 4; lastKnownFileType = sourcecode.c.h; path = "NSMutableArray+CCExtension.h"; sourceTree = "<group>"; };
		371F1D851F0745F10055757B /* NSMutableArray+CCExtension.m */ = {isa = PBXFileReference; fileEncoding = 4; lastKnownFileType = sourcecode.c.objc; path = "NSMutableArray+CCExtension.m"; sourceTree = "<group>"; };
		371F1D871F0745F10055757B /* NSMutableAttributedString+CCExtension.h */ = {isa = PBXFileReference; fileEncoding = 4; lastKnownFileType = sourcecode.c.h; path = "NSMutableAttributedString+CCExtension.h"; sourceTree = "<group>"; };
		371F1D881F0745F10055757B /* NSMutableAttributedString+CCExtension.m */ = {isa = PBXFileReference; fileEncoding = 4; lastKnownFileType = sourcecode.c.objc; path = "NSMutableAttributedString+CCExtension.m"; sourceTree = "<group>"; };
		371F1D8A1F0745F10055757B /* NSMutableDictionary+CCExtension.h */ = {isa = PBXFileReference; fileEncoding = 4; lastKnownFileType = sourcecode.c.h; path = "NSMutableDictionary+CCExtension.h"; sourceTree = "<group>"; };
		371F1D8B1F0745F10055757B /* NSMutableDictionary+CCExtension.m */ = {isa = PBXFileReference; fileEncoding = 4; lastKnownFileType = sourcecode.c.objc; path = "NSMutableDictionary+CCExtension.m"; sourceTree = "<group>"; };
		371F1D8D1F0745F10055757B /* NSNumber+CCExtension.h */ = {isa = PBXFileReference; fileEncoding = 4; lastKnownFileType = sourcecode.c.h; path = "NSNumber+CCExtension.h"; sourceTree = "<group>"; };
		371F1D8E1F0745F10055757B /* NSNumber+CCExtension.m */ = {isa = PBXFileReference; fileEncoding = 4; lastKnownFileType = sourcecode.c.objc; path = "NSNumber+CCExtension.m"; sourceTree = "<group>"; };
		371F1D901F0745F10055757B /* NSObject+CCExtension.h */ = {isa = PBXFileReference; fileEncoding = 4; lastKnownFileType = sourcecode.c.h; path = "NSObject+CCExtension.h"; sourceTree = "<group>"; };
		371F1D911F0745F10055757B /* NSObject+CCExtension.m */ = {isa = PBXFileReference; fileEncoding = 4; lastKnownFileType = sourcecode.c.objc; path = "NSObject+CCExtension.m"; sourceTree = "<group>"; };
		371F1D931F0745F10055757B /* NSString+CCExtension.h */ = {isa = PBXFileReference; fileEncoding = 4; lastKnownFileType = sourcecode.c.h; path = "NSString+CCExtension.h"; sourceTree = "<group>"; };
		371F1D941F0745F10055757B /* NSString+CCExtension.m */ = {isa = PBXFileReference; fileEncoding = 4; lastKnownFileType = sourcecode.c.objc; path = "NSString+CCExtension.m"; sourceTree = "<group>"; };
		371F1D971F0745F10055757B /* MBProgressHUD+CCExtension.h */ = {isa = PBXFileReference; fileEncoding = 4; lastKnownFileType = sourcecode.c.h; path = "MBProgressHUD+CCExtension.h"; sourceTree = "<group>"; };
		371F1D981F0745F10055757B /* MBProgressHUD+CCExtension.m */ = {isa = PBXFileReference; fileEncoding = 4; lastKnownFileType = sourcecode.c.objc; path = "MBProgressHUD+CCExtension.m"; sourceTree = "<group>"; };
		371F1D9A1F0745F10055757B /* UIAlertController+CCExtension.h */ = {isa = PBXFileReference; fileEncoding = 4; lastKnownFileType = sourcecode.c.h; path = "UIAlertController+CCExtension.h"; sourceTree = "<group>"; };
		371F1D9B1F0745F10055757B /* UIAlertController+CCExtension.m */ = {isa = PBXFileReference; fileEncoding = 4; lastKnownFileType = sourcecode.c.objc; path = "UIAlertController+CCExtension.m"; sourceTree = "<group>"; };
		371F1D9D1F0745F10055757B /* UIBarButtonItem+CCExtension.h */ = {isa = PBXFileReference; fileEncoding = 4; lastKnownFileType = sourcecode.c.h; path = "UIBarButtonItem+CCExtension.h"; sourceTree = "<group>"; };
		371F1D9E1F0745F10055757B /* UIBarButtonItem+CCExtension.m */ = {isa = PBXFileReference; fileEncoding = 4; lastKnownFileType = sourcecode.c.objc; path = "UIBarButtonItem+CCExtension.m"; sourceTree = "<group>"; };
		371F1DA01F0745F10055757B /* UIButton+CCExtension.h */ = {isa = PBXFileReference; fileEncoding = 4; lastKnownFileType = sourcecode.c.h; path = "UIButton+CCExtension.h"; sourceTree = "<group>"; };
		371F1DA11F0745F10055757B /* UIButton+CCExtension.m */ = {isa = PBXFileReference; fileEncoding = 4; lastKnownFileType = sourcecode.c.objc; path = "UIButton+CCExtension.m"; sourceTree = "<group>"; };
		371F1DA31F0745F10055757B /* UICollectionView+CCExtension.h */ = {isa = PBXFileReference; fileEncoding = 4; lastKnownFileType = sourcecode.c.h; path = "UICollectionView+CCExtension.h"; sourceTree = "<group>"; };
		371F1DA41F0745F10055757B /* UICollectionView+CCExtension.m */ = {isa = PBXFileReference; fileEncoding = 4; lastKnownFileType = sourcecode.c.objc; path = "UICollectionView+CCExtension.m"; sourceTree = "<group>"; };
		371F1DA61F0745F10055757B /* UIColor+CCExtension.h */ = {isa = PBXFileReference; fileEncoding = 4; lastKnownFileType = sourcecode.c.h; path = "UIColor+CCExtension.h"; sourceTree = "<group>"; };
		371F1DA71F0745F10055757B /* UIColor+CCExtension.m */ = {isa = PBXFileReference; fileEncoding = 4; lastKnownFileType = sourcecode.c.objc; path = "UIColor+CCExtension.m"; sourceTree = "<group>"; };
		371F1DA91F0745F10055757B /* UIGestureRecognizer+CCExtension.h */ = {isa = PBXFileReference; fileEncoding = 4; lastKnownFileType = sourcecode.c.h; path = "UIGestureRecognizer+CCExtension.h"; sourceTree = "<group>"; };
		371F1DAA1F0745F10055757B /* UIGestureRecognizer+CCExtension.m */ = {isa = PBXFileReference; fileEncoding = 4; lastKnownFileType = sourcecode.c.objc; path = "UIGestureRecognizer+CCExtension.m"; sourceTree = "<group>"; };
		371F1DAB1F0745F10055757B /* UITapGestureRecognizer+CCExtension.h */ = {isa = PBXFileReference; fileEncoding = 4; lastKnownFileType = sourcecode.c.h; path = "UITapGestureRecognizer+CCExtension.h"; sourceTree = "<group>"; };
		371F1DAC1F0745F10055757B /* UITapGestureRecognizer+CCExtension.m */ = {isa = PBXFileReference; fileEncoding = 4; lastKnownFileType = sourcecode.c.objc; path = "UITapGestureRecognizer+CCExtension.m"; sourceTree = "<group>"; };
		371F1DAE1F0745F10055757B /* UIImage+CCExtension.h */ = {isa = PBXFileReference; fileEncoding = 4; lastKnownFileType = sourcecode.c.h; path = "UIImage+CCExtension.h"; sourceTree = "<group>"; };
		371F1DAF1F0745F10055757B /* UIImage+CCExtension.m */ = {isa = PBXFileReference; fileEncoding = 4; lastKnownFileType = sourcecode.c.objc; path = "UIImage+CCExtension.m"; sourceTree = "<group>"; };
		371F1DB11F0745F10055757B /* UIImagePickerController+CCExtension.h */ = {isa = PBXFileReference; fileEncoding = 4; lastKnownFileType = sourcecode.c.h; path = "UIImagePickerController+CCExtension.h"; sourceTree = "<group>"; };
		371F1DB21F0745F10055757B /* UIImagePickerController+CCExtension.m */ = {isa = PBXFileReference; fileEncoding = 4; lastKnownFileType = sourcecode.c.objc; path = "UIImagePickerController+CCExtension.m"; sourceTree = "<group>"; };
		371F1DB41F0745F10055757B /* UIImageView+CCExtension.h */ = {isa = PBXFileReference; fileEncoding = 4; lastKnownFileType = sourcecode.c.h; path = "UIImageView+CCExtension.h"; sourceTree = "<group>"; };
		371F1DB51F0745F10055757B /* UIImageView+CCExtension.m */ = {isa = PBXFileReference; fileEncoding = 4; lastKnownFileType = sourcecode.c.objc; path = "UIImageView+CCExtension.m"; sourceTree = "<group>"; };
		371F1DB71F0745F10055757B /* UILabel+CCExtension.h */ = {isa = PBXFileReference; fileEncoding = 4; lastKnownFileType = sourcecode.c.h; path = "UILabel+CCExtension.h"; sourceTree = "<group>"; };
		371F1DB81F0745F10055757B /* UILabel+CCExtension.m */ = {isa = PBXFileReference; fileEncoding = 4; lastKnownFileType = sourcecode.c.objc; path = "UILabel+CCExtension.m"; sourceTree = "<group>"; };
		371F1DBA1F0745F10055757B /* UINavigationItem+CCSpacing.h */ = {isa = PBXFileReference; fileEncoding = 4; lastKnownFileType = sourcecode.c.h; path = "UINavigationItem+CCSpacing.h"; sourceTree = "<group>"; };
		371F1DBB1F0745F10055757B /* UINavigationItem+CCSpacing.m */ = {isa = PBXFileReference; fileEncoding = 4; lastKnownFileType = sourcecode.c.objc; path = "UINavigationItem+CCSpacing.m"; sourceTree = "<group>"; };
		371F1DBD1F0745F10055757B /* UIScrollView+CCExtension.h */ = {isa = PBXFileReference; fileEncoding = 4; lastKnownFileType = sourcecode.c.h; path = "UIScrollView+CCExtension.h"; sourceTree = "<group>"; };
		371F1DBE1F0745F10055757B /* UIScrollView+CCExtension.m */ = {isa = PBXFileReference; fileEncoding = 4; lastKnownFileType = sourcecode.c.objc; path = "UIScrollView+CCExtension.m"; sourceTree = "<group>"; };
		371F1DC01F0745F10055757B /* UITableView+CCExtension.h */ = {isa = PBXFileReference; fileEncoding = 4; lastKnownFileType = sourcecode.c.h; path = "UITableView+CCExtension.h"; sourceTree = "<group>"; };
		371F1DC11F0745F10055757B /* UITableView+CCExtension.m */ = {isa = PBXFileReference; fileEncoding = 4; lastKnownFileType = sourcecode.c.objc; path = "UITableView+CCExtension.m"; sourceTree = "<group>"; };
		371F1DC31F0745F10055757B /* UITextField+CCExtension.h */ = {isa = PBXFileReference; fileEncoding = 4; lastKnownFileType = sourcecode.c.h; path = "UITextField+CCExtension.h"; sourceTree = "<group>"; };
		371F1DC41F0745F10055757B /* UITextField+CCExtension.m */ = {isa = PBXFileReference; fileEncoding = 4; lastKnownFileType = sourcecode.c.objc; path = "UITextField+CCExtension.m"; sourceTree = "<group>"; };
		371F1DC61F0745F10055757B /* UIView+CCExtension.h */ = {isa = PBXFileReference; fileEncoding = 4; lastKnownFileType = sourcecode.c.h; path = "UIView+CCExtension.h"; sourceTree = "<group>"; };
		371F1DC71F0745F10055757B /* UIView+CCExtension.m */ = {isa = PBXFileReference; fileEncoding = 4; lastKnownFileType = sourcecode.c.objc; path = "UIView+CCExtension.m"; sourceTree = "<group>"; };
		371F1DC91F0745F10055757B /* UIViewController+CCExtension.h */ = {isa = PBXFileReference; fileEncoding = 4; lastKnownFileType = sourcecode.c.h; path = "UIViewController+CCExtension.h"; sourceTree = "<group>"; };
		371F1DCA1F0745F10055757B /* UIViewController+CCExtension.m */ = {isa = PBXFileReference; fileEncoding = 4; lastKnownFileType = sourcecode.c.objc; path = "UIViewController+CCExtension.m"; sourceTree = "<group>"; };
		371F1DCC1F0745F10055757B /* WKWebView+CCExtension.h */ = {isa = PBXFileReference; fileEncoding = 4; lastKnownFileType = sourcecode.c.h; path = "WKWebView+CCExtension.h"; sourceTree = "<group>"; };
		371F1DCD1F0745F10055757B /* WKWebView+CCExtension.m */ = {isa = PBXFileReference; fileEncoding = 4; lastKnownFileType = sourcecode.c.objc; path = "WKWebView+CCExtension.m"; sourceTree = "<group>"; };
		371F1DCF1F0745F10055757B /* CCCommonDataTools.h */ = {isa = PBXFileReference; fileEncoding = 4; lastKnownFileType = sourcecode.c.h; path = CCCommonDataTools.h; sourceTree = "<group>"; };
		371F1DD01F0745F10055757B /* CCCommonDefine.h */ = {isa = PBXFileReference; fileEncoding = 4; lastKnownFileType = sourcecode.c.h; path = CCCommonDefine.h; sourceTree = "<group>"; };
		371F1DD11F0745F10055757B /* CCCommonTools.h */ = {isa = PBXFileReference; fileEncoding = 4; lastKnownFileType = sourcecode.c.h; path = CCCommonTools.h; sourceTree = "<group>"; };
		371F1DD21F0745F10055757B /* CCCommonTools.m */ = {isa = PBXFileReference; fileEncoding = 4; lastKnownFileType = sourcecode.c.objc; path = CCCommonTools.m; sourceTree = "<group>"; };
		371F1DD31F0745F10055757B /* CCCommonViewTools.h */ = {isa = PBXFileReference; fileEncoding = 4; lastKnownFileType = sourcecode.c.h; path = CCCommonViewTools.h; sourceTree = "<group>"; };
		371F1DD61F0745F10055757B /* CCFileManager.h */ = {isa = PBXFileReference; fileEncoding = 4; lastKnownFileType = sourcecode.c.h; path = CCFileManager.h; sourceTree = "<group>"; };
		371F1DD71F0745F10055757B /* CCFileManager.m */ = {isa = PBXFileReference; fileEncoding = 4; lastKnownFileType = sourcecode.c.objc; path = CCFileManager.m; sourceTree = "<group>"; };
		371F1DD91F0745F10055757B /* CCNetworkMoniter.h */ = {isa = PBXFileReference; fileEncoding = 4; lastKnownFileType = sourcecode.c.h; path = CCNetworkMoniter.h; sourceTree = "<group>"; };
		371F1DDA1F0745F10055757B /* CCNetworkMoniter.m */ = {isa = PBXFileReference; fileEncoding = 4; lastKnownFileType = sourcecode.c.objc; path = CCNetworkMoniter.m; sourceTree = "<group>"; };
		371F1DDD1F0745F10055757B /* CCCustomFooter.h */ = {isa = PBXFileReference; fileEncoding = 4; lastKnownFileType = sourcecode.c.h; path = CCCustomFooter.h; sourceTree = "<group>"; };
		371F1DDE1F0745F10055757B /* CCCustomFooter.m */ = {isa = PBXFileReference; fileEncoding = 4; lastKnownFileType = sourcecode.c.objc; path = CCCustomFooter.m; sourceTree = "<group>"; };
		371F1DDF1F0745F10055757B /* CCCustomHeader.h */ = {isa = PBXFileReference; fileEncoding = 4; lastKnownFileType = sourcecode.c.h; path = CCCustomHeader.h; sourceTree = "<group>"; };
		371F1DE01F0745F10055757B /* CCCustomHeader.m */ = {isa = PBXFileReference; fileEncoding = 4; lastKnownFileType = sourcecode.c.objc; path = CCCustomHeader.m; sourceTree = "<group>"; };
		371F1DE21F0745F10055757B /* UIImageView+CCWeakNetwork.h */ = {isa = PBXFileReference; fileEncoding = 4; lastKnownFileType = sourcecode.c.h; path = "UIImageView+CCWeakNetwork.h"; sourceTree = "<group>"; };
		371F1DE31F0745F10055757B /* UIImageView+CCWeakNetwork.m */ = {isa = PBXFileReference; fileEncoding = 4; lastKnownFileType = sourcecode.c.objc; path = "UIImageView+CCWeakNetwork.m"; sourceTree = "<group>"; };
		371F1DE41F0745F10055757B /* CCLocalLib.podspec */ = {isa = PBXFileReference; fileEncoding = 4; lastKnownFileType = text; path = CCLocalLib.podspec; sourceTree = "<group>"; };
		371F1E0C1F0747BA0055757B /* NSString+CCChain.h */ = {isa = PBXFileReference; fileEncoding = 4; lastKnownFileType = sourcecode.c.h; path = "NSString+CCChain.h"; sourceTree = "<group>"; };
		371F1E0D1F0747BA0055757B /* NSString+CCChain.m */ = {isa = PBXFileReference; fileEncoding = 4; lastKnownFileType = sourcecode.c.objc; path = "NSString+CCChain.m"; sourceTree = "<group>"; };
		371F1E141F0752270055757B /* NSObject+CCChain.h */ = {isa = PBXFileReference; fileEncoding = 4; lastKnownFileType = sourcecode.c.h; path = "NSObject+CCChain.h"; sourceTree = "<group>"; };
		371F1E151F0752270055757B /* NSObject+CCChain.m */ = {isa = PBXFileReference; fileEncoding = 4; lastKnownFileType = sourcecode.c.objc; path = "NSObject+CCChain.m"; sourceTree = "<group>"; };
		371F1E181F0762770055757B /* NSPredicate+CCChain.h */ = {isa = PBXFileReference; fileEncoding = 4; lastKnownFileType = sourcecode.c.h; path = "NSPredicate+CCChain.h"; sourceTree = "<group>"; };
		371F1E191F0762770055757B /* NSPredicate+CCChain.m */ = {isa = PBXFileReference; fileEncoding = 4; lastKnownFileType = sourcecode.c.objc; path = "NSPredicate+CCChain.m"; sourceTree = "<group>"; };
		371F1E1C1F076D610055757B /* NSAttributedString+CCChain.h */ = {isa = PBXFileReference; fileEncoding = 4; lastKnownFileType = sourcecode.c.h; path = "NSAttributedString+CCChain.h"; sourceTree = "<group>"; };
		371F1E1D1F076D610055757B /* NSAttributedString+CCChain.m */ = {isa = PBXFileReference; fileEncoding = 4; lastKnownFileType = sourcecode.c.objc; path = "NSAttributedString+CCChain.m"; sourceTree = "<group>"; };
		377CAD191F0105E800AE46A8 /* 0ZG63407-0.png */ = {isa = PBXFileReference; lastKnownFileType = image.png; path = "0ZG63407-0.png"; sourceTree = "<group>"; };
		37C69E151ED6684D00531ED3 /* CCLocalLibrary.app */ = {isa = PBXFileReference; explicitFileType = wrapper.application; includeInIndex = 0; path = CCLocalLibrary.app; sourceTree = BUILT_PRODUCTS_DIR; };
		37C69E191ED6684D00531ED3 /* main.m */ = {isa = PBXFileReference; lastKnownFileType = sourcecode.c.objc; path = main.m; sourceTree = "<group>"; };
		37C69E1B1ED6684D00531ED3 /* AppDelegate.h */ = {isa = PBXFileReference; lastKnownFileType = sourcecode.c.h; path = AppDelegate.h; sourceTree = "<group>"; };
		37C69E1C1ED6684D00531ED3 /* AppDelegate.m */ = {isa = PBXFileReference; lastKnownFileType = sourcecode.c.objc; path = AppDelegate.m; sourceTree = "<group>"; };
		37C69E1E1ED6684D00531ED3 /* ViewController.h */ = {isa = PBXFileReference; lastKnownFileType = sourcecode.c.h; path = ViewController.h; sourceTree = "<group>"; };
		37C69E1F1ED6684D00531ED3 /* ViewController.m */ = {isa = PBXFileReference; lastKnownFileType = sourcecode.c.objc; path = ViewController.m; sourceTree = "<group>"; };
		37C69E221ED6684D00531ED3 /* Base */ = {isa = PBXFileReference; lastKnownFileType = file.storyboard; name = Base; path = Base.lproj/Main.storyboard; sourceTree = "<group>"; };
		37C69E241ED6684D00531ED3 /* Assets.xcassets */ = {isa = PBXFileReference; lastKnownFileType = folder.assetcatalog; path = Assets.xcassets; sourceTree = "<group>"; };
		37C69E271ED6684D00531ED3 /* Base */ = {isa = PBXFileReference; lastKnownFileType = file.storyboard; name = Base; path = Base.lproj/LaunchScreen.storyboard; sourceTree = "<group>"; };
		37C69E291ED6684D00531ED3 /* Info.plist */ = {isa = PBXFileReference; lastKnownFileType = text.plist.xml; path = Info.plist; sourceTree = "<group>"; };
		37EDDC2C1F079CDD0034C273 /* NSDate+CCChain.h */ = {isa = PBXFileReference; fileEncoding = 4; lastKnownFileType = sourcecode.c.h; path = "NSDate+CCChain.h"; sourceTree = "<group>"; };
		37EDDC2D1F079CDD0034C273 /* NSDate+CCChain.m */ = {isa = PBXFileReference; fileEncoding = 4; lastKnownFileType = sourcecode.c.objc; path = "NSDate+CCChain.m"; sourceTree = "<group>"; };
		37EDDC301F079D020034C273 /* NSArray+CCChain.h */ = {isa = PBXFileReference; fileEncoding = 4; lastKnownFileType = sourcecode.c.h; path = "NSArray+CCChain.h"; sourceTree = "<group>"; };
		37EDDC311F079D020034C273 /* NSArray+CCChain.m */ = {isa = PBXFileReference; fileEncoding = 4; lastKnownFileType = sourcecode.c.objc; path = "NSArray+CCChain.m"; sourceTree = "<group>"; };
		3D5CA2FFF5E357F90100D989 /* Pods-CCLocalLibrary.debug.xcconfig */ = {isa = PBXFileReference; includeInIndex = 1; lastKnownFileType = text.xcconfig; name = "Pods-CCLocalLibrary.debug.xcconfig"; path = "Pods/Target Support Files/Pods-CCLocalLibrary/Pods-CCLocalLibrary.debug.xcconfig"; sourceTree = "<group>"; };
		70471DD41F31C142003B808F /* NSDictionary+CCChain.h */ = {isa = PBXFileReference; fileEncoding = 4; lastKnownFileType = sourcecode.c.h; path = "NSDictionary+CCChain.h"; sourceTree = "<group>"; };
		70471DD51F31C142003B808F /* NSDictionary+CCChain.m */ = {isa = PBXFileReference; fileEncoding = 4; lastKnownFileType = sourcecode.c.objc; path = "NSDictionary+CCChain.m"; sourceTree = "<group>"; };
		70471DD81F31C4E3003B808F /* NSNumber+CCChain.h */ = {isa = PBXFileReference; fileEncoding = 4; lastKnownFileType = sourcecode.c.h; path = "NSNumber+CCChain.h"; sourceTree = "<group>"; };
		70471DD91F31C4E3003B808F /* NSNumber+CCChain.m */ = {isa = PBXFileReference; fileEncoding = 4; lastKnownFileType = sourcecode.c.objc; path = "NSNumber+CCChain.m"; sourceTree = "<group>"; };
		70471DDD1F31C667003B808F /* UIView+CCChain.h */ = {isa = PBXFileReference; fileEncoding = 4; lastKnownFileType = sourcecode.c.h; path = "UIView+CCChain.h"; sourceTree = "<group>"; };
		70471DDE1F31C667003B808F /* UIView+CCChain.m */ = {isa = PBXFileReference; fileEncoding = 4; lastKnownFileType = sourcecode.c.objc; path = "UIView+CCChain.m"; sourceTree = "<group>"; };
		70471DE11F31C892003B808F /* UIGestureRecognizer+CCChain.h */ = {isa = PBXFileReference; fileEncoding = 4; lastKnownFileType = sourcecode.c.h; path = "UIGestureRecognizer+CCChain.h"; sourceTree = "<group>"; };
		70471DE21F31C892003B808F /* UIGestureRecognizer+CCChain.m */ = {isa = PBXFileReference; fileEncoding = 4; lastKnownFileType = sourcecode.c.objc; path = "UIGestureRecognizer+CCChain.m"; sourceTree = "<group>"; };
		70471DE51F31D568003B808F /* MBProgressHUD+CCChain.h */ = {isa = PBXFileReference; fileEncoding = 4; lastKnownFileType = sourcecode.c.h; path = "MBProgressHUD+CCChain.h"; sourceTree = "<group>"; };
		70471DE61F31D568003B808F /* MBProgressHUD+CCChain.m */ = {isa = PBXFileReference; fileEncoding = 4; lastKnownFileType = sourcecode.c.objc; path = "MBProgressHUD+CCChain.m"; sourceTree = "<group>"; };
/* End PBXFileReference section */

/* Begin PBXFrameworksBuildPhase section */
		37C69E121ED6684D00531ED3 /* Frameworks */ = {
			isa = PBXFrameworksBuildPhase;
			buildActionMask = 2147483647;
			files = (
				244AFA8F04C1883DB480CE01 /* Pods_CCLocalLibrary.framework in Frameworks */,
			);
			runOnlyForDeploymentPostprocessing = 0;
		};
/* End PBXFrameworksBuildPhase section */

/* Begin PBXGroup section */
		003A28CBDB5B3835E6E8EC1B /* Pods */ = {
			isa = PBXGroup;
			children = (
				3D5CA2FFF5E357F90100D989 /* Pods-CCLocalLibrary.debug.xcconfig */,
				06F3945F3B247350FA607CEF /* Pods-CCLocalLibrary.release.xcconfig */,
			);
			name = Pods;
			sourceTree = "<group>";
		};
		370D74A31F322B5A00709A9F /* CCProtocol */ = {
			isa = PBXGroup;
			children = (
				370D74A41F322B7100709A9F /* CCChainOperateProtocol.h */,
				370D74A51F322BBD00709A9F /* NSObject+CCProtocol.h */,
				370D74A61F322BBD00709A9F /* NSObject+CCProtocol.m */,
			);
			path = CCProtocol;
			sourceTree = "<group>";
		};
		371F1D731F0745F10055757B /* CCLocalLib */ = {
			isa = PBXGroup;
			children = (
				371F1D741F0745F10055757B /* CCLocalLib */,
				371F1DE41F0745F10055757B /* CCLocalLib.podspec */,
			);
			name = CCLocalLib;
			path = ../CCLocalLib;
			sourceTree = "<group>";
		};
		371F1D741F0745F10055757B /* CCLocalLib */ = {
			isa = PBXGroup;
			children = (
				371F1D751F0745F10055757B /* CCCategory */,
				371F1DCE1F0745F10055757B /* CCCommon */,
				371F1DD41F0745F10055757B /* CCTools */,
				371F1DDB1F0745F10055757B /* CCVendors */,
			);
			path = CCLocalLib;
			sourceTree = "<group>";
		};
		371F1D751F0745F10055757B /* CCCategory */ = {
			isa = PBXGroup;
			children = (
				371F1D761F0745F10055757B /* CCData */,
				371F1D951F0745F10055757B /* CCView */,
			);
			path = CCCategory;
			sourceTree = "<group>";
		};
		371F1D761F0745F10055757B /* CCData */ = {
			isa = PBXGroup;
			children = (
				371F1D771F0745F10055757B /* NSArray */,
				371F1D7A1F0745F10055757B /* NSDate */,
				371F1D7D1F0745F10055757B /* NSDecimalNumber */,
				371F1D801F0745F10055757B /* NSDictionary */,
				371F1D831F0745F10055757B /* NSMutableArray */,
				371F1D861F0745F10055757B /* NSMutableAttributedString */,
				371F1D891F0745F10055757B /* NSMutableDictionary */,
				371F1D8C1F0745F10055757B /* NSNumber */,
				371F1D8F1F0745F10055757B /* NSObject */,
				371F1D921F0745F10055757B /* NSString */,
			);
			path = CCData;
			sourceTree = "<group>";
		};
		371F1D771F0745F10055757B /* NSArray */ = {
			isa = PBXGroup;
			children = (
				371F1D781F0745F10055757B /* NSArray+CCExtension.h */,
				371F1D791F0745F10055757B /* NSArray+CCExtension.m */,
			);
			path = NSArray;
			sourceTree = "<group>";
		};
		371F1D7A1F0745F10055757B /* NSDate */ = {
			isa = PBXGroup;
			children = (
				371F1D7B1F0745F10055757B /* NSDate+CCExtension.h */,
				371F1D7C1F0745F10055757B /* NSDate+CCExtension.m */,
			);
			path = NSDate;
			sourceTree = "<group>";
		};
		371F1D7D1F0745F10055757B /* NSDecimalNumber */ = {
			isa = PBXGroup;
			children = (
				371F1D7E1F0745F10055757B /* NSDecimalNumber+CCExtension.h */,
				371F1D7F1F0745F10055757B /* NSDecimalNumber+CCExtension.m */,
			);
			path = NSDecimalNumber;
			sourceTree = "<group>";
		};
		371F1D801F0745F10055757B /* NSDictionary */ = {
			isa = PBXGroup;
			children = (
				371F1D811F0745F10055757B /* NSDictionary+CCExtension.h */,
				371F1D821F0745F10055757B /* NSDictionary+CCExtension.m */,
			);
			path = NSDictionary;
			sourceTree = "<group>";
		};
		371F1D831F0745F10055757B /* NSMutableArray */ = {
			isa = PBXGroup;
			children = (
				371F1D841F0745F10055757B /* NSMutableArray+CCExtension.h */,
				371F1D851F0745F10055757B /* NSMutableArray+CCExtension.m */,
			);
			path = NSMutableArray;
			sourceTree = "<group>";
		};
		371F1D861F0745F10055757B /* NSMutableAttributedString */ = {
			isa = PBXGroup;
			children = (
				371F1D871F0745F10055757B /* NSMutableAttributedString+CCExtension.h */,
				371F1D881F0745F10055757B /* NSMutableAttributedString+CCExtension.m */,
			);
			path = NSMutableAttributedString;
			sourceTree = "<group>";
		};
		371F1D891F0745F10055757B /* NSMutableDictionary */ = {
			isa = PBXGroup;
			children = (
				371F1D8A1F0745F10055757B /* NSMutableDictionary+CCExtension.h */,
				371F1D8B1F0745F10055757B /* NSMutableDictionary+CCExtension.m */,
			);
			path = NSMutableDictionary;
			sourceTree = "<group>";
		};
		371F1D8C1F0745F10055757B /* NSNumber */ = {
			isa = PBXGroup;
			children = (
				371F1D8D1F0745F10055757B /* NSNumber+CCExtension.h */,
				371F1D8E1F0745F10055757B /* NSNumber+CCExtension.m */,
			);
			path = NSNumber;
			sourceTree = "<group>";
		};
		371F1D8F1F0745F10055757B /* NSObject */ = {
			isa = PBXGroup;
			children = (
				371F1D901F0745F10055757B /* NSObject+CCExtension.h */,
				371F1D911F0745F10055757B /* NSObject+CCExtension.m */,
			);
			path = NSObject;
			sourceTree = "<group>";
		};
		371F1D921F0745F10055757B /* NSString */ = {
			isa = PBXGroup;
			children = (
				371F1D931F0745F10055757B /* NSString+CCExtension.h */,
				371F1D941F0745F10055757B /* NSString+CCExtension.m */,
			);
			path = NSString;
			sourceTree = "<group>";
		};
		371F1D951F0745F10055757B /* CCView */ = {
			isa = PBXGroup;
			children = (
				371F1D961F0745F10055757B /* MBProgressHud */,
				371F1D991F0745F10055757B /* UIAlertController */,
				371F1D9C1F0745F10055757B /* UIBarButtonItem */,
				371F1D9F1F0745F10055757B /* UIButton */,
				371F1DA21F0745F10055757B /* UICollectionView */,
				371F1DA51F0745F10055757B /* UIColor */,
				371F1DA81F0745F10055757B /* UIGestureRecognizer */,
				371F1DAD1F0745F10055757B /* UIImage */,
				371F1DB01F0745F10055757B /* UIImagePickerController */,
				371F1DB31F0745F10055757B /* UIImageView */,
				371F1DB61F0745F10055757B /* UILabel */,
				371F1DB91F0745F10055757B /* UINavigationItem */,
				371F1DBC1F0745F10055757B /* UIScrollView */,
				371F1DBF1F0745F10055757B /* UITableView */,
				371F1DC21F0745F10055757B /* UITextField */,
				371F1DC51F0745F10055757B /* UIView */,
				371F1DC81F0745F10055757B /* UIViewController */,
				371F1DCB1F0745F10055757B /* WKWebVuew */,
			);
			path = CCView;
			sourceTree = "<group>";
		};
		371F1D961F0745F10055757B /* MBProgressHud */ = {
			isa = PBXGroup;
			children = (
				371F1D971F0745F10055757B /* MBProgressHUD+CCExtension.h */,
				371F1D981F0745F10055757B /* MBProgressHUD+CCExtension.m */,
			);
			path = MBProgressHud;
			sourceTree = "<group>";
		};
		371F1D991F0745F10055757B /* UIAlertController */ = {
			isa = PBXGroup;
			children = (
				371F1D9A1F0745F10055757B /* UIAlertController+CCExtension.h */,
				371F1D9B1F0745F10055757B /* UIAlertController+CCExtension.m */,
			);
			path = UIAlertController;
			sourceTree = "<group>";
		};
		371F1D9C1F0745F10055757B /* UIBarButtonItem */ = {
			isa = PBXGroup;
			children = (
				371F1D9D1F0745F10055757B /* UIBarButtonItem+CCExtension.h */,
				371F1D9E1F0745F10055757B /* UIBarButtonItem+CCExtension.m */,
			);
			path = UIBarButtonItem;
			sourceTree = "<group>";
		};
		371F1D9F1F0745F10055757B /* UIButton */ = {
			isa = PBXGroup;
			children = (
				371F1DA01F0745F10055757B /* UIButton+CCExtension.h */,
				371F1DA11F0745F10055757B /* UIButton+CCExtension.m */,
			);
			path = UIButton;
			sourceTree = "<group>";
		};
		371F1DA21F0745F10055757B /* UICollectionView */ = {
			isa = PBXGroup;
			children = (
				371F1DA31F0745F10055757B /* UICollectionView+CCExtension.h */,
				371F1DA41F0745F10055757B /* UICollectionView+CCExtension.m */,
			);
			path = UICollectionView;
			sourceTree = "<group>";
		};
		371F1DA51F0745F10055757B /* UIColor */ = {
			isa = PBXGroup;
			children = (
				371F1DA61F0745F10055757B /* UIColor+CCExtension.h */,
				371F1DA71F0745F10055757B /* UIColor+CCExtension.m */,
			);
			path = UIColor;
			sourceTree = "<group>";
		};
		371F1DA81F0745F10055757B /* UIGestureRecognizer */ = {
			isa = PBXGroup;
			children = (
				371F1DA91F0745F10055757B /* UIGestureRecognizer+CCExtension.h */,
				371F1DAA1F0745F10055757B /* UIGestureRecognizer+CCExtension.m */,
				371F1DAB1F0745F10055757B /* UITapGestureRecognizer+CCExtension.h */,
				371F1DAC1F0745F10055757B /* UITapGestureRecognizer+CCExtension.m */,
			);
			path = UIGestureRecognizer;
			sourceTree = "<group>";
		};
		371F1DAD1F0745F10055757B /* UIImage */ = {
			isa = PBXGroup;
			children = (
				371F1DAE1F0745F10055757B /* UIImage+CCExtension.h */,
				371F1DAF1F0745F10055757B /* UIImage+CCExtension.m */,
			);
			path = UIImage;
			sourceTree = "<group>";
		};
		371F1DB01F0745F10055757B /* UIImagePickerController */ = {
			isa = PBXGroup;
			children = (
				371F1DB11F0745F10055757B /* UIImagePickerController+CCExtension.h */,
				371F1DB21F0745F10055757B /* UIImagePickerController+CCExtension.m */,
			);
			path = UIImagePickerController;
			sourceTree = "<group>";
		};
		371F1DB31F0745F10055757B /* UIImageView */ = {
			isa = PBXGroup;
			children = (
				371F1DB41F0745F10055757B /* UIImageView+CCExtension.h */,
				371F1DB51F0745F10055757B /* UIImageView+CCExtension.m */,
			);
			path = UIImageView;
			sourceTree = "<group>";
		};
		371F1DB61F0745F10055757B /* UILabel */ = {
			isa = PBXGroup;
			children = (
				371F1DB71F0745F10055757B /* UILabel+CCExtension.h */,
				371F1DB81F0745F10055757B /* UILabel+CCExtension.m */,
			);
			path = UILabel;
			sourceTree = "<group>";
		};
		371F1DB91F0745F10055757B /* UINavigationItem */ = {
			isa = PBXGroup;
			children = (
				371F1DBA1F0745F10055757B /* UINavigationItem+CCSpacing.h */,
				371F1DBB1F0745F10055757B /* UINavigationItem+CCSpacing.m */,
			);
			path = UINavigationItem;
			sourceTree = "<group>";
		};
		371F1DBC1F0745F10055757B /* UIScrollView */ = {
			isa = PBXGroup;
			children = (
				371F1DBD1F0745F10055757B /* UIScrollView+CCExtension.h */,
				371F1DBE1F0745F10055757B /* UIScrollView+CCExtension.m */,
			);
			path = UIScrollView;
			sourceTree = "<group>";
		};
		371F1DBF1F0745F10055757B /* UITableView */ = {
			isa = PBXGroup;
			children = (
				371F1DC01F0745F10055757B /* UITableView+CCExtension.h */,
				371F1DC11F0745F10055757B /* UITableView+CCExtension.m */,
			);
			path = UITableView;
			sourceTree = "<group>";
		};
		371F1DC21F0745F10055757B /* UITextField */ = {
			isa = PBXGroup;
			children = (
				371F1DC31F0745F10055757B /* UITextField+CCExtension.h */,
				371F1DC41F0745F10055757B /* UITextField+CCExtension.m */,
			);
			path = UITextField;
			sourceTree = "<group>";
		};
		371F1DC51F0745F10055757B /* UIView */ = {
			isa = PBXGroup;
			children = (
				371F1DC61F0745F10055757B /* UIView+CCExtension.h */,
				371F1DC71F0745F10055757B /* UIView+CCExtension.m */,
			);
			path = UIView;
			sourceTree = "<group>";
		};
		371F1DC81F0745F10055757B /* UIViewController */ = {
			isa = PBXGroup;
			children = (
				371F1DC91F0745F10055757B /* UIViewController+CCExtension.h */,
				371F1DCA1F0745F10055757B /* UIViewController+CCExtension.m */,
			);
			path = UIViewController;
			sourceTree = "<group>";
		};
		371F1DCB1F0745F10055757B /* WKWebVuew */ = {
			isa = PBXGroup;
			children = (
				371F1DCC1F0745F10055757B /* WKWebView+CCExtension.h */,
				371F1DCD1F0745F10055757B /* WKWebView+CCExtension.m */,
			);
			path = WKWebVuew;
			sourceTree = "<group>";
		};
		371F1DCE1F0745F10055757B /* CCCommon */ = {
			isa = PBXGroup;
			children = (
				371F1DCF1F0745F10055757B /* CCCommonDataTools.h */,
				371F1DD01F0745F10055757B /* CCCommonDefine.h */,
				371F1DD11F0745F10055757B /* CCCommonTools.h */,
				371F1DD21F0745F10055757B /* CCCommonTools.m */,
				371F1DD31F0745F10055757B /* CCCommonViewTools.h */,
			);
			path = CCCommon;
			sourceTree = "<group>";
		};
		371F1DD41F0745F10055757B /* CCTools */ = {
			isa = PBXGroup;
			children = (
				371F1DD51F0745F10055757B /* CCFileManager */,
				371F1DD81F0745F10055757B /* NetworkMoniter */,
			);
			path = CCTools;
			sourceTree = "<group>";
		};
		371F1DD51F0745F10055757B /* CCFileManager */ = {
			isa = PBXGroup;
			children = (
				371F1DD61F0745F10055757B /* CCFileManager.h */,
				371F1DD71F0745F10055757B /* CCFileManager.m */,
			);
			path = CCFileManager;
			sourceTree = "<group>";
		};
		371F1DD81F0745F10055757B /* NetworkMoniter */ = {
			isa = PBXGroup;
			children = (
				371F1DD91F0745F10055757B /* CCNetworkMoniter.h */,
				371F1DDA1F0745F10055757B /* CCNetworkMoniter.m */,
			);
			path = NetworkMoniter;
			sourceTree = "<group>";
		};
		371F1DDB1F0745F10055757B /* CCVendors */ = {
			isa = PBXGroup;
			children = (
				371F1DDC1F0745F10055757B /* CCMJRefresh */,
				371F1DE11F0745F10055757B /* CCUIImageView + WeakNetwork */,
			);
			path = CCVendors;
			sourceTree = "<group>";
		};
		371F1DDC1F0745F10055757B /* CCMJRefresh */ = {
			isa = PBXGroup;
			children = (
				371F1DDD1F0745F10055757B /* CCCustomFooter.h */,
				371F1DDE1F0745F10055757B /* CCCustomFooter.m */,
				371F1DDF1F0745F10055757B /* CCCustomHeader.h */,
				371F1DE01F0745F10055757B /* CCCustomHeader.m */,
			);
			path = CCMJRefresh;
			sourceTree = "<group>";
		};
		371F1DE11F0745F10055757B /* CCUIImageView + WeakNetwork */ = {
			isa = PBXGroup;
			children = (
				371F1DE21F0745F10055757B /* UIImageView+CCWeakNetwork.h */,
				371F1DE31F0745F10055757B /* UIImageView+CCWeakNetwork.m */,
			);
			path = "CCUIImageView + WeakNetwork";
			sourceTree = "<group>";
		};
		371F1E091F0746FF0055757B /* CCChainOperate */ = {
			isa = PBXGroup;
			children = (
				370D74A31F322B5A00709A9F /* CCProtocol */,
				70471DDB1F31C647003B808F /* CCView */,
				371F1E0A1F0747760055757B /* CCData */,
			);
			name = CCChainOperate;
			path = ../CCChainOperate;
			sourceTree = "<group>";
		};
		371F1E0A1F0747760055757B /* CCData */ = {
			isa = PBXGroup;
			children = (
				70471DD71F31C4D2003B808F /* NSNumber */,
				70471DD31F31C122003B808F /* NSDictionary */,
				37EDDC2F1F079CF20034C273 /* NSArray */,
				37EDDC2B1F079CDD0034C273 /* NSDate */,
				371F1E1B1F076D4E0055757B /* NSAttributedString */,
				371F1E171F0762660055757B /* NSPredicate */,
				371F1E131F07520D0055757B /* NSObject */,
				371F1E0B1F0747760055757B /* NSString */,
			);
			path = CCData;
			sourceTree = "<group>";
		};
		371F1E0B1F0747760055757B /* NSString */ = {
			isa = PBXGroup;
			children = (
				371F1E0C1F0747BA0055757B /* NSString+CCChain.h */,
				371F1E0D1F0747BA0055757B /* NSString+CCChain.m */,
			);
			path = NSString;
			sourceTree = "<group>";
		};
		371F1E131F07520D0055757B /* NSObject */ = {
			isa = PBXGroup;
			children = (
				371F1E141F0752270055757B /* NSObject+CCChain.h */,
				371F1E151F0752270055757B /* NSObject+CCChain.m */,
			);
			path = NSObject;
			sourceTree = "<group>";
		};
		371F1E171F0762660055757B /* NSPredicate */ = {
			isa = PBXGroup;
			children = (
				371F1E181F0762770055757B /* NSPredicate+CCChain.h */,
				371F1E191F0762770055757B /* NSPredicate+CCChain.m */,
			);
			path = NSPredicate;
			sourceTree = "<group>";
		};
		371F1E1B1F076D4E0055757B /* NSAttributedString */ = {
			isa = PBXGroup;
			children = (
				371F1E1C1F076D610055757B /* NSAttributedString+CCChain.h */,
				371F1E1D1F076D610055757B /* NSAttributedString+CCChain.m */,
			);
			path = NSAttributedString;
			sourceTree = "<group>";
		};
		37C69E0C1ED6684D00531ED3 = {
			isa = PBXGroup;
			children = (
				371F1E091F0746FF0055757B /* CCChainOperate */,
				371F1D731F0745F10055757B /* CCLocalLib */,
				37C69E171ED6684D00531ED3 /* CCLocalLibrary */,
				37C69E161ED6684D00531ED3 /* Products */,
				003A28CBDB5B3835E6E8EC1B /* Pods */,
				8B7896DEA8F6C51E28F52700 /* Frameworks */,
			);
			sourceTree = "<group>";
		};
		37C69E161ED6684D00531ED3 /* Products */ = {
			isa = PBXGroup;
			children = (
				37C69E151ED6684D00531ED3 /* CCLocalLibrary.app */,
			);
			name = Products;
			sourceTree = "<group>";
		};
		37C69E171ED6684D00531ED3 /* CCLocalLibrary */ = {
			isa = PBXGroup;
			children = (
				377CAD191F0105E800AE46A8 /* 0ZG63407-0.png */,
				37C69E1B1ED6684D00531ED3 /* AppDelegate.h */,
				37C69E1C1ED6684D00531ED3 /* AppDelegate.m */,
				37C69E1E1ED6684D00531ED3 /* ViewController.h */,
				37C69E1F1ED6684D00531ED3 /* ViewController.m */,
				37C69E211ED6684D00531ED3 /* Main.storyboard */,
				37C69E241ED6684D00531ED3 /* Assets.xcassets */,
				37C69E261ED6684D00531ED3 /* LaunchScreen.storyboard */,
				37C69E291ED6684D00531ED3 /* Info.plist */,
				37C69E181ED6684D00531ED3 /* Supporting Files */,
			);
			path = CCLocalLibrary;
			sourceTree = "<group>";
		};
		37C69E181ED6684D00531ED3 /* Supporting Files */ = {
			isa = PBXGroup;
			children = (
				37C69E191ED6684D00531ED3 /* main.m */,
			);
			name = "Supporting Files";
			sourceTree = "<group>";
		};
		37EDDC2B1F079CDD0034C273 /* NSDate */ = {
			isa = PBXGroup;
			children = (
				37EDDC2C1F079CDD0034C273 /* NSDate+CCChain.h */,
				37EDDC2D1F079CDD0034C273 /* NSDate+CCChain.m */,
			);
			path = NSDate;
			sourceTree = "<group>";
		};
		37EDDC2F1F079CF20034C273 /* NSArray */ = {
			isa = PBXGroup;
			children = (
				37EDDC301F079D020034C273 /* NSArray+CCChain.h */,
				37EDDC311F079D020034C273 /* NSArray+CCChain.m */,
			);
			path = NSArray;
			sourceTree = "<group>";
		};
		70471DD31F31C122003B808F /* NSDictionary */ = {
			isa = PBXGroup;
			children = (
				70471DD41F31C142003B808F /* NSDictionary+CCChain.h */,
				70471DD51F31C142003B808F /* NSDictionary+CCChain.m */,
			);
			path = NSDictionary;
			sourceTree = "<group>";
		};
		70471DD71F31C4D2003B808F /* NSNumber */ = {
			isa = PBXGroup;
			children = (
				70471DD81F31C4E3003B808F /* NSNumber+CCChain.h */,
				70471DD91F31C4E3003B808F /* NSNumber+CCChain.m */,
			);
			path = NSNumber;
			sourceTree = "<group>";
		};
		70471DDB1F31C647003B808F /* CCView */ = {
			isa = PBXGroup;
			children = (
				70471DE41F31D55B003B808F /* MBProgressHud */,
				70471DE01F31C85B003B808F /* UIGestureRecognizer */,
				70471DDC1F31C647003B808F /* UIView */,
			);
			path = CCView;
			sourceTree = "<group>";
		};
		70471DDC1F31C647003B808F /* UIView */ = {
			isa = PBXGroup;
			children = (
				70471DDD1F31C667003B808F /* UIView+CCChain.h */,
				70471DDE1F31C667003B808F /* UIView+CCChain.m */,
			);
			path = UIView;
			sourceTree = "<group>";
		};
		70471DE01F31C85B003B808F /* UIGestureRecognizer */ = {
			isa = PBXGroup;
			children = (
				70471DE11F31C892003B808F /* UIGestureRecognizer+CCChain.h */,
				70471DE21F31C892003B808F /* UIGestureRecognizer+CCChain.m */,
			);
			path = UIGestureRecognizer;
			sourceTree = "<group>";
		};
		70471DE41F31D55B003B808F /* MBProgressHud */ = {
			isa = PBXGroup;
			children = (
				70471DE51F31D568003B808F /* MBProgressHUD+CCChain.h */,
				70471DE61F31D568003B808F /* MBProgressHUD+CCChain.m */,
			);
			path = MBProgressHud;
			sourceTree = "<group>";
		};
		8B7896DEA8F6C51E28F52700 /* Frameworks */ = {
			isa = PBXGroup;
			children = (
				1C424E92BD9104CE08216FD9 /* Pods_CCLocalLibrary.framework */,
			);
			name = Frameworks;
			sourceTree = "<group>";
		};
/* End PBXGroup section */

/* Begin PBXNativeTarget section */
		37C69E141ED6684D00531ED3 /* CCLocalLibrary */ = {
			isa = PBXNativeTarget;
			buildConfigurationList = 37C69E2C1ED6684D00531ED3 /* Build configuration list for PBXNativeTarget "CCLocalLibrary" */;
			buildPhases = (
				8D7098B6BAB3717C98981D05 /* [CP] Check Pods Manifest.lock */,
				37C69E111ED6684D00531ED3 /* Sources */,
				37C69E121ED6684D00531ED3 /* Frameworks */,
				37C69E131ED6684D00531ED3 /* Resources */,
				1EBA68B022ED73D8F5B3A07E /* [CP] Embed Pods Frameworks */,
				88DE172D4556FA97B1D90027 /* [CP] Copy Pods Resources */,
			);
			buildRules = (
			);
			dependencies = (
			);
			name = CCLocalLibrary;
			productName = CCLocalLibrary;
			productReference = 37C69E151ED6684D00531ED3 /* CCLocalLibrary.app */;
			productType = "com.apple.product-type.application";
		};
/* End PBXNativeTarget section */

/* Begin PBXProject section */
		37C69E0D1ED6684D00531ED3 /* Project object */ = {
			isa = PBXProject;
			attributes = {
				LastUpgradeCheck = 0830;
				ORGANIZATIONNAME = "冯明庆";
				TargetAttributes = {
					37C69E141ED6684D00531ED3 = {
						CreatedOnToolsVersion = 8.3.2;
						DevelopmentTeam = Y6QZNMQWRN;
						ProvisioningStyle = Automatic;
					};
				};
			};
			buildConfigurationList = 37C69E101ED6684D00531ED3 /* Build configuration list for PBXProject "CCLocalLibrary" */;
			compatibilityVersion = "Xcode 3.2";
			developmentRegion = English;
			hasScannedForEncodings = 0;
			knownRegions = (
				en,
				Base,
			);
			mainGroup = 37C69E0C1ED6684D00531ED3;
			productRefGroup = 37C69E161ED6684D00531ED3 /* Products */;
			projectDirPath = "";
			projectRoot = "";
			targets = (
				37C69E141ED6684D00531ED3 /* CCLocalLibrary */,
			);
		};
/* End PBXProject section */

/* Begin PBXResourcesBuildPhase section */
		37C69E131ED6684D00531ED3 /* Resources */ = {
			isa = PBXResourcesBuildPhase;
			buildActionMask = 2147483647;
			files = (
				371F1E081F0745F10055757B /* CCLocalLib.podspec in Resources */,
				37C69E281ED6684D00531ED3 /* LaunchScreen.storyboard in Resources */,
				37C69E251ED6684D00531ED3 /* Assets.xcassets in Resources */,
				377CAD1A1F0105E800AE46A8 /* 0ZG63407-0.png in Resources */,
				37C69E231ED6684D00531ED3 /* Main.storyboard in Resources */,
			);
			runOnlyForDeploymentPostprocessing = 0;
		};
/* End PBXResourcesBuildPhase section */

/* Begin PBXShellScriptBuildPhase section */
		1EBA68B022ED73D8F5B3A07E /* [CP] Embed Pods Frameworks */ = {
			isa = PBXShellScriptBuildPhase;
			buildActionMask = 2147483647;
			files = (
			);
			inputPaths = (
			);
			name = "[CP] Embed Pods Frameworks";
			outputPaths = (
			);
			runOnlyForDeploymentPostprocessing = 0;
			shellPath = /bin/sh;
			shellScript = "\"${SRCROOT}/Pods/Target Support Files/Pods-CCLocalLibrary/Pods-CCLocalLibrary-frameworks.sh\"\n";
			showEnvVarsInLog = 0;
		};
		88DE172D4556FA97B1D90027 /* [CP] Copy Pods Resources */ = {
			isa = PBXShellScriptBuildPhase;
			buildActionMask = 2147483647;
			files = (
			);
			inputPaths = (
			);
			name = "[CP] Copy Pods Resources";
			outputPaths = (
			);
			runOnlyForDeploymentPostprocessing = 0;
			shellPath = /bin/sh;
			shellScript = "\"${SRCROOT}/Pods/Target Support Files/Pods-CCLocalLibrary/Pods-CCLocalLibrary-resources.sh\"\n";
			showEnvVarsInLog = 0;
		};
		8D7098B6BAB3717C98981D05 /* [CP] Check Pods Manifest.lock */ = {
			isa = PBXShellScriptBuildPhase;
			buildActionMask = 2147483647;
			files = (
			);
			inputPaths = (
			);
			name = "[CP] Check Pods Manifest.lock";
			outputPaths = (
			);
			runOnlyForDeploymentPostprocessing = 0;
			shellPath = /bin/sh;
			shellScript = "diff \"${PODS_PODFILE_DIR_PATH}/Podfile.lock\" \"${PODS_ROOT}/Manifest.lock\" > /dev/null\nif [ $? != 0 ] ; then\n    # print error to STDERR\n    echo \"error: The sandbox is not in sync with the Podfile.lock. Run 'pod install' or update your CocoaPods installation.\" >&2\n    exit 1\nfi\n";
			showEnvVarsInLog = 0;
		};
/* End PBXShellScriptBuildPhase section */

/* Begin PBXSourcesBuildPhase section */
		37C69E111ED6684D00531ED3 /* Sources */ = {
			isa = PBXSourcesBuildPhase;
			buildActionMask = 2147483647;
			files = (
				371F1DF71F0745F10055757B /* UIImage+CCExtension.m in Sources */,
				371F1E161F0752270055757B /* NSObject+CCChain.m in Sources */,
				371F1DFB1F0745F10055757B /* UINavigationItem+CCSpacing.m in Sources */,
				371F1E1A1F0762770055757B /* NSPredicate+CCChain.m in Sources */,
				371F1DF31F0745F10055757B /* UICollectionView+CCExtension.m in Sources */,
				370D74A71F322BBD00709A9F /* NSObject+CCProtocol.m in Sources */,
				371F1DFA1F0745F10055757B /* UILabel+CCExtension.m in Sources */,
				371F1E1E1F076D610055757B /* NSAttributedString+CCChain.m in Sources */,
				371F1DFE1F0745F10055757B /* UITextField+CCExtension.m in Sources */,
				371F1DFD1F0745F10055757B /* UITableView+CCExtension.m in Sources */,
				371F1E031F0745F10055757B /* CCFileManager.m in Sources */,
				371F1DEE1F0745F10055757B /* NSString+CCExtension.m in Sources */,
				371F1DF01F0745F10055757B /* UIAlertController+CCExtension.m in Sources */,
				37EDDC2E1F079CDD0034C273 /* NSDate+CCChain.m in Sources */,
				371F1DF41F0745F10055757B /* UIColor+CCExtension.m in Sources */,
				371F1DEB1F0745F10055757B /* NSMutableDictionary+CCExtension.m in Sources */,
				371F1DF21F0745F10055757B /* UIButton+CCExtension.m in Sources */,
				371F1DE91F0745F10055757B /* NSMutableArray+CCExtension.m in Sources */,
				371F1DF81F0745F10055757B /* UIImagePickerController+CCExtension.m in Sources */,
				371F1DE71F0745F10055757B /* NSDecimalNumber+CCExtension.m in Sources */,
				371F1DF61F0745F10055757B /* UITapGestureRecognizer+CCExtension.m in Sources */,
				371F1DEC1F0745F10055757B /* NSNumber+CCExtension.m in Sources */,
				371F1E041F0745F10055757B /* CCNetworkMoniter.m in Sources */,
				371F1E061F0745F10055757B /* CCCustomHeader.m in Sources */,
				371F1DFC1F0745F10055757B /* UIScrollView+CCExtension.m in Sources */,
				37C69E201ED6684D00531ED3 /* ViewController.m in Sources */,
				70471DDF1F31C667003B808F /* UIView+CCChain.m in Sources */,
				371F1DE61F0745F10055757B /* NSDate+CCExtension.m in Sources */,
				70471DE71F31D568003B808F /* MBProgressHUD+CCChain.m in Sources */,
				371F1E051F0745F10055757B /* CCCustomFooter.m in Sources */,
				371F1DE51F0745F10055757B /* NSArray+CCExtension.m in Sources */,
				371F1E0E1F0747BA0055757B /* NSString+CCChain.m in Sources */,
				70471DDA1F31C4E3003B808F /* NSNumber+CCChain.m in Sources */,
				37C69E1D1ED6684D00531ED3 /* AppDelegate.m in Sources */,
				371F1E021F0745F10055757B /* CCCommonTools.m in Sources */,
				70471DE31F31C892003B808F /* UIGestureRecognizer+CCChain.m in Sources */,
				37EDDC321F079D020034C273 /* NSArray+CCChain.m in Sources */,
				371F1E071F0745F10055757B /* UIImageView+CCWeakNetwork.m in Sources */,
				70471DD61F31C142003B808F /* NSDictionary+CCChain.m in Sources */,
				371F1E001F0745F10055757B /* UIViewController+CCExtension.m in Sources */,
				371F1DE81F0745F10055757B /* NSDictionary+CCExtension.m in Sources */,
				371F1DF91F0745F10055757B /* UIImageView+CCExtension.m in Sources */,
				371F1DF11F0745F10055757B /* UIBarButtonItem+CCExtension.m in Sources */,
				371F1DF51F0745F10055757B /* UIGestureRecognizer+CCExtension.m in Sources */,
				371F1DEA1F0745F10055757B /* NSMutableAttributedString+CCExtension.m in Sources */,
				37C69E1A1ED6684D00531ED3 /* main.m in Sources */,
				371F1DEF1F0745F10055757B /* MBProgressHUD+CCExtension.m in Sources */,
				371F1DFF1F0745F10055757B /* UIView+CCExtension.m in Sources */,
				371F1E011F0745F10055757B /* WKWebView+CCExtension.m in Sources */,
				371F1DED1F0745F10055757B /* NSObject+CCExtension.m in Sources */,
			);
			runOnlyForDeploymentPostprocessing = 0;
		};
/* End PBXSourcesBuildPhase section */

/* Begin PBXVariantGroup section */
		37C69E211ED6684D00531ED3 /* Main.storyboard */ = {
			isa = PBXVariantGroup;
			children = (
				37C69E221ED6684D00531ED3 /* Base */,
			);
			name = Main.storyboard;
			sourceTree = "<group>";
		};
		37C69E261ED6684D00531ED3 /* LaunchScreen.storyboard */ = {
			isa = PBXVariantGroup;
			children = (
				37C69E271ED6684D00531ED3 /* Base */,
			);
			name = LaunchScreen.storyboard;
			sourceTree = "<group>";
		};
/* End PBXVariantGroup section */

/* Begin XCBuildConfiguration section */
		37C69E2A1ED6684D00531ED3 /* Debug */ = {
			isa = XCBuildConfiguration;
			buildSettings = {
				ALWAYS_SEARCH_USER_PATHS = NO;
				CLANG_ANALYZER_NONNULL = YES;
				CLANG_ANALYZER_NUMBER_OBJECT_CONVERSION = YES_AGGRESSIVE;
				CLANG_CXX_LANGUAGE_STANDARD = "gnu++0x";
				CLANG_CXX_LIBRARY = "libc++";
				CLANG_ENABLE_MODULES = YES;
				CLANG_ENABLE_OBJC_ARC = YES;
				CLANG_WARN_BOOL_CONVERSION = YES;
				CLANG_WARN_CONSTANT_CONVERSION = YES;
				CLANG_WARN_DIRECT_OBJC_ISA_USAGE = YES_ERROR;
				CLANG_WARN_DOCUMENTATION_COMMENTS = YES;
				CLANG_WARN_EMPTY_BODY = YES;
				CLANG_WARN_ENUM_CONVERSION = YES;
				CLANG_WARN_INFINITE_RECURSION = YES;
				CLANG_WARN_INT_CONVERSION = YES;
				CLANG_WARN_OBJC_ROOT_CLASS = YES_ERROR;
				CLANG_WARN_SUSPICIOUS_MOVE = YES;
				CLANG_WARN_UNREACHABLE_CODE = YES;
				CLANG_WARN__DUPLICATE_METHOD_MATCH = YES;
				"CODE_SIGN_IDENTITY[sdk=iphoneos*]" = "iPhone Developer";
				COPY_PHASE_STRIP = NO;
				DEBUG_INFORMATION_FORMAT = dwarf;
				ENABLE_STRICT_OBJC_MSGSEND = YES;
				ENABLE_TESTABILITY = YES;
				GCC_C_LANGUAGE_STANDARD = gnu99;
				GCC_DYNAMIC_NO_PIC = NO;
				GCC_NO_COMMON_BLOCKS = YES;
				GCC_OPTIMIZATION_LEVEL = 0;
				GCC_PREPROCESSOR_DEFINITIONS = (
					"DEBUG=1",
					"$(inherited)",
				);
				GCC_WARN_64_TO_32_BIT_CONVERSION = YES;
				GCC_WARN_ABOUT_RETURN_TYPE = YES_ERROR;
				GCC_WARN_UNDECLARED_SELECTOR = YES;
				GCC_WARN_UNINITIALIZED_AUTOS = YES_AGGRESSIVE;
				GCC_WARN_UNUSED_FUNCTION = YES;
				GCC_WARN_UNUSED_VARIABLE = YES;
				IPHONEOS_DEPLOYMENT_TARGET = 10.3;
				MTL_ENABLE_DEBUG_INFO = YES;
				ONLY_ACTIVE_ARCH = YES;
				SDKROOT = iphoneos;
				TARGETED_DEVICE_FAMILY = "1,2";
			};
			name = Debug;
		};
		37C69E2B1ED6684D00531ED3 /* Release */ = {
			isa = XCBuildConfiguration;
			buildSettings = {
				ALWAYS_SEARCH_USER_PATHS = NO;
				CLANG_ANALYZER_NONNULL = YES;
				CLANG_ANALYZER_NUMBER_OBJECT_CONVERSION = YES_AGGRESSIVE;
				CLANG_CXX_LANGUAGE_STANDARD = "gnu++0x";
				CLANG_CXX_LIBRARY = "libc++";
				CLANG_ENABLE_MODULES = YES;
				CLANG_ENABLE_OBJC_ARC = YES;
				CLANG_WARN_BOOL_CONVERSION = YES;
				CLANG_WARN_CONSTANT_CONVERSION = YES;
				CLANG_WARN_DIRECT_OBJC_ISA_USAGE = YES_ERROR;
				CLANG_WARN_DOCUMENTATION_COMMENTS = YES;
				CLANG_WARN_EMPTY_BODY = YES;
				CLANG_WARN_ENUM_CONVERSION = YES;
				CLANG_WARN_INFINITE_RECURSION = YES;
				CLANG_WARN_INT_CONVERSION = YES;
				CLANG_WARN_OBJC_ROOT_CLASS = YES_ERROR;
				CLANG_WARN_SUSPICIOUS_MOVE = YES;
				CLANG_WARN_UNREACHABLE_CODE = YES;
				CLANG_WARN__DUPLICATE_METHOD_MATCH = YES;
				"CODE_SIGN_IDENTITY[sdk=iphoneos*]" = "iPhone Developer";
				COPY_PHASE_STRIP = NO;
				DEBUG_INFORMATION_FORMAT = "dwarf-with-dsym";
				ENABLE_NS_ASSERTIONS = NO;
				ENABLE_STRICT_OBJC_MSGSEND = YES;
				GCC_C_LANGUAGE_STANDARD = gnu99;
				GCC_NO_COMMON_BLOCKS = YES;
				GCC_WARN_64_TO_32_BIT_CONVERSION = YES;
				GCC_WARN_ABOUT_RETURN_TYPE = YES_ERROR;
				GCC_WARN_UNDECLARED_SELECTOR = YES;
				GCC_WARN_UNINITIALIZED_AUTOS = YES_AGGRESSIVE;
				GCC_WARN_UNUSED_FUNCTION = YES;
				GCC_WARN_UNUSED_VARIABLE = YES;
				IPHONEOS_DEPLOYMENT_TARGET = 10.3;
				MTL_ENABLE_DEBUG_INFO = NO;
				SDKROOT = iphoneos;
				TARGETED_DEVICE_FAMILY = "1,2";
				VALIDATE_PRODUCT = YES;
			};
			name = Release;
		};
		37C69E2D1ED6684D00531ED3 /* Debug */ = {
			isa = XCBuildConfiguration;
			baseConfigurationReference = 3D5CA2FFF5E357F90100D989 /* Pods-CCLocalLibrary.debug.xcconfig */;
			buildSettings = {
				ASSETCATALOG_COMPILER_APPICON_NAME = AppIcon;
				DEVELOPMENT_TEAM = Y6QZNMQWRN;
				INFOPLIST_FILE = CCLocalLibrary/Info.plist;
				LD_RUNPATH_SEARCH_PATHS = "$(inherited) @executable_path/Frameworks";
				PRODUCT_BUNDLE_IDENTIFIER = CC.CCLocalLibrary;
				PRODUCT_NAME = "$(TARGET_NAME)";
			};
			name = Debug;
		};
		37C69E2E1ED6684D00531ED3 /* Release */ = {
			isa = XCBuildConfiguration;
			baseConfigurationReference = 06F3945F3B247350FA607CEF /* Pods-CCLocalLibrary.release.xcconfig */;
			buildSettings = {
				ASSETCATALOG_COMPILER_APPICON_NAME = AppIcon;
				DEVELOPMENT_TEAM = Y6QZNMQWRN;
				INFOPLIST_FILE = CCLocalLibrary/Info.plist;
				LD_RUNPATH_SEARCH_PATHS = "$(inherited) @executable_path/Frameworks";
				PRODUCT_BUNDLE_IDENTIFIER = CC.CCLocalLibrary;
				PRODUCT_NAME = "$(TARGET_NAME)";
			};
			name = Release;
		};
/* End XCBuildConfiguration section */

/* Begin XCConfigurationList section */
		37C69E101ED6684D00531ED3 /* Build configuration list for PBXProject "CCLocalLibrary" */ = {
			isa = XCConfigurationList;
			buildConfigurations = (
				37C69E2A1ED6684D00531ED3 /* Debug */,
				37C69E2B1ED6684D00531ED3 /* Release */,
			);
			defaultConfigurationIsVisible = 0;
			defaultConfigurationName = Release;
		};
		37C69E2C1ED6684D00531ED3 /* Build configuration list for PBXNativeTarget "CCLocalLibrary" */ = {
			isa = XCConfigurationList;
			buildConfigurations = (
				37C69E2D1ED6684D00531ED3 /* Debug */,
				37C69E2E1ED6684D00531ED3 /* Release */,
			);
			defaultConfigurationIsVisible = 0;
			defaultConfigurationName = Release;
		};
/* End XCConfigurationList section */
	};
	rootObject = 37C69E0D1ED6684D00531ED3 /* Project object */;
}
